{
  "version": 4,
  "terraform_version": "1.7.0",
  "serial": 19,
  "lineage": "d092cbff-1fed-aabc-6b06-6f68b9dccbb7",
  "outputs": {
    "alb_dns_name": {
      "value": "DNS name of the Applicaton Load Balancer front-end-lb-1284237388.us-east-2.elb.amazonaws.com",
      "type": "string"
    }
  },
  "resources": [
    {
      "mode": "data",
      "type": "aws_ami",
      "name": "amazon_linux_2023",
      "provider": "provider[\"registry.opentofu.org/hashicorp/aws\"]",
      "instances": [
        {
          "schema_version": 0,
          "attributes": {
            "architecture": "x86_64",
            "arn": "arn:aws:ec2:us-east-2::image/ami-0c20d88b0021158c6",
            "block_device_mappings": [
              {
                "device_name": "/dev/xvda",
                "ebs": {
                  "delete_on_termination": "true",
                  "encrypted": "false",
                  "iops": "3000",
                  "snapshot_id": "snap-0eace5e2d9c74346a",
                  "throughput": "125",
                  "volume_size": "8",
                  "volume_type": "gp3"
                },
                "no_device": "",
                "virtual_name": ""
              }
            ],
            "boot_mode": "uefi-preferred",
            "creation_date": "2024-02-06T17:40:22.000Z",
            "deprecation_time": "2024-05-06T17:40:00.000Z",
            "description": "Amazon Linux 2023 AMI 2023.3.20240205.2 x86_64 HVM kernel-6.1",
            "ena_support": true,
            "executable_users": null,
            "filter": [
              {
                "name": "name",
                "values": [
                  "al2023-ami-2023.3.20240205.2-kernel-6.1-x86_64"
                ]
              },
              {
                "name": "virtualization-type",
                "values": [
                  "hvm"
                ]
              }
            ],
            "hypervisor": "xen",
            "id": "ami-0c20d88b0021158c6",
            "image_id": "ami-0c20d88b0021158c6",
            "image_location": "amazon/al2023-ami-2023.3.20240205.2-kernel-6.1-x86_64",
            "image_owner_alias": "amazon",
            "image_type": "machine",
            "imds_support": "v2.0",
            "include_deprecated": false,
            "kernel_id": "",
            "most_recent": true,
            "name": "al2023-ami-2023.3.20240205.2-kernel-6.1-x86_64",
            "name_regex": null,
            "owner_id": "137112412989",
            "owners": [
              "amazon"
            ],
            "platform": "",
            "platform_details": "Linux/UNIX",
            "product_codes": [],
            "public": true,
            "ramdisk_id": "",
            "root_device_name": "/dev/xvda",
            "root_device_type": "ebs",
            "root_snapshot_id": "snap-0eace5e2d9c74346a",
            "sriov_net_support": "simple",
            "state": "available",
            "state_reason": {
              "code": "UNSET",
              "message": "UNSET"
            },
            "tags": {},
            "timeouts": null,
            "tpm_support": "",
            "usage_operation": "RunInstances",
            "virtualization_type": "hvm"
          },
          "sensitive_attributes": []
        }
      ]
    },
    {
      "mode": "data",
      "type": "template_file",
      "name": "userdata",
      "provider": "provider[\"registry.opentofu.org/hashicorp/template\"]",
      "instances": [
        {
          "schema_version": 0,
          "attributes": {
            "filename": null,
            "id": "679928d6bb395bf774126ac47744749c54f251cbe3283dfe3f28ee2a1e0e5038",
            "rendered": "#!/bin/bash\r\nsudo yum install nginx -y\r\nsudo systemctl enable nginx\r\nsudo systemctl start nginx\r\n",
            "template": "#!/bin/bash\r\nsudo yum install nginx -y\r\nsudo systemctl enable nginx\r\nsudo systemctl start nginx\r\n",
            "vars": null
          },
          "sensitive_attributes": []
        }
      ]
    },
    {
      "mode": "managed",
      "type": "aws_autoscaling_group",
      "name": "presentation_tier",
      "provider": "provider[\"registry.opentofu.org/hashicorp/aws\"]",
      "instances": [
        {
          "schema_version": 1,
          "attributes": {
            "arn": "arn:aws:autoscaling:us-east-2:498692135370:autoScalingGroup:86ba5d1b-1619-4bfe-a263-1a8077dd4cfc:autoScalingGroupName/ASG-Presentation-Tier",
            "availability_zones": [
              "us-east-2a",
              "us-east-2b"
            ],
            "capacity_rebalance": false,
            "context": "",
            "default_cooldown": 300,
            "default_instance_warmup": 0,
            "desired_capacity": 2,
            "desired_capacity_type": "",
            "enabled_metrics": [],
            "force_delete": false,
            "force_delete_warm_pool": false,
            "health_check_grace_period": 300,
            "health_check_type": "EC2",
            "id": "ASG-Presentation-Tier",
            "ignore_failed_scaling_activities": false,
            "initial_lifecycle_hook": [],
            "instance_maintenance_policy": [],
            "instance_refresh": [],
            "launch_configuration": "",
            "launch_template": [
              {
                "id": "lt-02eb0bf844ff6e352",
                "name": "presentation_tier",
                "version": "$Latest"
              }
            ],
            "load_balancers": [],
            "max_instance_lifetime": 0,
            "max_size": 4,
            "metrics_granularity": "1Minute",
            "min_elb_capacity": null,
            "min_size": 2,
            "mixed_instances_policy": [],
            "name": "ASG-Presentation-Tier",
            "name_prefix": "",
            "placement_group": "",
            "predicted_capacity": 0,
            "protect_from_scale_in": false,
            "service_linked_role_arn": "arn:aws:iam::498692135370:role/aws-service-role/autoscaling.amazonaws.com/AWSServiceRoleForAutoScaling",
            "suspended_processes": [],
            "tag": [
              {
                "key": "Name",
                "propagate_at_launch": true,
                "value": "presentation_app"
              }
            ],
            "target_group_arns": [
              "arn:aws:elasticloadbalancing:us-east-2:498692135370:targetgroup/front-end-lb-tg/c50627a37415ba81"
            ],
            "termination_policies": [],
            "timeouts": null,
            "traffic_source": [
              {
                "identifier": "arn:aws:elasticloadbalancing:us-east-2:498692135370:targetgroup/front-end-lb-tg/c50627a37415ba81",
                "type": "elbv2"
              }
            ],
            "vpc_zone_identifier": [
              "subnet-078fe9e9137a095d1",
              "subnet-0852e73abd89bf3cd"
            ],
            "wait_for_capacity_timeout": "10m",
            "wait_for_elb_capacity": null,
            "warm_pool": [],
            "warm_pool_size": 0
          },
          "sensitive_attributes": [],
          "private": "eyJlMmJmYjczMC1lY2FhLTExZTYtOGY4OC0zNDM2M2JjN2M0YzAiOnsiZGVsZXRlIjo2MDAwMDAwMDAwMDAsInVwZGF0ZSI6NjAwMDAwMDAwMDAwfSwic2NoZW1hX3ZlcnNpb24iOiIxIn0=",
          "dependencies": [
            "aws_launch_template.presentation_tier",
            "aws_lb.application_tier",
            "aws_lb_target_group.front_end",
            "aws_security_group.arch-sg",
            "aws_subnet.arch-pub-sub-1",
            "aws_subnet.arch-pub-sub-2",
            "aws_vpc.arch-vpc",
            "data.aws_ami.amazon_linux_2023",
            "data.template_file.userdata"
          ]
        }
      ]
    },
    {
      "mode": "managed",
      "type": "aws_db_subnet_group",
      "name": "app_db_subnet_group",
      "provider": "provider[\"registry.opentofu.org/hashicorp/aws\"]",
      "instances": [
        {
          "schema_version": 0,
          "attributes": {
            "arn": "arn:aws:rds:us-east-2:498692135370:subgrp:application-db-subnet-group",
            "description": "Managed by Terraform",
            "id": "application-db-subnet-group",
            "name": "application-db-subnet-group",
            "name_prefix": "",
            "subnet_ids": [
              "subnet-099b9492f5ce11a47",
              "subnet-0e01f2a94fefb1901"
            ],
            "supported_network_types": [
              "IPV4"
            ],
            "tags": {},
            "tags_all": {},
            "vpc_id": "vpc-0a5b41fc63ee4d7ff"
          },
          "sensitive_attributes": [],
          "private": "bnVsbA==",
          "dependencies": [
            "aws_subnet.arch-pri-sub-1",
            "aws_subnet.arch-pri-sub-2",
            "aws_vpc.arch-vpc"
          ]
        }
      ]
    },
    {
      "mode": "managed",
      "type": "aws_eip",
      "name": "nat_ip-1",
      "provider": "provider[\"registry.opentofu.org/hashicorp/aws\"]",
      "instances": [
        {
          "schema_version": 0,
          "attributes": {
            "address": null,
            "allocation_id": "eipalloc-094e373dc5f196b2b",
            "associate_with_private_ip": null,
            "association_id": "eipassoc-039f772e45e6103c8",
            "carrier_ip": "",
            "customer_owned_ip": "",
            "customer_owned_ipv4_pool": "",
            "domain": "vpc",
            "id": "eipalloc-094e373dc5f196b2b",
            "instance": "",
            "network_border_group": "us-east-2",
            "network_interface": "eni-06b5e4af3705c5fa1",
            "private_dns": "ip-69-69-1-29.us-east-2.compute.internal",
            "private_ip": "69.69.1.29",
            "public_dns": "ec2-3-18-179-52.us-east-2.compute.amazonaws.com",
            "public_ip": "3.18.179.52",
            "public_ipv4_pool": "amazon",
            "tags": {
              "Name": "nat_ip-1"
            },
            "tags_all": {
              "Name": "nat_ip-1"
            },
            "timeouts": null,
            "vpc": true
          },
          "sensitive_attributes": [],
          "private": "eyJlMmJmYjczMC1lY2FhLTExZTYtOGY4OC0zNDM2M2JjN2M0YzAiOnsiZGVsZXRlIjoxODAwMDAwMDAwMDAsInJlYWQiOjkwMDAwMDAwMDAwMCwidXBkYXRlIjozMDAwMDAwMDAwMDB9fQ==",
          "dependencies": [
            "aws_internet_gateway.arch-igw",
            "aws_vpc.arch-vpc"
          ]
        }
      ]
    },
    {
      "mode": "managed",
      "type": "aws_eip",
      "name": "nat_ip-2",
      "provider": "provider[\"registry.opentofu.org/hashicorp/aws\"]",
      "instances": [
        {
          "schema_version": 0,
          "attributes": {
            "address": null,
            "allocation_id": "eipalloc-05a0fa3a07152ffd8",
            "associate_with_private_ip": null,
            "association_id": "eipassoc-0972b9a0099271733",
            "carrier_ip": "",
            "customer_owned_ip": "",
            "customer_owned_ipv4_pool": "",
            "domain": "vpc",
            "id": "eipalloc-05a0fa3a07152ffd8",
            "instance": "",
            "network_border_group": "us-east-2",
            "network_interface": "eni-0c31d331dd4addbd6",
            "private_dns": "ip-69-69-2-88.us-east-2.compute.internal",
            "private_ip": "69.69.2.88",
            "public_dns": "ec2-3-143-49-246.us-east-2.compute.amazonaws.com",
            "public_ip": "3.143.49.246",
            "public_ipv4_pool": "amazon",
            "tags": {
              "Name": "nat_ip-2"
            },
            "tags_all": {
              "Name": "nat_ip-2"
            },
            "timeouts": null,
            "vpc": true
          },
          "sensitive_attributes": [],
          "private": "eyJlMmJmYjczMC1lY2FhLTExZTYtOGY4OC0zNDM2M2JjN2M0YzAiOnsiZGVsZXRlIjoxODAwMDAwMDAwMDAsInJlYWQiOjkwMDAwMDAwMDAwMCwidXBkYXRlIjozMDAwMDAwMDAwMDB9fQ==",
          "dependencies": [
            "aws_internet_gateway.arch-igw",
            "aws_vpc.arch-vpc"
          ]
        }
      ]
    },
    {
      "mode": "managed",
      "type": "aws_internet_gateway",
      "name": "arch-igw",
      "provider": "provider[\"registry.opentofu.org/hashicorp/aws\"]",
      "instances": [
        {
          "schema_version": 0,
          "attributes": {
            "arn": "arn:aws:ec2:us-east-2:498692135370:internet-gateway/igw-0ae46231d43ab39c7",
            "id": "igw-0ae46231d43ab39c7",
            "owner_id": "498692135370",
            "tags": {
              "Name": "dellhoak-igw"
            },
            "tags_all": {
              "Name": "dellhoak-igw"
            },
            "timeouts": null,
            "vpc_id": "vpc-0a5b41fc63ee4d7ff"
          },
          "sensitive_attributes": [],
          "private": "eyJlMmJmYjczMC1lY2FhLTExZTYtOGY4OC0zNDM2M2JjN2M0YzAiOnsiY3JlYXRlIjoxMjAwMDAwMDAwMDAwLCJkZWxldGUiOjEyMDAwMDAwMDAwMDAsInVwZGF0ZSI6MTIwMDAwMDAwMDAwMH19",
          "dependencies": [
            "aws_vpc.arch-vpc"
          ]
        }
      ]
    },
    {
      "mode": "managed",
      "type": "aws_key_pair",
      "name": "terra-keypair",
      "provider": "provider[\"registry.opentofu.org/hashicorp/aws\"]",
      "instances": [
        {
          "schema_version": 1,
          "attributes": {
            "arn": "arn:aws:ec2:us-east-2:498692135370:key-pair/terra-keypair",
            "fingerprint": "8b:00:5a:5d:c2:61:e8:bf:df:39:bc:08:d8:1b:c7:9e",
            "id": "terra-keypair",
            "key_name": "terra-keypair",
            "key_name_prefix": "",
            "key_pair_id": "key-02aa205701536b58f",
            "key_type": "rsa",
            "public_key": "ssh-rsa AAAAB3NzaC1yc2EAAAADAQABAAACAQCvwVUCJjxNR9aJVJvYDIqg84z9D/Fw4fI73IYRhdh3KmP5PY1k0Hn2Ft1wNv0ipoCDqBtKJbFcnb/o7B8cPIC4WDhSBveKLpE7fuBcnUxYSY/rxCQawfepaNw+zGOzZXg5dfyZjLuSdo9TiRA6X1prU0UPOZ1T0gRaeHIwV+8J8PQfXUCsQNB32o4eYA+Zb50CaqISGuXUXn2zWZ+YQJ38m4h6RMk/AZbvuaRvpax0kVFUf9Sw74fnxbyVO6xiua1c94tpyjffMvNNV27Af4rwDWc6cA6e+uhAkAm7Xbsuaw8R9ipvFMJR8G3qGmKs3oqdHlRrn+IuWpBAz3EvA0vFmE3mBdW0G9DIQMetSzqHOjGUjpXMPfwg9+6rctSjA7s7Zf+VwNSM/njBdi3jFyrI4oFzal8in9n8ZM7YWkxdQYb3qtPYO50HjEU5sEWSma2uDCEnuQ7ye6ypChxxcgtOPn59s7N0EWV44a6W8xzk/bT4gtpH8VpEB7ght6cua+jxlumhAudvhD7qgVL256X9i2WVCUgC+1Wr2vPNArRSpRc21gWqu/dosL/nARo6vn2SqvuYaoBtcSg2aU4CPlp3ocn3bhcGcFJueCJzbOvFetCeG6bKr8kpLmSooQsNkFuEzx2sQFaFozocgzpCcpPqBpd78lsJjnX7PfYj7/TNGw==",
            "tags": {},
            "tags_all": {}
          },
          "sensitive_attributes": [],
          "private": "eyJzY2hlbWFfdmVyc2lvbiI6IjEifQ==",
          "dependencies": [
            "tls_private_key.pri-terra-key"
          ]
        }
      ]
    },
    {
      "mode": "managed",
      "type": "aws_launch_template",
      "name": "application_tier",
      "provider": "provider[\"registry.opentofu.org/hashicorp/aws\"]",
      "instances": [
        {
          "status": "tainted",
          "schema_version": 0,
          "attributes": {
            "arn": "arn:aws:ec2:us-east-2:498692135370:launch-template/lt-0b6fec3387076c581",
            "block_device_mappings": [
              {
                "device_name": "/dev/xvda",
                "ebs": [
                  {
                    "delete_on_termination": "",
                    "encrypted": "",
                    "iops": 0,
                    "kms_key_id": "",
                    "snapshot_id": "",
                    "throughput": 0,
                    "volume_size": 8,
                    "volume_type": ""
                  }
                ],
                "no_device": "",
                "virtual_name": ""
              }
            ],
            "capacity_reservation_specification": [],
            "cpu_options": [],
            "credit_specification": [],
            "default_version": 1,
            "description": "",
            "disable_api_stop": false,
            "disable_api_termination": false,
            "ebs_optimized": "",
            "elastic_gpu_specifications": [],
            "elastic_inference_accelerator": [],
            "enclave_options": [],
            "hibernation_options": [],
            "iam_instance_profile": [],
            "id": "lt-0b6fec3387076c581",
            "image_id": "ami-0c20d88b0021158c6",
            "instance_initiated_shutdown_behavior": "",
            "instance_market_options": [],
            "instance_requirements": [],
            "instance_type": "t2.micro",
            "kernel_id": "",
            "key_name": "terra-keypair",
            "latest_version": 1,
            "license_specification": [],
            "maintenance_options": [],
            "metadata_options": [],
            "monitoring": [],
            "name": "application_tier",
            "name_prefix": "",
            "network_interfaces": [
              {
                "associate_carrier_ip_address": "",
                "associate_public_ip_address": "false",
                "delete_on_termination": "",
                "description": "",
                "device_index": 0,
                "interface_type": "",
                "ipv4_address_count": 0,
                "ipv4_addresses": null,
                "ipv4_prefix_count": 0,
                "ipv4_prefixes": null,
                "ipv6_address_count": 0,
                "ipv6_addresses": null,
                "ipv6_prefix_count": 0,
                "ipv6_prefixes": null,
                "network_card_index": 0,
                "network_interface_id": "",
                "private_ip_address": "",
                "security_groups": [
                  "sg-0e0748e6f714d0374"
                ],
                "subnet_id": ""
              }
            ],
            "placement": [],
            "private_dns_name_options": [],
            "ram_disk_id": "",
            "security_group_names": null,
            "tag_specifications": [],
            "tags": null,
            "tags_all": {},
            "update_default_version": null,
            "user_data": "",
            "vpc_security_group_ids": null
          },
          "sensitive_attributes": [],
          "private": "bnVsbA==",
          "dependencies": [
            "aws_eip.nat_ip-1",
            "aws_eip.nat_ip-2",
            "aws_internet_gateway.arch-igw",
            "aws_nat_gateway.nat-gw-1",
            "aws_nat_gateway.nat-gw-2",
            "aws_security_group.arch-sg",
            "aws_subnet.arch-pub-sub-1",
            "aws_subnet.arch-pub-sub-2",
            "aws_vpc.arch-vpc",
            "data.aws_ami.amazon_linux_2023"
          ]
        }
      ]
    },
    {
      "mode": "managed",
      "type": "aws_launch_template",
      "name": "presentation_tier",
      "provider": "provider[\"registry.opentofu.org/hashicorp/aws\"]",
      "instances": [
        {
          "schema_version": 0,
          "attributes": {
            "arn": "arn:aws:ec2:us-east-2:498692135370:launch-template/lt-02eb0bf844ff6e352",
            "block_device_mappings": [
              {
                "device_name": "/dev/xvda",
                "ebs": [
                  {
                    "delete_on_termination": "",
                    "encrypted": "",
                    "iops": 0,
                    "kms_key_id": "",
                    "snapshot_id": "",
                    "throughput": 0,
                    "volume_size": 8,
                    "volume_type": ""
                  }
                ],
                "no_device": "",
                "virtual_name": ""
              }
            ],
            "capacity_reservation_specification": [],
            "cpu_options": [],
            "credit_specification": [],
            "default_version": 1,
            "description": "",
            "disable_api_stop": false,
            "disable_api_termination": false,
            "ebs_optimized": "",
            "elastic_gpu_specifications": [],
            "elastic_inference_accelerator": [],
            "enclave_options": [],
            "hibernation_options": [],
            "iam_instance_profile": [],
            "id": "lt-02eb0bf844ff6e352",
            "image_id": "ami-0c20d88b0021158c6",
            "instance_initiated_shutdown_behavior": "",
            "instance_market_options": [],
            "instance_requirements": [],
            "instance_type": "t2.micro",
            "kernel_id": "",
            "key_name": "terra-keypair",
            "latest_version": 1,
            "license_specification": [],
            "maintenance_options": [],
            "metadata_options": [],
            "monitoring": [],
            "name": "presentation_tier",
            "name_prefix": "",
            "network_interfaces": [
              {
                "associate_carrier_ip_address": "",
                "associate_public_ip_address": "true",
                "delete_on_termination": "",
                "description": "",
                "device_index": 0,
                "interface_type": "",
                "ipv4_address_count": 0,
                "ipv4_addresses": [],
                "ipv4_prefix_count": 0,
                "ipv4_prefixes": [],
                "ipv6_address_count": 0,
                "ipv6_addresses": [],
                "ipv6_prefix_count": 0,
                "ipv6_prefixes": [],
                "network_card_index": 0,
                "network_interface_id": "",
                "private_ip_address": "",
                "security_groups": [
                  "sg-0e0748e6f714d0374"
                ],
                "subnet_id": ""
              }
            ],
            "placement": [],
            "private_dns_name_options": [],
            "ram_disk_id": "",
            "security_group_names": [],
            "tag_specifications": [],
            "tags": {},
            "tags_all": {},
            "update_default_version": null,
            "user_data": "IyEvYmluL2Jhc2gNCnN1ZG8geXVtIGluc3RhbGwgbmdpbnggLXkNCnN1ZG8gc3lzdGVtY3RsIGVuYWJsZSBuZ2lueA0Kc3VkbyBzeXN0ZW1jdGwgc3RhcnQgbmdpbngNCg==",
            "vpc_security_group_ids": []
          },
          "sensitive_attributes": [],
          "private": "bnVsbA==",
          "dependencies": [
            "aws_lb.application_tier",
            "aws_security_group.arch-sg",
            "aws_subnet.arch-pub-sub-1",
            "aws_subnet.arch-pub-sub-2",
            "aws_vpc.arch-vpc",
            "data.aws_ami.amazon_linux_2023",
            "data.template_file.userdata"
          ]
        }
      ]
    },
    {
      "mode": "managed",
      "type": "aws_lb",
      "name": "application_tier",
      "provider": "provider[\"registry.opentofu.org/hashicorp/aws\"]",
      "instances": [
        {
          "schema_version": 0,
          "attributes": {
            "access_logs": [
              {
                "bucket": "",
                "enabled": false,
                "prefix": ""
              }
            ],
            "arn": "arn:aws:elasticloadbalancing:us-east-2:498692135370:loadbalancer/app/application-tier-lb/335ce836241925bb",
            "arn_suffix": "app/application-tier-lb/335ce836241925bb",
            "connection_logs": [
              {
                "bucket": "",
                "enabled": false,
                "prefix": ""
              }
            ],
            "customer_owned_ipv4_pool": "",
            "desync_mitigation_mode": "defensive",
            "dns_name": "internal-application-tier-lb-883961707.us-east-2.elb.amazonaws.com",
            "dns_record_client_routing_policy": null,
            "drop_invalid_header_fields": false,
            "enable_cross_zone_load_balancing": true,
            "enable_deletion_protection": false,
            "enable_http2": true,
            "enable_tls_version_and_cipher_suite_headers": false,
            "enable_waf_fail_open": false,
            "enable_xff_client_port": false,
            "enforce_security_group_inbound_rules_on_private_link_traffic": "",
            "id": "arn:aws:elasticloadbalancing:us-east-2:498692135370:loadbalancer/app/application-tier-lb/335ce836241925bb",
            "idle_timeout": 60,
            "internal": true,
            "ip_address_type": "ipv4",
            "load_balancer_type": "application",
            "name": "application-tier-lb",
            "name_prefix": "",
            "preserve_host_header": false,
            "security_groups": [
              "sg-0e0748e6f714d0374"
            ],
            "subnet_mapping": [
              {
                "allocation_id": "",
                "ipv6_address": "",
                "outpost_id": "",
                "private_ipv4_address": "",
                "subnet_id": "subnet-078fe9e9137a095d1"
              },
              {
                "allocation_id": "",
                "ipv6_address": "",
                "outpost_id": "",
                "private_ipv4_address": "",
                "subnet_id": "subnet-0852e73abd89bf3cd"
              }
            ],
            "subnets": [
              "subnet-078fe9e9137a095d1",
              "subnet-0852e73abd89bf3cd"
            ],
            "tags": {},
            "tags_all": {},
            "timeouts": null,
            "vpc_id": "vpc-0a5b41fc63ee4d7ff",
            "xff_header_processing_mode": "append",
            "zone_id": "Z3AADJGX6KTTL2"
          },
          "sensitive_attributes": [],
          "private": "eyJlMmJmYjczMC1lY2FhLTExZTYtOGY4OC0zNDM2M2JjN2M0YzAiOnsiY3JlYXRlIjo2MDAwMDAwMDAwMDAsImRlbGV0ZSI6NjAwMDAwMDAwMDAwLCJ1cGRhdGUiOjYwMDAwMDAwMDAwMH19",
          "dependencies": [
            "aws_security_group.arch-sg",
            "aws_subnet.arch-pub-sub-1",
            "aws_subnet.arch-pub-sub-2",
            "aws_vpc.arch-vpc"
          ]
        }
      ]
    },
    {
      "mode": "managed",
      "type": "aws_lb",
      "name": "front_end",
      "provider": "provider[\"registry.opentofu.org/hashicorp/aws\"]",
      "instances": [
        {
          "schema_version": 0,
          "attributes": {
            "access_logs": [
              {
                "bucket": "",
                "enabled": false,
                "prefix": ""
              }
            ],
            "arn": "arn:aws:elasticloadbalancing:us-east-2:498692135370:loadbalancer/app/front-end-lb/e3d3c76ce16bd4b8",
            "arn_suffix": "app/front-end-lb/e3d3c76ce16bd4b8",
            "connection_logs": [
              {
                "bucket": "",
                "enabled": false,
                "prefix": ""
              }
            ],
            "customer_owned_ipv4_pool": "",
            "desync_mitigation_mode": "defensive",
            "dns_name": "front-end-lb-1284237388.us-east-2.elb.amazonaws.com",
            "dns_record_client_routing_policy": null,
            "drop_invalid_header_fields": false,
            "enable_cross_zone_load_balancing": true,
            "enable_deletion_protection": false,
            "enable_http2": true,
            "enable_tls_version_and_cipher_suite_headers": false,
            "enable_waf_fail_open": false,
            "enable_xff_client_port": false,
            "enforce_security_group_inbound_rules_on_private_link_traffic": "",
            "id": "arn:aws:elasticloadbalancing:us-east-2:498692135370:loadbalancer/app/front-end-lb/e3d3c76ce16bd4b8",
            "idle_timeout": 60,
            "internal": false,
            "ip_address_type": "ipv4",
            "load_balancer_type": "application",
            "name": "front-end-lb",
            "name_prefix": "",
            "preserve_host_header": false,
            "security_groups": [
              "sg-0e0748e6f714d0374"
            ],
            "subnet_mapping": [
              {
                "allocation_id": "",
                "ipv6_address": "",
                "outpost_id": "",
                "private_ipv4_address": "",
                "subnet_id": "subnet-078fe9e9137a095d1"
              },
              {
                "allocation_id": "",
                "ipv6_address": "",
                "outpost_id": "",
                "private_ipv4_address": "",
                "subnet_id": "subnet-0852e73abd89bf3cd"
              }
            ],
            "subnets": [
              "subnet-078fe9e9137a095d1",
              "subnet-0852e73abd89bf3cd"
            ],
            "tags": {},
            "tags_all": {},
            "timeouts": null,
            "vpc_id": "vpc-0a5b41fc63ee4d7ff",
            "xff_header_processing_mode": "append",
            "zone_id": "Z3AADJGX6KTTL2"
          },
          "sensitive_attributes": [],
          "private": "eyJlMmJmYjczMC1lY2FhLTExZTYtOGY4OC0zNDM2M2JjN2M0YzAiOnsiY3JlYXRlIjo2MDAwMDAwMDAwMDAsImRlbGV0ZSI6NjAwMDAwMDAwMDAwLCJ1cGRhdGUiOjYwMDAwMDAwMDAwMH19",
          "dependencies": [
            "aws_security_group.arch-sg",
            "aws_subnet.arch-pub-sub-1",
            "aws_subnet.arch-pub-sub-2",
            "aws_vpc.arch-vpc"
          ]
        }
      ]
    },
    {
      "mode": "managed",
      "type": "aws_lb_listener",
      "name": "application_tier",
      "provider": "provider[\"registry.opentofu.org/hashicorp/aws\"]",
      "instances": [
        {
          "schema_version": 0,
          "attributes": {
            "alpn_policy": null,
            "arn": "arn:aws:elasticloadbalancing:us-east-2:498692135370:listener/app/application-tier-lb/335ce836241925bb/09ba8f86e9399dc2",
            "certificate_arn": null,
            "default_action": [
              {
                "authenticate_cognito": [],
                "authenticate_oidc": [],
                "fixed_response": [],
                "forward": [],
                "order": 1,
                "redirect": [],
                "target_group_arn": "arn:aws:elasticloadbalancing:us-east-2:498692135370:targetgroup/application-tier-lb-tg/16f66a1848842493",
                "type": "forward"
              }
            ],
            "id": "arn:aws:elasticloadbalancing:us-east-2:498692135370:listener/app/application-tier-lb/335ce836241925bb/09ba8f86e9399dc2",
            "load_balancer_arn": "arn:aws:elasticloadbalancing:us-east-2:498692135370:loadbalancer/app/application-tier-lb/335ce836241925bb",
            "mutual_authentication": [],
            "port": 80,
            "protocol": "HTTP",
            "ssl_policy": "",
            "tags": {},
            "tags_all": {},
            "timeouts": null
          },
          "sensitive_attributes": [],
          "private": "eyJlMmJmYjczMC1lY2FhLTExZTYtOGY4OC0zNDM2M2JjN2M0YzAiOnsiY3JlYXRlIjozMDAwMDAwMDAwMDAsInVwZGF0ZSI6MzAwMDAwMDAwMDAwfX0=",
          "dependencies": [
            "aws_lb.application_tier",
            "aws_lb_target_group.application_tier",
            "aws_security_group.arch-sg",
            "aws_subnet.arch-pub-sub-1",
            "aws_subnet.arch-pub-sub-2",
            "aws_vpc.arch-vpc"
          ]
        }
      ]
    },
    {
      "mode": "managed",
      "type": "aws_lb_listener",
      "name": "front_end",
      "provider": "provider[\"registry.opentofu.org/hashicorp/aws\"]",
      "instances": [
        {
          "schema_version": 0,
          "attributes": {
            "alpn_policy": null,
            "arn": "arn:aws:elasticloadbalancing:us-east-2:498692135370:listener/app/front-end-lb/e3d3c76ce16bd4b8/62a80d5c8c4b43f9",
            "certificate_arn": null,
            "default_action": [
              {
                "authenticate_cognito": [],
                "authenticate_oidc": [],
                "fixed_response": [],
                "forward": [],
                "order": 1,
                "redirect": [],
                "target_group_arn": "arn:aws:elasticloadbalancing:us-east-2:498692135370:targetgroup/front-end-lb-tg/c50627a37415ba81",
                "type": "forward"
              }
            ],
            "id": "arn:aws:elasticloadbalancing:us-east-2:498692135370:listener/app/front-end-lb/e3d3c76ce16bd4b8/62a80d5c8c4b43f9",
            "load_balancer_arn": "arn:aws:elasticloadbalancing:us-east-2:498692135370:loadbalancer/app/front-end-lb/e3d3c76ce16bd4b8",
            "mutual_authentication": [],
            "port": 80,
            "protocol": "HTTP",
            "ssl_policy": "",
            "tags": {},
            "tags_all": {},
            "timeouts": null
          },
          "sensitive_attributes": [],
          "private": "eyJlMmJmYjczMC1lY2FhLTExZTYtOGY4OC0zNDM2M2JjN2M0YzAiOnsiY3JlYXRlIjozMDAwMDAwMDAwMDAsInVwZGF0ZSI6MzAwMDAwMDAwMDAwfX0=",
          "dependencies": [
            "aws_lb.front_end",
            "aws_lb_target_group.front_end",
            "aws_security_group.arch-sg",
            "aws_subnet.arch-pub-sub-1",
            "aws_subnet.arch-pub-sub-2",
            "aws_vpc.arch-vpc"
          ]
        }
      ]
    },
    {
      "mode": "managed",
      "type": "aws_lb_target_group",
      "name": "application_tier",
      "provider": "provider[\"registry.opentofu.org/hashicorp/aws\"]",
      "instances": [
        {
          "schema_version": 0,
          "attributes": {
            "arn": "arn:aws:elasticloadbalancing:us-east-2:498692135370:targetgroup/application-tier-lb-tg/16f66a1848842493",
            "arn_suffix": "targetgroup/application-tier-lb-tg/16f66a1848842493",
            "connection_termination": null,
            "deregistration_delay": "300",
            "health_check": [
              {
                "enabled": true,
                "healthy_threshold": 5,
                "interval": 30,
                "matcher": "200",
                "path": "/",
                "port": "traffic-port",
                "protocol": "HTTP",
                "timeout": 5,
                "unhealthy_threshold": 2
              }
            ],
            "id": "arn:aws:elasticloadbalancing:us-east-2:498692135370:targetgroup/application-tier-lb-tg/16f66a1848842493",
            "ip_address_type": "ipv4",
            "lambda_multi_value_headers_enabled": false,
            "load_balancing_algorithm_type": "round_robin",
            "load_balancing_anomaly_mitigation": "off",
            "load_balancing_cross_zone_enabled": "use_load_balancer_configuration",
            "name": "application-tier-lb-tg",
            "name_prefix": "",
            "port": 80,
            "preserve_client_ip": null,
            "protocol": "HTTP",
            "protocol_version": "HTTP1",
            "proxy_protocol_v2": false,
            "slow_start": 0,
            "stickiness": [
              {
                "cookie_duration": 86400,
                "cookie_name": "",
                "enabled": false,
                "type": "lb_cookie"
              }
            ],
            "tags": {},
            "tags_all": {},
            "target_failover": [
              {
                "on_deregistration": null,
                "on_unhealthy": null
              }
            ],
            "target_health_state": [
              {
                "enable_unhealthy_connection_termination": null
              }
            ],
            "target_type": "instance",
            "vpc_id": "vpc-0a5b41fc63ee4d7ff"
          },
          "sensitive_attributes": [],
          "private": "bnVsbA==",
          "dependencies": [
            "aws_vpc.arch-vpc"
          ]
        }
      ]
    },
    {
      "mode": "managed",
      "type": "aws_lb_target_group",
      "name": "front_end",
      "provider": "provider[\"registry.opentofu.org/hashicorp/aws\"]",
      "instances": [
        {
          "schema_version": 0,
          "attributes": {
            "arn": "arn:aws:elasticloadbalancing:us-east-2:498692135370:targetgroup/front-end-lb-tg/c50627a37415ba81",
            "arn_suffix": "targetgroup/front-end-lb-tg/c50627a37415ba81",
            "connection_termination": null,
            "deregistration_delay": "300",
            "health_check": [
              {
                "enabled": true,
                "healthy_threshold": 5,
                "interval": 30,
                "matcher": "200",
                "path": "/",
                "port": "traffic-port",
                "protocol": "HTTP",
                "timeout": 5,
                "unhealthy_threshold": 2
              }
            ],
            "id": "arn:aws:elasticloadbalancing:us-east-2:498692135370:targetgroup/front-end-lb-tg/c50627a37415ba81",
            "ip_address_type": "ipv4",
            "lambda_multi_value_headers_enabled": false,
            "load_balancing_algorithm_type": "round_robin",
            "load_balancing_anomaly_mitigation": "off",
            "load_balancing_cross_zone_enabled": "use_load_balancer_configuration",
            "name": "front-end-lb-tg",
            "name_prefix": "",
            "port": 80,
            "preserve_client_ip": null,
            "protocol": "HTTP",
            "protocol_version": "HTTP1",
            "proxy_protocol_v2": false,
            "slow_start": 0,
            "stickiness": [
              {
                "cookie_duration": 86400,
                "cookie_name": "",
                "enabled": false,
                "type": "lb_cookie"
              }
            ],
            "tags": {},
            "tags_all": {},
            "target_failover": [
              {
                "on_deregistration": null,
                "on_unhealthy": null
              }
            ],
            "target_health_state": [
              {
                "enable_unhealthy_connection_termination": null
              }
            ],
            "target_type": "instance",
            "vpc_id": "vpc-0a5b41fc63ee4d7ff"
          },
          "sensitive_attributes": [],
          "private": "bnVsbA==",
          "dependencies": [
            "aws_vpc.arch-vpc"
          ]
        }
      ]
    },
    {
      "mode": "managed",
      "type": "aws_nat_gateway",
      "name": "nat-gw-1",
      "provider": "provider[\"registry.opentofu.org/hashicorp/aws\"]",
      "instances": [
        {
          "schema_version": 0,
          "attributes": {
            "allocation_id": "eipalloc-094e373dc5f196b2b",
            "association_id": "eipassoc-039f772e45e6103c8",
            "connectivity_type": "public",
            "id": "nat-0e1ffd5b59125c028",
            "network_interface_id": "eni-06b5e4af3705c5fa1",
            "private_ip": "69.69.1.29",
            "public_ip": "3.18.179.52",
            "secondary_allocation_ids": [],
            "secondary_private_ip_address_count": 0,
            "secondary_private_ip_addresses": [],
            "subnet_id": "subnet-0852e73abd89bf3cd",
            "tags": {
              "Name": "dellhoak-nat-gw-1"
            },
            "tags_all": {
              "Name": "dellhoak-nat-gw-1"
            },
            "timeouts": null
          },
          "sensitive_attributes": [],
          "private": "eyJlMmJmYjczMC1lY2FhLTExZTYtOGY4OC0zNDM2M2JjN2M0YzAiOnsiY3JlYXRlIjo2MDAwMDAwMDAwMDAsImRlbGV0ZSI6MTgwMDAwMDAwMDAwMCwidXBkYXRlIjo2MDAwMDAwMDAwMDB9fQ==",
          "dependencies": [
            "aws_eip.nat_ip-1",
            "aws_internet_gateway.arch-igw",
            "aws_subnet.arch-pub-sub-1",
            "aws_vpc.arch-vpc"
          ]
        }
      ]
    },
    {
      "mode": "managed",
      "type": "aws_nat_gateway",
      "name": "nat-gw-2",
      "provider": "provider[\"registry.opentofu.org/hashicorp/aws\"]",
      "instances": [
        {
          "schema_version": 0,
          "attributes": {
            "allocation_id": "eipalloc-05a0fa3a07152ffd8",
            "association_id": "eipassoc-0972b9a0099271733",
            "connectivity_type": "public",
            "id": "nat-0e3ca575b5067d208",
            "network_interface_id": "eni-0c31d331dd4addbd6",
            "private_ip": "69.69.2.88",
            "public_ip": "3.143.49.246",
            "secondary_allocation_ids": [],
            "secondary_private_ip_address_count": 0,
            "secondary_private_ip_addresses": [],
            "subnet_id": "subnet-078fe9e9137a095d1",
            "tags": {
              "Name": "dellhoak-nat-gw-2"
            },
            "tags_all": {
              "Name": "dellhoak-nat-gw-2"
            },
            "timeouts": null
          },
          "sensitive_attributes": [],
          "private": "eyJlMmJmYjczMC1lY2FhLTExZTYtOGY4OC0zNDM2M2JjN2M0YzAiOnsiY3JlYXRlIjo2MDAwMDAwMDAwMDAsImRlbGV0ZSI6MTgwMDAwMDAwMDAwMCwidXBkYXRlIjo2MDAwMDAwMDAwMDB9fQ==",
          "dependencies": [
            "aws_eip.nat_ip-2",
            "aws_internet_gateway.arch-igw",
            "aws_subnet.arch-pub-sub-2",
            "aws_vpc.arch-vpc"
          ]
        }
      ]
    },
    {
      "mode": "managed",
      "type": "aws_route_table",
      "name": "private_route-1",
      "provider": "provider[\"registry.opentofu.org/hashicorp/aws\"]",
      "instances": [
        {
          "schema_version": 0,
          "attributes": {
            "arn": "arn:aws:ec2:us-east-2:498692135370:route-table/rtb-027a56def2c800ff7",
            "id": "rtb-027a56def2c800ff7",
            "owner_id": "498692135370",
            "propagating_vgws": [],
            "route": [
              {
                "carrier_gateway_id": "",
                "cidr_block": "0.0.0.0/0",
                "core_network_arn": "",
                "destination_prefix_list_id": "",
                "egress_only_gateway_id": "",
                "gateway_id": "",
                "ipv6_cidr_block": "",
                "local_gateway_id": "",
                "nat_gateway_id": "nat-0e1ffd5b59125c028",
                "network_interface_id": "",
                "transit_gateway_id": "",
                "vpc_endpoint_id": "",
                "vpc_peering_connection_id": ""
              }
            ],
            "tags": {
              "Name": "dellhoak-CRT-1"
            },
            "tags_all": {
              "Name": "dellhoak-CRT-1"
            },
            "timeouts": null,
            "vpc_id": "vpc-0a5b41fc63ee4d7ff"
          },
          "sensitive_attributes": [],
          "private": "eyJlMmJmYjczMC1lY2FhLTExZTYtOGY4OC0zNDM2M2JjN2M0YzAiOnsiY3JlYXRlIjozMDAwMDAwMDAwMDAsImRlbGV0ZSI6MzAwMDAwMDAwMDAwLCJ1cGRhdGUiOjEyMDAwMDAwMDAwMH19",
          "dependencies": [
            "aws_eip.nat_ip-1",
            "aws_internet_gateway.arch-igw",
            "aws_nat_gateway.nat-gw-1",
            "aws_subnet.arch-pub-sub-1",
            "aws_vpc.arch-vpc"
          ]
        }
      ]
    },
    {
      "mode": "managed",
      "type": "aws_route_table",
      "name": "private_route-2",
      "provider": "provider[\"registry.opentofu.org/hashicorp/aws\"]",
      "instances": [
        {
          "schema_version": 0,
          "attributes": {
            "arn": "arn:aws:ec2:us-east-2:498692135370:route-table/rtb-03a7d73c3f7649ec3",
            "id": "rtb-03a7d73c3f7649ec3",
            "owner_id": "498692135370",
            "propagating_vgws": [],
            "route": [
              {
                "carrier_gateway_id": "",
                "cidr_block": "0.0.0.0/0",
                "core_network_arn": "",
                "destination_prefix_list_id": "",
                "egress_only_gateway_id": "",
                "gateway_id": "",
                "ipv6_cidr_block": "",
                "local_gateway_id": "",
                "nat_gateway_id": "nat-0e3ca575b5067d208",
                "network_interface_id": "",
                "transit_gateway_id": "",
                "vpc_endpoint_id": "",
                "vpc_peering_connection_id": ""
              }
            ],
            "tags": {
              "Name": "dellhoak-CRT-2"
            },
            "tags_all": {
              "Name": "dellhoak-CRT-2"
            },
            "timeouts": null,
            "vpc_id": "vpc-0a5b41fc63ee4d7ff"
          },
          "sensitive_attributes": [],
          "private": "eyJlMmJmYjczMC1lY2FhLTExZTYtOGY4OC0zNDM2M2JjN2M0YzAiOnsiY3JlYXRlIjozMDAwMDAwMDAwMDAsImRlbGV0ZSI6MzAwMDAwMDAwMDAwLCJ1cGRhdGUiOjEyMDAwMDAwMDAwMH19",
          "dependencies": [
            "aws_eip.nat_ip-2",
            "aws_internet_gateway.arch-igw",
            "aws_nat_gateway.nat-gw-2",
            "aws_subnet.arch-pub-sub-2",
            "aws_vpc.arch-vpc"
          ]
        }
      ]
    },
    {
      "mode": "managed",
      "type": "aws_route_table",
      "name": "public_route",
      "provider": "provider[\"registry.opentofu.org/hashicorp/aws\"]",
      "instances": [
        {
          "schema_version": 0,
          "attributes": {
            "arn": "arn:aws:ec2:us-east-2:498692135370:route-table/rtb-0c76dde73088562c8",
            "id": "rtb-0c76dde73088562c8",
            "owner_id": "498692135370",
            "propagating_vgws": [],
            "route": [
              {
                "carrier_gateway_id": "",
                "cidr_block": "0.0.0.0/0",
                "core_network_arn": "",
                "destination_prefix_list_id": "",
                "egress_only_gateway_id": "",
                "gateway_id": "igw-0ae46231d43ab39c7",
                "ipv6_cidr_block": "",
                "local_gateway_id": "",
                "nat_gateway_id": "",
                "network_interface_id": "",
                "transit_gateway_id": "",
                "vpc_endpoint_id": "",
                "vpc_peering_connection_id": ""
              }
            ],
            "tags": {
              "Name": "dellhoak-MRT"
            },
            "tags_all": {
              "Name": "dellhoak-MRT"
            },
            "timeouts": null,
            "vpc_id": "vpc-0a5b41fc63ee4d7ff"
          },
          "sensitive_attributes": [],
          "private": "eyJlMmJmYjczMC1lY2FhLTExZTYtOGY4OC0zNDM2M2JjN2M0YzAiOnsiY3JlYXRlIjozMDAwMDAwMDAwMDAsImRlbGV0ZSI6MzAwMDAwMDAwMDAwLCJ1cGRhdGUiOjEyMDAwMDAwMDAwMH19",
          "dependencies": [
            "aws_internet_gateway.arch-igw",
            "aws_vpc.arch-vpc"
          ]
        }
      ]
    },
    {
      "mode": "managed",
      "type": "aws_route_table_association",
      "name": "private-route-1",
      "provider": "provider[\"registry.opentofu.org/hashicorp/aws\"]",
      "instances": [
        {
          "schema_version": 0,
          "attributes": {
            "gateway_id": "",
            "id": "rtbassoc-0537a7f93a4560dba",
            "route_table_id": "rtb-027a56def2c800ff7",
            "subnet_id": "subnet-0e01f2a94fefb1901",
            "timeouts": null
          },
          "sensitive_attributes": [],
          "private": "eyJlMmJmYjczMC1lY2FhLTExZTYtOGY4OC0zNDM2M2JjN2M0YzAiOnsiY3JlYXRlIjozMDAwMDAwMDAwMDAsImRlbGV0ZSI6MzAwMDAwMDAwMDAwLCJ1cGRhdGUiOjEyMDAwMDAwMDAwMH19",
          "dependencies": [
            "aws_eip.nat_ip-1",
            "aws_internet_gateway.arch-igw",
            "aws_nat_gateway.nat-gw-1",
            "aws_route_table.private_route-1",
            "aws_subnet.arch-pri-sub-1",
            "aws_subnet.arch-pub-sub-1",
            "aws_vpc.arch-vpc"
          ]
        }
      ]
    },
    {
      "mode": "managed",
      "type": "aws_route_table_association",
      "name": "private-route-2",
      "provider": "provider[\"registry.opentofu.org/hashicorp/aws\"]",
      "instances": [
        {
          "schema_version": 0,
          "attributes": {
            "gateway_id": "",
            "id": "rtbassoc-04ba70819037519fc",
            "route_table_id": "rtb-03a7d73c3f7649ec3",
            "subnet_id": "subnet-099b9492f5ce11a47",
            "timeouts": null
          },
          "sensitive_attributes": [],
          "private": "eyJlMmJmYjczMC1lY2FhLTExZTYtOGY4OC0zNDM2M2JjN2M0YzAiOnsiY3JlYXRlIjozMDAwMDAwMDAwMDAsImRlbGV0ZSI6MzAwMDAwMDAwMDAwLCJ1cGRhdGUiOjEyMDAwMDAwMDAwMH19",
          "dependencies": [
            "aws_eip.nat_ip-2",
            "aws_internet_gateway.arch-igw",
            "aws_nat_gateway.nat-gw-2",
            "aws_route_table.private_route-2",
            "aws_subnet.arch-pri-sub-2",
            "aws_subnet.arch-pub-sub-2",
            "aws_vpc.arch-vpc"
          ]
        }
      ]
    },
    {
      "mode": "managed",
      "type": "aws_route_table_association",
      "name": "public_route_association-1",
      "provider": "provider[\"registry.opentofu.org/hashicorp/aws\"]",
      "instances": [
        {
          "schema_version": 0,
          "attributes": {
            "gateway_id": "",
            "id": "rtbassoc-0cd3d391ac4e35afc",
            "route_table_id": "rtb-0c76dde73088562c8",
            "subnet_id": "subnet-0852e73abd89bf3cd",
            "timeouts": null
          },
          "sensitive_attributes": [],
          "private": "eyJlMmJmYjczMC1lY2FhLTExZTYtOGY4OC0zNDM2M2JjN2M0YzAiOnsiY3JlYXRlIjozMDAwMDAwMDAwMDAsImRlbGV0ZSI6MzAwMDAwMDAwMDAwLCJ1cGRhdGUiOjEyMDAwMDAwMDAwMH19",
          "dependencies": [
            "aws_internet_gateway.arch-igw",
            "aws_route_table.public_route",
            "aws_subnet.arch-pub-sub-1",
            "aws_vpc.arch-vpc"
          ]
        }
      ]
    },
    {
      "mode": "managed",
      "type": "aws_route_table_association",
      "name": "public_route_association-2",
      "provider": "provider[\"registry.opentofu.org/hashicorp/aws\"]",
      "instances": [
        {
          "schema_version": 0,
          "attributes": {
            "gateway_id": "",
            "id": "rtbassoc-097e4a6fc99e2ddab",
            "route_table_id": "rtb-0c76dde73088562c8",
            "subnet_id": "subnet-078fe9e9137a095d1",
            "timeouts": null
          },
          "sensitive_attributes": [],
          "private": "eyJlMmJmYjczMC1lY2FhLTExZTYtOGY4OC0zNDM2M2JjN2M0YzAiOnsiY3JlYXRlIjozMDAwMDAwMDAwMDAsImRlbGV0ZSI6MzAwMDAwMDAwMDAwLCJ1cGRhdGUiOjEyMDAwMDAwMDAwMH19",
          "dependencies": [
            "aws_internet_gateway.arch-igw",
            "aws_route_table.public_route",
            "aws_subnet.arch-pub-sub-2",
            "aws_vpc.arch-vpc"
          ]
        }
      ]
    },
    {
      "mode": "managed",
      "type": "aws_security_group",
      "name": "arch-sg",
      "provider": "provider[\"registry.opentofu.org/hashicorp/aws\"]",
      "instances": [
        {
          "schema_version": 1,
          "attributes": {
            "arn": "arn:aws:ec2:us-east-2:498692135370:security-group/sg-0e0748e6f714d0374",
            "description": "Allow ALL inbound traffic",
            "egress": [
              {
                "cidr_blocks": [
                  "0.0.0.0/0"
                ],
                "description": "",
                "from_port": 0,
                "ipv6_cidr_blocks": [
                  "::/0"
                ],
                "prefix_list_ids": [],
                "protocol": "-1",
                "security_groups": [],
                "self": false,
                "to_port": 0
              }
            ],
            "id": "sg-0e0748e6f714d0374",
            "ingress": [
              {
                "cidr_blocks": [
                  "0.0.0.0/0"
                ],
                "description": "TLS from VPC",
                "from_port": 0,
                "ipv6_cidr_blocks": [
                  "::/0"
                ],
                "prefix_list_ids": [],
                "protocol": "-1",
                "security_groups": [],
                "self": false,
                "to_port": 0
              }
            ],
            "name": "arch-sg",
            "name_prefix": "",
            "owner_id": "498692135370",
            "revoke_rules_on_delete": false,
            "tags": {
              "Name": "dellhoak-sg"
            },
            "tags_all": {
              "Name": "dellhoak-sg"
            },
            "timeouts": null,
            "vpc_id": "vpc-0a5b41fc63ee4d7ff"
          },
          "sensitive_attributes": [],
          "private": "eyJlMmJmYjczMC1lY2FhLTExZTYtOGY4OC0zNDM2M2JjN2M0YzAiOnsiY3JlYXRlIjo2MDAwMDAwMDAwMDAsImRlbGV0ZSI6OTAwMDAwMDAwMDAwfSwic2NoZW1hX3ZlcnNpb24iOiIxIn0=",
          "dependencies": [
            "aws_vpc.arch-vpc"
          ]
        }
      ]
    },
    {
      "mode": "managed",
      "type": "aws_subnet",
      "name": "arch-pri-sub-1",
      "provider": "provider[\"registry.opentofu.org/hashicorp/aws\"]",
      "instances": [
        {
          "schema_version": 1,
          "attributes": {
            "arn": "arn:aws:ec2:us-east-2:498692135370:subnet/subnet-0e01f2a94fefb1901",
            "assign_ipv6_address_on_creation": false,
            "availability_zone": "us-east-2a",
            "availability_zone_id": "use2-az1",
            "cidr_block": "69.69.3.0/24",
            "customer_owned_ipv4_pool": "",
            "enable_dns64": false,
            "enable_lni_at_device_index": 0,
            "enable_resource_name_dns_a_record_on_launch": false,
            "enable_resource_name_dns_aaaa_record_on_launch": false,
            "id": "subnet-0e01f2a94fefb1901",
            "ipv6_cidr_block": "",
            "ipv6_cidr_block_association_id": "",
            "ipv6_native": false,
            "map_customer_owned_ip_on_launch": false,
            "map_public_ip_on_launch": true,
            "outpost_arn": "",
            "owner_id": "498692135370",
            "private_dns_hostname_type_on_launch": "ip-name",
            "tags": {
              "Name": "dellhoak-pri-sub-1"
            },
            "tags_all": {
              "Name": "dellhoak-pri-sub-1"
            },
            "timeouts": null,
            "vpc_id": "vpc-0a5b41fc63ee4d7ff"
          },
          "sensitive_attributes": [],
          "private": "eyJlMmJmYjczMC1lY2FhLTExZTYtOGY4OC0zNDM2M2JjN2M0YzAiOnsiY3JlYXRlIjo2MDAwMDAwMDAwMDAsImRlbGV0ZSI6MTIwMDAwMDAwMDAwMH0sInNjaGVtYV92ZXJzaW9uIjoiMSJ9",
          "dependencies": [
            "aws_vpc.arch-vpc"
          ]
        }
      ]
    },
    {
      "mode": "managed",
      "type": "aws_subnet",
      "name": "arch-pri-sub-2",
      "provider": "provider[\"registry.opentofu.org/hashicorp/aws\"]",
      "instances": [
        {
          "schema_version": 1,
          "attributes": {
            "arn": "arn:aws:ec2:us-east-2:498692135370:subnet/subnet-099b9492f5ce11a47",
            "assign_ipv6_address_on_creation": false,
            "availability_zone": "us-east-2b",
            "availability_zone_id": "use2-az2",
            "cidr_block": "69.69.4.0/24",
            "customer_owned_ipv4_pool": "",
            "enable_dns64": false,
            "enable_lni_at_device_index": 0,
            "enable_resource_name_dns_a_record_on_launch": false,
            "enable_resource_name_dns_aaaa_record_on_launch": false,
            "id": "subnet-099b9492f5ce11a47",
            "ipv6_cidr_block": "",
            "ipv6_cidr_block_association_id": "",
            "ipv6_native": false,
            "map_customer_owned_ip_on_launch": false,
            "map_public_ip_on_launch": true,
            "outpost_arn": "",
            "owner_id": "498692135370",
            "private_dns_hostname_type_on_launch": "ip-name",
            "tags": {
              "Name": "dellhoak-pri-sub-2"
            },
            "tags_all": {
              "Name": "dellhoak-pri-sub-2"
            },
            "timeouts": null,
            "vpc_id": "vpc-0a5b41fc63ee4d7ff"
          },
          "sensitive_attributes": [],
          "private": "eyJlMmJmYjczMC1lY2FhLTExZTYtOGY4OC0zNDM2M2JjN2M0YzAiOnsiY3JlYXRlIjo2MDAwMDAwMDAwMDAsImRlbGV0ZSI6MTIwMDAwMDAwMDAwMH0sInNjaGVtYV92ZXJzaW9uIjoiMSJ9",
          "dependencies": [
            "aws_vpc.arch-vpc"
          ]
        }
      ]
    },
    {
      "mode": "managed",
      "type": "aws_subnet",
      "name": "arch-pub-sub-1",
      "provider": "provider[\"registry.opentofu.org/hashicorp/aws\"]",
      "instances": [
        {
          "schema_version": 1,
          "attributes": {
            "arn": "arn:aws:ec2:us-east-2:498692135370:subnet/subnet-0852e73abd89bf3cd",
            "assign_ipv6_address_on_creation": false,
            "availability_zone": "us-east-2a",
            "availability_zone_id": "use2-az1",
            "cidr_block": "69.69.1.0/24",
            "customer_owned_ipv4_pool": "",
            "enable_dns64": false,
            "enable_lni_at_device_index": 0,
            "enable_resource_name_dns_a_record_on_launch": false,
            "enable_resource_name_dns_aaaa_record_on_launch": false,
            "id": "subnet-0852e73abd89bf3cd",
            "ipv6_cidr_block": "",
            "ipv6_cidr_block_association_id": "",
            "ipv6_native": false,
            "map_customer_owned_ip_on_launch": false,
            "map_public_ip_on_launch": true,
            "outpost_arn": "",
            "owner_id": "498692135370",
            "private_dns_hostname_type_on_launch": "ip-name",
            "tags": {
              "Name": "dellhoak-pub-sub-1"
            },
            "tags_all": {
              "Name": "dellhoak-pub-sub-1"
            },
            "timeouts": null,
            "vpc_id": "vpc-0a5b41fc63ee4d7ff"
          },
          "sensitive_attributes": [],
          "private": "eyJlMmJmYjczMC1lY2FhLTExZTYtOGY4OC0zNDM2M2JjN2M0YzAiOnsiY3JlYXRlIjo2MDAwMDAwMDAwMDAsImRlbGV0ZSI6MTIwMDAwMDAwMDAwMH0sInNjaGVtYV92ZXJzaW9uIjoiMSJ9",
          "dependencies": [
            "aws_vpc.arch-vpc"
          ]
        }
      ]
    },
    {
      "mode": "managed",
      "type": "aws_subnet",
      "name": "arch-pub-sub-2",
      "provider": "provider[\"registry.opentofu.org/hashicorp/aws\"]",
      "instances": [
        {
          "schema_version": 1,
          "attributes": {
            "arn": "arn:aws:ec2:us-east-2:498692135370:subnet/subnet-078fe9e9137a095d1",
            "assign_ipv6_address_on_creation": false,
            "availability_zone": "us-east-2b",
            "availability_zone_id": "use2-az2",
            "cidr_block": "69.69.2.0/24",
            "customer_owned_ipv4_pool": "",
            "enable_dns64": false,
            "enable_lni_at_device_index": 0,
            "enable_resource_name_dns_a_record_on_launch": false,
            "enable_resource_name_dns_aaaa_record_on_launch": false,
            "id": "subnet-078fe9e9137a095d1",
            "ipv6_cidr_block": "",
            "ipv6_cidr_block_association_id": "",
            "ipv6_native": false,
            "map_customer_owned_ip_on_launch": false,
            "map_public_ip_on_launch": true,
            "outpost_arn": "",
            "owner_id": "498692135370",
            "private_dns_hostname_type_on_launch": "ip-name",
            "tags": {
              "Name": "dellhoak-pub-sub-2"
            },
            "tags_all": {
              "Name": "dellhoak-pub-sub-2"
            },
            "timeouts": null,
            "vpc_id": "vpc-0a5b41fc63ee4d7ff"
          },
          "sensitive_attributes": [],
          "private": "eyJlMmJmYjczMC1lY2FhLTExZTYtOGY4OC0zNDM2M2JjN2M0YzAiOnsiY3JlYXRlIjo2MDAwMDAwMDAwMDAsImRlbGV0ZSI6MTIwMDAwMDAwMDAwMH0sInNjaGVtYV92ZXJzaW9uIjoiMSJ9",
          "dependencies": [
            "aws_vpc.arch-vpc"
          ]
        }
      ]
    },
    {
      "mode": "managed",
      "type": "aws_vpc",
      "name": "arch-vpc",
      "provider": "provider[\"registry.opentofu.org/hashicorp/aws\"]",
      "instances": [
        {
          "schema_version": 1,
          "attributes": {
            "arn": "arn:aws:ec2:us-east-2:498692135370:vpc/vpc-0a5b41fc63ee4d7ff",
            "assign_generated_ipv6_cidr_block": false,
            "cidr_block": "69.69.0.0/16",
            "default_network_acl_id": "acl-05042ffc779546a32",
            "default_route_table_id": "rtb-01a0c427b8966d227",
            "default_security_group_id": "sg-075cf336c73bc5e2b",
            "dhcp_options_id": "dopt-01e9e4b5c9482d1d7",
            "enable_dns_hostnames": false,
            "enable_dns_support": true,
            "enable_network_address_usage_metrics": false,
            "id": "vpc-0a5b41fc63ee4d7ff",
            "instance_tenancy": "default",
            "ipv4_ipam_pool_id": null,
            "ipv4_netmask_length": null,
            "ipv6_association_id": "",
            "ipv6_cidr_block": "",
            "ipv6_cidr_block_network_border_group": "",
            "ipv6_ipam_pool_id": "",
            "ipv6_netmask_length": 0,
            "main_route_table_id": "rtb-01a0c427b8966d227",
            "owner_id": "498692135370",
            "tags": {
              "Name": "dellhoak-vpc"
            },
            "tags_all": {
              "Name": "dellhoak-vpc"
            }
          },
          "sensitive_attributes": [],
          "private": "eyJzY2hlbWFfdmVyc2lvbiI6IjEifQ=="
        }
      ]
    },
    {
      "mode": "managed",
      "type": "local_file",
      "name": "private_key_pem",
      "provider": "provider[\"registry.opentofu.org/hashicorp/local\"]",
      "instances": [
        {
          "schema_version": 0,
          "attributes": {
            "content": "-----BEGIN RSA PRIVATE KEY-----\nMIIJKAIBAAKCAgEAr8FVAiY8TUfWiVSb2AyKoPOM/Q/xcOHyO9yGEYXYdypj+T2N\nZNB59hbdcDb9IqaAg6gbSiWxXJ2/6OwfHDyAuFg4Ugb3ii6RO37gXJ1MWEmP68Qk\nGsH3qWjcPsxjs2V4OXX8mYy7knaPU4kQOl9aa1NFDzmdU9IEWnhyMFfvCfD0H11A\nrEDQd9qOHmAPmW+dAmqiEhrl1F59s1mfmECd/JuIekTJPwGW77mkb6WsdJFRVH/U\nsO+H58W8lTusYrmtXPeLaco33zLzTVduwH+K8A1nOnAOnvroQJAJu127LmsPEfYq\nbxTCUfBt6hpirN6KnR5Ua5/iLlqQQM9xLwNLxZhN5gXVtBvQyEDHrUs6hzoxlI6V\nzD38IPfuq3LUowO7O2X/lcDUjP54wXYt4xcqyOKBc2pfIp/Z/GTO2FpMXUGG96rT\n2DudB4xFObBFkpmtrgwhJ7kO8nusqQoccXILTj5+fbOzdBFleOGulvMc5P20+ILa\nR/FaRAe4IbenLmvo8ZbpoQLnb4Q+6oFS9uel/YtllQlIAvtVq9rzzQK0UqUXNtYF\nqrv3aLC/5wEaOr59kqr7mGqAbXEoNmlOAj5ad6HJ924XBnBSbngic2zrxXrQnhum\nyq/JKS5kqKELDZBbhM8drEBWhaM6HIM6QnKT6gaXe/JbCY51+z32I+/0zRsCAwEA\nAQKCAgEAhMph3BnffdRFN8WBah8vrqPVZm5hUZSlXK0lbp/eCUsx9eKXrhAF1fU4\nocwqPb/nYZHl7IPGGd/mW6nrZ34fEyk0hGVXKkQ83uLhyZffUuVhpBSx4rWi1ZCw\nt5Hd0nFcAK4wiCNYpTSG3eq1JCVfP6/Ogc5aHDaVq3VNcVE+/hfbmsbuUjc2SxgK\nQND7eEZoLqc6hMtl0qsB9jxE5NgNhgpNd3P5SW1+COoOX3yhbAFPnbRnkreny2oP\nLgHEIWOApLkz0F5FEJKCWXEx8Kds5ip6UCDSKzQPvpgVgkczYcLpw/xl2z+oAhjS\nMwp0e4A44rVDu301eyhZzV3uekLXP9bVOdkkWaXMobD6PCrRhvCnRryjA0rPiGL4\n5E2Z8bOKAs+Dn/BAfqvebhkYWR4yJXZDRAKWsqEHhqAM0Oy31HAhHRmqbQebMfM3\nc/d6n19cwE+USk701RNMqiYat5/nMrtzSkD2qAvGZ/0hFNLuPkR7RWnMgcCB6391\n9IfcMFJKDOSDFtEoi3XnUD+wbzAMnZCUfXPfzowtLIAwRsdmeSS9PGNz92zhzoI6\niiFHjXrJbojXuPLDKBGMQdBYoqlzRNB7Ozc29084lVyo4Pks3BczJmTyg7lgi132\ng4IOGs3CCadTJNm0/d6Gd2g9n51DHx71IAWYXe0ujQww+kdtJSECggEBAOEnqJ3b\nyiWaTtfE2QwI93FQVZYeELfvOv7yYiUEWVnB3FbenijAXyEntjhnE57TGrAOitSi\nYZQlFsZkjIEjzVcSSGmgaNdKfEHqxjJh+04ZNNf0rlAV+sAiLMso8C5XLoe3MWEn\nyoURYn/or9tRsipVZKmeM993DHxk1vjoVApZHiFbjZfxyDKfJt2vrCp0XmKhThu4\nOEpZkKNWR4+pUjacqlFwxwGefMk49DrCGFz0YSgwucgLwb2IEO/G75oEJ+mRa/A1\nDJjLXR8o32YK+lp5VsgmNbPjf124VVa2U1B2Ij6W7lhjwq9z5HJzeAD8VRvuo8k7\nNjIdUnxFO/n2xs8CggEBAMfVMNIDSc2lrJsj5AqDLWCJcOnmWedbUl18DWFtcKi8\nGr6btPaQeP5mMIe3Xx9G2Tr8a4WyOLkuej/eSVE+j1ZGNbk7LR8/3KJB7bzjXpR0\n0FPk3qS41poswVhCXsbs6zF7+Nsc35KqI46/NoE55LPZSpK524uyD2WY4X6HotJB\nrgkWZzEkHmdDCzfuktks1hRi15rLBykI4hdu1K1Fm0SmrLFU6S7fsomSV1032+QN\n3uG+g6uYiUP4uRDqItLg1hR+4TgYtA4/eE7J5ucFaVmhBBLfO1C0hfvtJm6dyUOd\nNtbwMG2yvOU8ANsrDJBkNcw3kEhunp5FtGKnthlRJ/UCggEABQeVxLD8OwrPaBKF\nprcsj+Nzhf718KXvc3KGrr0CIfcqrOYcMlzZwyvX7jqfPZUJq5UnlMhr1ZtefuAQ\nI3JhS+ikpXdn4CdRz0cnVkjKDFyTyZ81paRYDaK1zXQEqYRZDb8R41G4PHC++oyA\nIS4aBMgTj5ZxIjTOmpjGFJlcBz8mZSheaV6FUlwryhf6iJhA44Mm84eR+lc12/A5\neQQXShEF3Pvf9jFMKFKVYhqj4K+02+j6vXVFxq4bcr/G6nHdUmJlPuBwf5lLYz7O\nfsEQBqVfQulXmcUjOzy660z3X3zEFxHYETFpT/IO0F+z9pGsdQtHrV8dPtFY3l3N\nkS/qEQKCAQAPuwmPzrB1ntAamlWuOitNSSR5VSfInZi7QTOwcrQGpGAalxlEu5S6\nugKh/F5hkOsyyIISUThD45O+CVqOKbWQ3hAGl9Dyf813fGchkmh0mUl5ATBBmUdT\ndah2sSrSz/2ntJGfdgNngTsxVn4M6CjHu5gyOq08rvSlU8aUdkrr8D2p+3h+FtDJ\n4i405fPrYqsriahdSBQ1N7zMiW32gd86JUC86Ok+Rl/AkqOL9AS8TBc6gAvPaz+K\n+T5gRX4eSZKwpFhIWTF7WaW31g72KqfjZVhzv9zkeoF9lmqLFKKuTubtPpUhXYuf\nI/0RQ69Ggoz1mX4jJYoY/XW4umkMTyYtAoIBAHJ4LZ9YKZ8H2d5zFzINgXadE2GY\nCuJCKXGCpu5l3+5UILRpDXEaN6rDRqDErxqa478eI1pprufGbKzAF+SsKpbHVFHL\nlnRBi0wN8tWTh18Uslz2+qQopSu9W43x4jwxI12KDDtJD7cRoHfOkm3vxKFezOOT\nE+Ei58iTVU01/KdtqR4X+WZm81fDWCihOsYUAUSNQ07VuryPgHo2dWwnoH/Q1Wnj\nz8Is/OxN2ByK6jBj+ANmSeJWJTZYglURKyF4b1xllVzqja++FqNmu3w70vLJF9Ml\ntAClOZCjd5B+q4mZvnwY7IGK/xaOQ2QmbYbSaArTwfYcLJNfRPrpeo+003o=\n-----END RSA PRIVATE KEY-----\n",
            "content_base64": null,
            "content_base64sha256": "7e2LB6hn7CVee3p8q19VxA+iEeXsT7iKfbhHTGm6BGw=",
            "content_base64sha512": "vkWAgsvmUUoE6SvvvSPMM5Y6/IhW8N0YCcBsDsRIJgFfdQyw5Dd/EcIKsee9xc2x5B9Ls3OcGOiwWYQfTsBK6Q==",
            "content_md5": "12d133eb5e99f10e98a7c6474b70cf09",
            "content_sha1": "f565c2005aa84352f7bb9f03765229ad90be7007",
            "content_sha256": "eded8b07a867ec255e7b7a7cab5f55c40fa211e5ec4fb88a7db8474c69ba046c",
            "content_sha512": "be458082cbe6514a04e92befbd23cc33963afc8856f0dd1809c06c0ec44826015f750cb0e4377f11c20ab1e7bdc5cdb1e41f4bb3739c18e8b059841f4ec04ae9",
            "directory_permission": "0777",
            "file_permission": "0777",
            "filename": "./terra-keypair.pem",
            "id": "f565c2005aa84352f7bb9f03765229ad90be7007",
            "sensitive_content": null,
            "source": null
          },
          "sensitive_attributes": [
            [
              {
                "type": "get_attr",
                "value": "content"
              }
            ]
          ],
          "dependencies": [
            "tls_private_key.pri-terra-key"
          ]
        }
      ]
    },
    {
      "mode": "managed",
      "type": "tls_private_key",
      "name": "pri-terra-key",
      "provider": "provider[\"registry.opentofu.org/hashicorp/tls\"]",
      "instances": [
        {
          "schema_version": 1,
          "attributes": {
            "algorithm": "RSA",
            "ecdsa_curve": "P224",
            "id": "e9df769b0529caed5262f7abb68d63ccf0e0a222",
            "private_key_openssh": "-----BEGIN OPENSSH PRIVATE KEY-----\nb3BlbnNzaC1rZXktdjEAAAAABG5vbmUAAAAEbm9uZQAAAAAAAAABAAACFwAAAAdz\nc2gtcnNhAAAAAwEAAQAAAgEAr8FVAiY8TUfWiVSb2AyKoPOM/Q/xcOHyO9yGEYXY\ndypj+T2NZNB59hbdcDb9IqaAg6gbSiWxXJ2/6OwfHDyAuFg4Ugb3ii6RO37gXJ1M\nWEmP68QkGsH3qWjcPsxjs2V4OXX8mYy7knaPU4kQOl9aa1NFDzmdU9IEWnhyMFfv\nCfD0H11ArEDQd9qOHmAPmW+dAmqiEhrl1F59s1mfmECd/JuIekTJPwGW77mkb6Ws\ndJFRVH/UsO+H58W8lTusYrmtXPeLaco33zLzTVduwH+K8A1nOnAOnvroQJAJu127\nLmsPEfYqbxTCUfBt6hpirN6KnR5Ua5/iLlqQQM9xLwNLxZhN5gXVtBvQyEDHrUs6\nhzoxlI6VzD38IPfuq3LUowO7O2X/lcDUjP54wXYt4xcqyOKBc2pfIp/Z/GTO2FpM\nXUGG96rT2DudB4xFObBFkpmtrgwhJ7kO8nusqQoccXILTj5+fbOzdBFleOGulvMc\n5P20+ILaR/FaRAe4IbenLmvo8ZbpoQLnb4Q+6oFS9uel/YtllQlIAvtVq9rzzQK0\nUqUXNtYFqrv3aLC/5wEaOr59kqr7mGqAbXEoNmlOAj5ad6HJ924XBnBSbngic2zr\nxXrQnhumyq/JKS5kqKELDZBbhM8drEBWhaM6HIM6QnKT6gaXe/JbCY51+z32I+/0\nzRsAAAc472IGae9iBmkAAAAHc3NoLXJzYQAAAgEAr8FVAiY8TUfWiVSb2AyKoPOM\n/Q/xcOHyO9yGEYXYdypj+T2NZNB59hbdcDb9IqaAg6gbSiWxXJ2/6OwfHDyAuFg4\nUgb3ii6RO37gXJ1MWEmP68QkGsH3qWjcPsxjs2V4OXX8mYy7knaPU4kQOl9aa1NF\nDzmdU9IEWnhyMFfvCfD0H11ArEDQd9qOHmAPmW+dAmqiEhrl1F59s1mfmECd/JuI\nekTJPwGW77mkb6WsdJFRVH/UsO+H58W8lTusYrmtXPeLaco33zLzTVduwH+K8A1n\nOnAOnvroQJAJu127LmsPEfYqbxTCUfBt6hpirN6KnR5Ua5/iLlqQQM9xLwNLxZhN\n5gXVtBvQyEDHrUs6hzoxlI6VzD38IPfuq3LUowO7O2X/lcDUjP54wXYt4xcqyOKB\nc2pfIp/Z/GTO2FpMXUGG96rT2DudB4xFObBFkpmtrgwhJ7kO8nusqQoccXILTj5+\nfbOzdBFleOGulvMc5P20+ILaR/FaRAe4IbenLmvo8ZbpoQLnb4Q+6oFS9uel/Ytl\nlQlIAvtVq9rzzQK0UqUXNtYFqrv3aLC/5wEaOr59kqr7mGqAbXEoNmlOAj5ad6HJ\n924XBnBSbngic2zrxXrQnhumyq/JKS5kqKELDZBbhM8drEBWhaM6HIM6QnKT6gaX\ne/JbCY51+z32I+/0zRsAAAADAQABAAACAQCEymHcGd991EU3xYFqHy+uo9VmbmFR\nlKVcrSVun94JSzH14peuEAXV9TihzCo9v+dhkeXsg8YZ3+Zbqetnfh8TKTSEZVcq\nRDze4uHJl99S5WGkFLHitaLVkLC3kd3ScVwArjCII1ilNIbd6rUkJV8/r86Bzloc\nNpWrdU1xUT7+F9uaxu5SNzZLGApA0Pt4RmgupzqEy2XSqwH2PETk2A2GCk13c/lJ\nbX4I6g5ffKFsAU+dtGeSt6fLag8uAcQhY4CkuTPQXkUQkoJZcTHwp2zmKnpQINIr\nNA++mBWCRzNhwunD/GXbP6gCGNIzCnR7gDjitUO7fTV7KFnNXe56Qtc/1tU52SRZ\npcyhsPo8KtGG8KdGvKMDSs+IYvjkTZnxs4oCz4Of8EB+q95uGRhZHjIldkNEApay\noQeGoAzQ7LfUcCEdGaptB5sx8zdz93qfX1zAT5RKTvTVE0yqJhq3n+cyu3NKQPao\nC8Zn/SEU0u4+RHtFacyBwIHrf3X0h9wwUkoM5IMW0SiLdedQP7BvMAydkJR9c9/O\njC0sgDBGx2Z5JL08Y3P3bOHOgjqKIUeNesluiNe48sMoEYxB0FiiqXNE0Hs7Nzb3\nTziVXKjg+SzcFzMmZPKDuWCLXfaDgg4azcIJp1Mk2bT93oZ3aD2fnUMfHvUgBZhd\n7S6NDDD6R20lIQAAAQByeC2fWCmfB9necxcyDYF2nRNhmAriQilxgqbuZd/uVCC0\naQ1xGjeqw0agxK8amuO/HiNaaa7nxmyswBfkrCqWx1RRy5Z0QYtMDfLVk4dfFLJc\n9vqkKKUrvVuN8eI8MSNdigw7SQ+3EaB3zpJt78ShXszjkxPhIufIk1VNNfynbake\nF/lmZvNXw1gooTrGFAFEjUNO1bq8j4B6NnVsJ6B/0NVp48/CLPzsTdgciuowY/gD\nZkniViU2WIJVESsheG9cZZVc6o2vvhajZrt8O9LyyRfTJbQApTmQo3eQfquJmb58\nGOyBiv8WjkNkJm2G0mgK08H2HCyTX0T66XqPtNN6AAABAQDhJ6id28olmk7XxNkM\nCPdxUFWWHhC37zr+8mIlBFlZwdxW3p4owF8hJ7Y4ZxOe0xqwDorUomGUJRbGZIyB\nI81XEkhpoGjXSnxB6sYyYftOGTTX9K5QFfrAIizLKPAuVy6HtzFhJ8qFEWJ/6K/b\nUbIqVWSpnjPfdwx8ZNb46FQKWR4hW42X8cgynybdr6wqdF5ioU4buDhKWZCjVkeP\nqVI2nKpRcMcBnnzJOPQ6whhc9GEoMLnIC8G9iBDvxu+aBCfpkWvwNQyYy10fKN9m\nCvpaeVbIJjWz439duFVWtlNQdiI+lu5YY8Kvc+Ryc3gA/FUb7qPJOzYyHVJ8RTv5\n9sbPAAABAQDH1TDSA0nNpaybI+QKgy1giXDp5lnnW1JdfA1hbXCovBq+m7T2kHj+\nZjCHt18fRtk6/GuFsji5Lno/3klRPo9WRjW5Oy0fP9yiQe28416UdNBT5N6kuNaa\nLMFYQl7G7Osxe/jbHN+SqiOOvzaBOeSz2UqSuduLsg9lmOF+h6LSQa4JFmcxJB5n\nQws37pLZLNYUYteaywcpCOIXbtStRZtEpqyxVOku37KJklddN9vkDd7hvoOrmIlD\n+LkQ6iLS4NYUfuE4GLQOP3hOyebnBWlZoQQS3ztQtIX77SZunclDnTbW8DBtsrzl\nPADbKwyQZDXMN5BIbp6eRbRip7YZUSf1AAAAAAEC\n-----END OPENSSH PRIVATE KEY-----\n",
            "private_key_pem": "-----BEGIN RSA PRIVATE KEY-----\nMIIJKAIBAAKCAgEAr8FVAiY8TUfWiVSb2AyKoPOM/Q/xcOHyO9yGEYXYdypj+T2N\nZNB59hbdcDb9IqaAg6gbSiWxXJ2/6OwfHDyAuFg4Ugb3ii6RO37gXJ1MWEmP68Qk\nGsH3qWjcPsxjs2V4OXX8mYy7knaPU4kQOl9aa1NFDzmdU9IEWnhyMFfvCfD0H11A\nrEDQd9qOHmAPmW+dAmqiEhrl1F59s1mfmECd/JuIekTJPwGW77mkb6WsdJFRVH/U\nsO+H58W8lTusYrmtXPeLaco33zLzTVduwH+K8A1nOnAOnvroQJAJu127LmsPEfYq\nbxTCUfBt6hpirN6KnR5Ua5/iLlqQQM9xLwNLxZhN5gXVtBvQyEDHrUs6hzoxlI6V\nzD38IPfuq3LUowO7O2X/lcDUjP54wXYt4xcqyOKBc2pfIp/Z/GTO2FpMXUGG96rT\n2DudB4xFObBFkpmtrgwhJ7kO8nusqQoccXILTj5+fbOzdBFleOGulvMc5P20+ILa\nR/FaRAe4IbenLmvo8ZbpoQLnb4Q+6oFS9uel/YtllQlIAvtVq9rzzQK0UqUXNtYF\nqrv3aLC/5wEaOr59kqr7mGqAbXEoNmlOAj5ad6HJ924XBnBSbngic2zrxXrQnhum\nyq/JKS5kqKELDZBbhM8drEBWhaM6HIM6QnKT6gaXe/JbCY51+z32I+/0zRsCAwEA\nAQKCAgEAhMph3BnffdRFN8WBah8vrqPVZm5hUZSlXK0lbp/eCUsx9eKXrhAF1fU4\nocwqPb/nYZHl7IPGGd/mW6nrZ34fEyk0hGVXKkQ83uLhyZffUuVhpBSx4rWi1ZCw\nt5Hd0nFcAK4wiCNYpTSG3eq1JCVfP6/Ogc5aHDaVq3VNcVE+/hfbmsbuUjc2SxgK\nQND7eEZoLqc6hMtl0qsB9jxE5NgNhgpNd3P5SW1+COoOX3yhbAFPnbRnkreny2oP\nLgHEIWOApLkz0F5FEJKCWXEx8Kds5ip6UCDSKzQPvpgVgkczYcLpw/xl2z+oAhjS\nMwp0e4A44rVDu301eyhZzV3uekLXP9bVOdkkWaXMobD6PCrRhvCnRryjA0rPiGL4\n5E2Z8bOKAs+Dn/BAfqvebhkYWR4yJXZDRAKWsqEHhqAM0Oy31HAhHRmqbQebMfM3\nc/d6n19cwE+USk701RNMqiYat5/nMrtzSkD2qAvGZ/0hFNLuPkR7RWnMgcCB6391\n9IfcMFJKDOSDFtEoi3XnUD+wbzAMnZCUfXPfzowtLIAwRsdmeSS9PGNz92zhzoI6\niiFHjXrJbojXuPLDKBGMQdBYoqlzRNB7Ozc29084lVyo4Pks3BczJmTyg7lgi132\ng4IOGs3CCadTJNm0/d6Gd2g9n51DHx71IAWYXe0ujQww+kdtJSECggEBAOEnqJ3b\nyiWaTtfE2QwI93FQVZYeELfvOv7yYiUEWVnB3FbenijAXyEntjhnE57TGrAOitSi\nYZQlFsZkjIEjzVcSSGmgaNdKfEHqxjJh+04ZNNf0rlAV+sAiLMso8C5XLoe3MWEn\nyoURYn/or9tRsipVZKmeM993DHxk1vjoVApZHiFbjZfxyDKfJt2vrCp0XmKhThu4\nOEpZkKNWR4+pUjacqlFwxwGefMk49DrCGFz0YSgwucgLwb2IEO/G75oEJ+mRa/A1\nDJjLXR8o32YK+lp5VsgmNbPjf124VVa2U1B2Ij6W7lhjwq9z5HJzeAD8VRvuo8k7\nNjIdUnxFO/n2xs8CggEBAMfVMNIDSc2lrJsj5AqDLWCJcOnmWedbUl18DWFtcKi8\nGr6btPaQeP5mMIe3Xx9G2Tr8a4WyOLkuej/eSVE+j1ZGNbk7LR8/3KJB7bzjXpR0\n0FPk3qS41poswVhCXsbs6zF7+Nsc35KqI46/NoE55LPZSpK524uyD2WY4X6HotJB\nrgkWZzEkHmdDCzfuktks1hRi15rLBykI4hdu1K1Fm0SmrLFU6S7fsomSV1032+QN\n3uG+g6uYiUP4uRDqItLg1hR+4TgYtA4/eE7J5ucFaVmhBBLfO1C0hfvtJm6dyUOd\nNtbwMG2yvOU8ANsrDJBkNcw3kEhunp5FtGKnthlRJ/UCggEABQeVxLD8OwrPaBKF\nprcsj+Nzhf718KXvc3KGrr0CIfcqrOYcMlzZwyvX7jqfPZUJq5UnlMhr1ZtefuAQ\nI3JhS+ikpXdn4CdRz0cnVkjKDFyTyZ81paRYDaK1zXQEqYRZDb8R41G4PHC++oyA\nIS4aBMgTj5ZxIjTOmpjGFJlcBz8mZSheaV6FUlwryhf6iJhA44Mm84eR+lc12/A5\neQQXShEF3Pvf9jFMKFKVYhqj4K+02+j6vXVFxq4bcr/G6nHdUmJlPuBwf5lLYz7O\nfsEQBqVfQulXmcUjOzy660z3X3zEFxHYETFpT/IO0F+z9pGsdQtHrV8dPtFY3l3N\nkS/qEQKCAQAPuwmPzrB1ntAamlWuOitNSSR5VSfInZi7QTOwcrQGpGAalxlEu5S6\nugKh/F5hkOsyyIISUThD45O+CVqOKbWQ3hAGl9Dyf813fGchkmh0mUl5ATBBmUdT\ndah2sSrSz/2ntJGfdgNngTsxVn4M6CjHu5gyOq08rvSlU8aUdkrr8D2p+3h+FtDJ\n4i405fPrYqsriahdSBQ1N7zMiW32gd86JUC86Ok+Rl/AkqOL9AS8TBc6gAvPaz+K\n+T5gRX4eSZKwpFhIWTF7WaW31g72KqfjZVhzv9zkeoF9lmqLFKKuTubtPpUhXYuf\nI/0RQ69Ggoz1mX4jJYoY/XW4umkMTyYtAoIBAHJ4LZ9YKZ8H2d5zFzINgXadE2GY\nCuJCKXGCpu5l3+5UILRpDXEaN6rDRqDErxqa478eI1pprufGbKzAF+SsKpbHVFHL\nlnRBi0wN8tWTh18Uslz2+qQopSu9W43x4jwxI12KDDtJD7cRoHfOkm3vxKFezOOT\nE+Ei58iTVU01/KdtqR4X+WZm81fDWCihOsYUAUSNQ07VuryPgHo2dWwnoH/Q1Wnj\nz8Is/OxN2ByK6jBj+ANmSeJWJTZYglURKyF4b1xllVzqja++FqNmu3w70vLJF9Ml\ntAClOZCjd5B+q4mZvnwY7IGK/xaOQ2QmbYbSaArTwfYcLJNfRPrpeo+003o=\n-----END RSA PRIVATE KEY-----\n",
            "private_key_pem_pkcs8": "-----BEGIN PRIVATE KEY-----\nMIIJQgIBADANBgkqhkiG9w0BAQEFAASCCSwwggkoAgEAAoICAQCvwVUCJjxNR9aJ\nVJvYDIqg84z9D/Fw4fI73IYRhdh3KmP5PY1k0Hn2Ft1wNv0ipoCDqBtKJbFcnb/o\n7B8cPIC4WDhSBveKLpE7fuBcnUxYSY/rxCQawfepaNw+zGOzZXg5dfyZjLuSdo9T\niRA6X1prU0UPOZ1T0gRaeHIwV+8J8PQfXUCsQNB32o4eYA+Zb50CaqISGuXUXn2z\nWZ+YQJ38m4h6RMk/AZbvuaRvpax0kVFUf9Sw74fnxbyVO6xiua1c94tpyjffMvNN\nV27Af4rwDWc6cA6e+uhAkAm7Xbsuaw8R9ipvFMJR8G3qGmKs3oqdHlRrn+IuWpBA\nz3EvA0vFmE3mBdW0G9DIQMetSzqHOjGUjpXMPfwg9+6rctSjA7s7Zf+VwNSM/njB\ndi3jFyrI4oFzal8in9n8ZM7YWkxdQYb3qtPYO50HjEU5sEWSma2uDCEnuQ7ye6yp\nChxxcgtOPn59s7N0EWV44a6W8xzk/bT4gtpH8VpEB7ght6cua+jxlumhAudvhD7q\ngVL256X9i2WVCUgC+1Wr2vPNArRSpRc21gWqu/dosL/nARo6vn2SqvuYaoBtcSg2\naU4CPlp3ocn3bhcGcFJueCJzbOvFetCeG6bKr8kpLmSooQsNkFuEzx2sQFaFozoc\ngzpCcpPqBpd78lsJjnX7PfYj7/TNGwIDAQABAoICAQCEymHcGd991EU3xYFqHy+u\no9VmbmFRlKVcrSVun94JSzH14peuEAXV9TihzCo9v+dhkeXsg8YZ3+Zbqetnfh8T\nKTSEZVcqRDze4uHJl99S5WGkFLHitaLVkLC3kd3ScVwArjCII1ilNIbd6rUkJV8/\nr86BzlocNpWrdU1xUT7+F9uaxu5SNzZLGApA0Pt4RmgupzqEy2XSqwH2PETk2A2G\nCk13c/lJbX4I6g5ffKFsAU+dtGeSt6fLag8uAcQhY4CkuTPQXkUQkoJZcTHwp2zm\nKnpQINIrNA++mBWCRzNhwunD/GXbP6gCGNIzCnR7gDjitUO7fTV7KFnNXe56Qtc/\n1tU52SRZpcyhsPo8KtGG8KdGvKMDSs+IYvjkTZnxs4oCz4Of8EB+q95uGRhZHjIl\ndkNEApayoQeGoAzQ7LfUcCEdGaptB5sx8zdz93qfX1zAT5RKTvTVE0yqJhq3n+cy\nu3NKQPaoC8Zn/SEU0u4+RHtFacyBwIHrf3X0h9wwUkoM5IMW0SiLdedQP7BvMAyd\nkJR9c9/OjC0sgDBGx2Z5JL08Y3P3bOHOgjqKIUeNesluiNe48sMoEYxB0FiiqXNE\n0Hs7Nzb3TziVXKjg+SzcFzMmZPKDuWCLXfaDgg4azcIJp1Mk2bT93oZ3aD2fnUMf\nHvUgBZhd7S6NDDD6R20lIQKCAQEA4SeondvKJZpO18TZDAj3cVBVlh4Qt+86/vJi\nJQRZWcHcVt6eKMBfISe2OGcTntMasA6K1KJhlCUWxmSMgSPNVxJIaaBo10p8QerG\nMmH7Thk01/SuUBX6wCIsyyjwLlcuh7cxYSfKhRFif+iv21GyKlVkqZ4z33cMfGTW\n+OhUClkeIVuNl/HIMp8m3a+sKnReYqFOG7g4SlmQo1ZHj6lSNpyqUXDHAZ58yTj0\nOsIYXPRhKDC5yAvBvYgQ78bvmgQn6ZFr8DUMmMtdHyjfZgr6WnlWyCY1s+N/XbhV\nVrZTUHYiPpbuWGPCr3PkcnN4APxVG+6jyTs2Mh1SfEU7+fbGzwKCAQEAx9Uw0gNJ\nzaWsmyPkCoMtYIlw6eZZ51tSXXwNYW1wqLwavpu09pB4/mYwh7dfH0bZOvxrhbI4\nuS56P95JUT6PVkY1uTstHz/cokHtvONelHTQU+TepLjWmizBWEJexuzrMXv42xzf\nkqojjr82gTnks9lKkrnbi7IPZZjhfoei0kGuCRZnMSQeZ0MLN+6S2SzWFGLXmssH\nKQjiF27UrUWbRKassVTpLt+yiZJXXTfb5A3e4b6Dq5iJQ/i5EOoi0uDWFH7hOBi0\nDj94Tsnm5wVpWaEEEt87ULSF++0mbp3JQ5021vAwbbK85TwA2ysMkGQ1zDeQSG6e\nnkW0Yqe2GVEn9QKCAQAFB5XEsPw7Cs9oEoWmtyyP43OF/vXwpe9zcoauvQIh9yqs\n5hwyXNnDK9fuOp89lQmrlSeUyGvVm15+4BAjcmFL6KSld2fgJ1HPRydWSMoMXJPJ\nnzWlpFgNorXNdASphFkNvxHjUbg8cL76jIAhLhoEyBOPlnEiNM6amMYUmVwHPyZl\nKF5pXoVSXCvKF/qImEDjgybzh5H6VzXb8Dl5BBdKEQXc+9/2MUwoUpViGqPgr7Tb\n6Pq9dUXGrhtyv8bqcd1SYmU+4HB/mUtjPs5+wRAGpV9C6VeZxSM7PLrrTPdffMQX\nEdgRMWlP8g7QX7P2kax1C0etXx0+0VjeXc2RL+oRAoIBAA+7CY/OsHWe0BqaVa46\nK01JJHlVJ8idmLtBM7BytAakYBqXGUS7lLq6AqH8XmGQ6zLIghJROEPjk74JWo4p\ntZDeEAaX0PJ/zXd8ZyGSaHSZSXkBMEGZR1N1qHaxKtLP/ae0kZ92A2eBOzFWfgzo\nKMe7mDI6rTyu9KVTxpR2SuvwPan7eH4W0MniLjTl8+tiqyuJqF1IFDU3vMyJbfaB\n3zolQLzo6T5GX8CSo4v0BLxMFzqAC89rP4r5PmBFfh5JkrCkWEhZMXtZpbfWDvYq\np+NlWHO/3OR6gX2WaosUoq5O5u0+lSFdi58j/RFDr0aCjPWZfiMlihj9dbi6aQxP\nJi0CggEAcngtn1gpnwfZ3nMXMg2Bdp0TYZgK4kIpcYKm7mXf7lQgtGkNcRo3qsNG\noMSvGprjvx4jWmmu58ZsrMAX5KwqlsdUUcuWdEGLTA3y1ZOHXxSyXPb6pCilK71b\njfHiPDEjXYoMO0kPtxGgd86Sbe/EoV7M45MT4SLnyJNVTTX8p22pHhf5ZmbzV8NY\nKKE6xhQBRI1DTtW6vI+AejZ1bCegf9DVaePPwiz87E3YHIrqMGP4A2ZJ4lYlNliC\nVRErIXhvXGWVXOqNr74Wo2a7fDvS8skX0yW0AKU5kKN3kH6riZm+fBjsgYr/Fo5D\nZCZthtJoCtPB9hwsk19E+ul6j7TTeg==\n-----END PRIVATE KEY-----\n",
            "public_key_fingerprint_md5": "00:72:45:cd:28:22:5d:c0:2c:04:02:db:a4:42:bf:75",
            "public_key_fingerprint_sha256": "SHA256:f0YXXyk5IbPxhFga9YOOZ3TAsT1O8i5KXm2HV7IMovM",
            "public_key_openssh": "ssh-rsa AAAAB3NzaC1yc2EAAAADAQABAAACAQCvwVUCJjxNR9aJVJvYDIqg84z9D/Fw4fI73IYRhdh3KmP5PY1k0Hn2Ft1wNv0ipoCDqBtKJbFcnb/o7B8cPIC4WDhSBveKLpE7fuBcnUxYSY/rxCQawfepaNw+zGOzZXg5dfyZjLuSdo9TiRA6X1prU0UPOZ1T0gRaeHIwV+8J8PQfXUCsQNB32o4eYA+Zb50CaqISGuXUXn2zWZ+YQJ38m4h6RMk/AZbvuaRvpax0kVFUf9Sw74fnxbyVO6xiua1c94tpyjffMvNNV27Af4rwDWc6cA6e+uhAkAm7Xbsuaw8R9ipvFMJR8G3qGmKs3oqdHlRrn+IuWpBAz3EvA0vFmE3mBdW0G9DIQMetSzqHOjGUjpXMPfwg9+6rctSjA7s7Zf+VwNSM/njBdi3jFyrI4oFzal8in9n8ZM7YWkxdQYb3qtPYO50HjEU5sEWSma2uDCEnuQ7ye6ypChxxcgtOPn59s7N0EWV44a6W8xzk/bT4gtpH8VpEB7ght6cua+jxlumhAudvhD7qgVL256X9i2WVCUgC+1Wr2vPNArRSpRc21gWqu/dosL/nARo6vn2SqvuYaoBtcSg2aU4CPlp3ocn3bhcGcFJueCJzbOvFetCeG6bKr8kpLmSooQsNkFuEzx2sQFaFozocgzpCcpPqBpd78lsJjnX7PfYj7/TNGw==\n",
            "public_key_pem": "-----BEGIN PUBLIC KEY-----\nMIICIjANBgkqhkiG9w0BAQEFAAOCAg8AMIICCgKCAgEAr8FVAiY8TUfWiVSb2AyK\noPOM/Q/xcOHyO9yGEYXYdypj+T2NZNB59hbdcDb9IqaAg6gbSiWxXJ2/6OwfHDyA\nuFg4Ugb3ii6RO37gXJ1MWEmP68QkGsH3qWjcPsxjs2V4OXX8mYy7knaPU4kQOl9a\na1NFDzmdU9IEWnhyMFfvCfD0H11ArEDQd9qOHmAPmW+dAmqiEhrl1F59s1mfmECd\n/JuIekTJPwGW77mkb6WsdJFRVH/UsO+H58W8lTusYrmtXPeLaco33zLzTVduwH+K\n8A1nOnAOnvroQJAJu127LmsPEfYqbxTCUfBt6hpirN6KnR5Ua5/iLlqQQM9xLwNL\nxZhN5gXVtBvQyEDHrUs6hzoxlI6VzD38IPfuq3LUowO7O2X/lcDUjP54wXYt4xcq\nyOKBc2pfIp/Z/GTO2FpMXUGG96rT2DudB4xFObBFkpmtrgwhJ7kO8nusqQoccXIL\nTj5+fbOzdBFleOGulvMc5P20+ILaR/FaRAe4IbenLmvo8ZbpoQLnb4Q+6oFS9uel\n/YtllQlIAvtVq9rzzQK0UqUXNtYFqrv3aLC/5wEaOr59kqr7mGqAbXEoNmlOAj5a\nd6HJ924XBnBSbngic2zrxXrQnhumyq/JKS5kqKELDZBbhM8drEBWhaM6HIM6QnKT\n6gaXe/JbCY51+z32I+/0zRsCAwEAAQ==\n-----END PUBLIC KEY-----\n",
            "rsa_bits": 4096
          },
          "sensitive_attributes": []
        }
      ]
    }
  ],
  "check_results": null
}
