{
  "version": 4,
  "terraform_version": "1.7.0",
  "serial": 9,
  "lineage": "d092cbff-1fed-aabc-6b06-6f68b9dccbb7",
  "outputs": {},
  "resources": [
    {
      "mode": "data",
      "type": "template_file",
      "name": "userdata",
      "provider": "provider[\"registry.opentofu.org/hashicorp/template\"]",
      "instances": [
        {
          "schema_version": 0,
          "attributes": {
            "filename": null,
            "id": "679928d6bb395bf774126ac47744749c54f251cbe3283dfe3f28ee2a1e0e5038",
            "rendered": "#!/bin/bash\r\nsudo yum install nginx -y\r\nsudo systemctl enable nginx\r\nsudo systemctl start nginx\r\n",
            "template": "#!/bin/bash\r\nsudo yum install nginx -y\r\nsudo systemctl enable nginx\r\nsudo systemctl start nginx\r\n",
            "vars": null
          },
          "sensitive_attributes": []
        }
      ]
    },
    {
      "mode": "managed",
      "type": "aws_autoscaling_group",
      "name": "application_tier",
      "provider": "provider[\"registry.opentofu.org/hashicorp/aws\"]",
      "instances": [
        {
          "schema_version": 1,
          "attributes": {
            "arn": "arn:aws:autoscaling:us-east-2:498692135370:autoScalingGroup:2b022faf-cfd8-48a7-92b4-211113dd992d:autoScalingGroupName/ASG-Application-Tier",
            "availability_zones": [
              "us-east-2a",
              "us-east-2b"
            ],
            "capacity_rebalance": false,
            "context": "",
            "default_cooldown": 300,
            "default_instance_warmup": 0,
            "desired_capacity": 2,
            "desired_capacity_type": "",
            "enabled_metrics": null,
            "force_delete": false,
            "force_delete_warm_pool": false,
            "health_check_grace_period": 300,
            "health_check_type": "EC2",
            "id": "ASG-Application-Tier",
            "ignore_failed_scaling_activities": false,
            "initial_lifecycle_hook": [],
            "instance_maintenance_policy": [],
            "instance_refresh": [],
            "launch_configuration": "",
            "launch_template": [
              {
                "id": "lt-01fd07e467451a2f4",
                "name": "application_tier",
                "version": "$Latest"
              }
            ],
            "load_balancers": [],
            "max_instance_lifetime": 0,
            "max_size": 4,
            "metrics_granularity": "1Minute",
            "min_elb_capacity": null,
            "min_size": 2,
            "mixed_instances_policy": [],
            "name": "ASG-Application-Tier",
            "name_prefix": "",
            "placement_group": "",
            "predicted_capacity": 0,
            "protect_from_scale_in": false,
            "service_linked_role_arn": "arn:aws:iam::498692135370:role/aws-service-role/autoscaling.amazonaws.com/AWSServiceRoleForAutoScaling",
            "suspended_processes": null,
            "tag": [
              {
                "key": "Name",
                "propagate_at_launch": true,
                "value": "application_app"
              }
            ],
            "target_group_arns": [
              "arn:aws:elasticloadbalancing:us-east-2:498692135370:targetgroup/application-tier-lb-tg/5a99da769ce8d7bd"
            ],
            "termination_policies": null,
            "timeouts": null,
            "traffic_source": [
              {
                "identifier": "arn:aws:elasticloadbalancing:us-east-2:498692135370:targetgroup/application-tier-lb-tg/5a99da769ce8d7bd",
                "type": "elbv2"
              }
            ],
            "vpc_zone_identifier": [
              "subnet-0645453ad8feb4208",
              "subnet-09689b3bb877407ee"
            ],
            "wait_for_capacity_timeout": "10m",
            "wait_for_elb_capacity": null,
            "warm_pool": [],
            "warm_pool_size": 0
          },
          "sensitive_attributes": [],
          "private": "eyJlMmJmYjczMC1lY2FhLTExZTYtOGY4OC0zNDM2M2JjN2M0YzAiOnsiZGVsZXRlIjo2MDAwMDAwMDAwMDAsInVwZGF0ZSI6NjAwMDAwMDAwMDAwfSwic2NoZW1hX3ZlcnNpb24iOiIxIn0=",
          "dependencies": [
            "aws_eip.nat_ip-1",
            "aws_eip.nat_ip-2",
            "aws_internet_gateway.arch-igw",
            "aws_launch_template.application_tier",
            "aws_lb_target_group.application_tier",
            "aws_nat_gateway.nat-gw-1",
            "aws_nat_gateway.nat-gw-2",
            "aws_security_group.arch-sg",
            "aws_subnet.arch-pri-sub-1",
            "aws_subnet.arch-pri-sub-2",
            "aws_subnet.arch-pub-sub-1",
            "aws_subnet.arch-pub-sub-2",
            "aws_vpc.arch-vpc",
            "data.template_file.userdata"
          ]
        }
      ]
    },
    {
      "mode": "managed",
      "type": "aws_autoscaling_group",
      "name": "presentation_tier",
      "provider": "provider[\"registry.opentofu.org/hashicorp/aws\"]",
      "instances": [
        {
          "schema_version": 1,
          "attributes": {
            "arn": "arn:aws:autoscaling:us-east-2:498692135370:autoScalingGroup:5cef643b-ca30-41fa-ae21-70ed961aa2e5:autoScalingGroupName/ASG-Presentation-Tier",
            "availability_zones": [
              "us-east-2a",
              "us-east-2b"
            ],
            "capacity_rebalance": false,
            "context": "",
            "default_cooldown": 300,
            "default_instance_warmup": 0,
            "desired_capacity": 2,
            "desired_capacity_type": "",
            "enabled_metrics": null,
            "force_delete": false,
            "force_delete_warm_pool": false,
            "health_check_grace_period": 300,
            "health_check_type": "EC2",
            "id": "ASG-Presentation-Tier",
            "ignore_failed_scaling_activities": false,
            "initial_lifecycle_hook": [],
            "instance_maintenance_policy": [],
            "instance_refresh": [],
            "launch_configuration": "",
            "launch_template": [
              {
                "id": "lt-05b23495c5eeeb0a4",
                "name": "presentation_tier",
                "version": "$Latest"
              }
            ],
            "load_balancers": [],
            "max_instance_lifetime": 0,
            "max_size": 4,
            "metrics_granularity": "1Minute",
            "min_elb_capacity": null,
            "min_size": 2,
            "mixed_instances_policy": [],
            "name": "ASG-Presentation-Tier",
            "name_prefix": "",
            "placement_group": "",
            "predicted_capacity": 0,
            "protect_from_scale_in": false,
            "service_linked_role_arn": "arn:aws:iam::498692135370:role/aws-service-role/autoscaling.amazonaws.com/AWSServiceRoleForAutoScaling",
            "suspended_processes": null,
            "tag": [
              {
                "key": "Name",
                "propagate_at_launch": true,
                "value": "presentation_app"
              }
            ],
            "target_group_arns": [
              "arn:aws:elasticloadbalancing:us-east-2:498692135370:targetgroup/front-end-lb-tg/5942d4306c0f1876"
            ],
            "termination_policies": null,
            "timeouts": null,
            "traffic_source": [
              {
                "identifier": "arn:aws:elasticloadbalancing:us-east-2:498692135370:targetgroup/front-end-lb-tg/5942d4306c0f1876",
                "type": "elbv2"
              }
            ],
            "vpc_zone_identifier": [
              "subnet-0207cd4931e0c062f",
              "subnet-0fd1c0fa7ad8bb165"
            ],
            "wait_for_capacity_timeout": "10m",
            "wait_for_elb_capacity": null,
            "warm_pool": [],
            "warm_pool_size": 0
          },
          "sensitive_attributes": [],
          "private": "eyJlMmJmYjczMC1lY2FhLTExZTYtOGY4OC0zNDM2M2JjN2M0YzAiOnsiZGVsZXRlIjo2MDAwMDAwMDAwMDAsInVwZGF0ZSI6NjAwMDAwMDAwMDAwfSwic2NoZW1hX3ZlcnNpb24iOiIxIn0=",
          "dependencies": [
            "aws_launch_template.presentation_tier",
            "aws_lb.application_tier",
            "aws_lb_target_group.front_end",
            "aws_security_group.arch-sg",
            "aws_subnet.arch-pub-sub-1",
            "aws_subnet.arch-pub-sub-2",
            "aws_vpc.arch-vpc",
            "data.template_file.userdata"
          ]
        }
      ]
    },
    {
      "mode": "managed",
      "type": "aws_eip",
      "name": "nat_ip-1",
      "provider": "provider[\"registry.opentofu.org/hashicorp/aws\"]",
      "instances": [
        {
          "schema_version": 0,
          "attributes": {
            "address": null,
            "allocation_id": "eipalloc-052101e32075f0f50",
            "associate_with_private_ip": null,
            "association_id": "eipassoc-0cafd092ceca495d9",
            "carrier_ip": "",
            "customer_owned_ip": "",
            "customer_owned_ipv4_pool": "",
            "domain": "vpc",
            "id": "eipalloc-052101e32075f0f50",
            "instance": "",
            "network_border_group": "us-east-2",
            "network_interface": "eni-00659908ba0d55916",
            "private_dns": "ip-69-69-1-7.us-east-2.compute.internal",
            "private_ip": "69.69.1.7",
            "public_dns": "ec2-18-119-80-179.us-east-2.compute.amazonaws.com",
            "public_ip": "18.119.80.179",
            "public_ipv4_pool": "amazon",
            "tags": {
              "Name": "nat_ip-1"
            },
            "tags_all": {
              "Name": "nat_ip-1"
            },
            "timeouts": null,
            "vpc": true
          },
          "sensitive_attributes": [],
          "private": "eyJlMmJmYjczMC1lY2FhLTExZTYtOGY4OC0zNDM2M2JjN2M0YzAiOnsiZGVsZXRlIjoxODAwMDAwMDAwMDAsInJlYWQiOjkwMDAwMDAwMDAwMCwidXBkYXRlIjozMDAwMDAwMDAwMDB9fQ==",
          "dependencies": [
            "aws_internet_gateway.arch-igw",
            "aws_vpc.arch-vpc"
          ]
        }
      ]
    },
    {
      "mode": "managed",
      "type": "aws_eip",
      "name": "nat_ip-2",
      "provider": "provider[\"registry.opentofu.org/hashicorp/aws\"]",
      "instances": [
        {
          "schema_version": 0,
          "attributes": {
            "address": null,
            "allocation_id": "eipalloc-063963092d70cae67",
            "associate_with_private_ip": null,
            "association_id": "eipassoc-066aa65b874664127",
            "carrier_ip": "",
            "customer_owned_ip": "",
            "customer_owned_ipv4_pool": "",
            "domain": "vpc",
            "id": "eipalloc-063963092d70cae67",
            "instance": "",
            "network_border_group": "us-east-2",
            "network_interface": "eni-0f986e85f54f3be9e",
            "private_dns": "ip-69-69-2-136.us-east-2.compute.internal",
            "private_ip": "69.69.2.136",
            "public_dns": "ec2-3-128-123-237.us-east-2.compute.amazonaws.com",
            "public_ip": "3.128.123.237",
            "public_ipv4_pool": "amazon",
            "tags": {
              "Name": "nat_ip-2"
            },
            "tags_all": {
              "Name": "nat_ip-2"
            },
            "timeouts": null,
            "vpc": true
          },
          "sensitive_attributes": [],
          "private": "eyJlMmJmYjczMC1lY2FhLTExZTYtOGY4OC0zNDM2M2JjN2M0YzAiOnsiZGVsZXRlIjoxODAwMDAwMDAwMDAsInJlYWQiOjkwMDAwMDAwMDAwMCwidXBkYXRlIjozMDAwMDAwMDAwMDB9fQ==",
          "dependencies": [
            "aws_internet_gateway.arch-igw",
            "aws_vpc.arch-vpc"
          ]
        }
      ]
    },
    {
      "mode": "managed",
      "type": "aws_internet_gateway",
      "name": "arch-igw",
      "provider": "provider[\"registry.opentofu.org/hashicorp/aws\"]",
      "instances": [
        {
          "schema_version": 0,
          "attributes": {
            "arn": "arn:aws:ec2:us-east-2:498692135370:internet-gateway/igw-0acb5e9ce97634de7",
            "id": "igw-0acb5e9ce97634de7",
            "owner_id": "498692135370",
            "tags": {
              "Name": "dellhoak-igw"
            },
            "tags_all": {
              "Name": "dellhoak-igw"
            },
            "timeouts": null,
            "vpc_id": "vpc-07be32e9816d72577"
          },
          "sensitive_attributes": [],
          "private": "eyJlMmJmYjczMC1lY2FhLTExZTYtOGY4OC0zNDM2M2JjN2M0YzAiOnsiY3JlYXRlIjoxMjAwMDAwMDAwMDAwLCJkZWxldGUiOjEyMDAwMDAwMDAwMDAsInVwZGF0ZSI6MTIwMDAwMDAwMDAwMH19",
          "dependencies": [
            "aws_vpc.arch-vpc"
          ]
        }
      ]
    },
    {
      "mode": "managed",
      "type": "aws_key_pair",
      "name": "terra-keypair",
      "provider": "provider[\"registry.opentofu.org/hashicorp/aws\"]",
      "instances": [
        {
          "schema_version": 1,
          "attributes": {
            "arn": "arn:aws:ec2:us-east-2:498692135370:key-pair/terra-keypair",
            "fingerprint": "ff:45:3b:a1:23:c3:19:81:b9:d5:11:8f:44:ae:90:a8",
            "id": "terra-keypair",
            "key_name": "terra-keypair",
            "key_name_prefix": "",
            "key_pair_id": "key-0eb6ca40257f6e7b3",
            "key_type": "rsa",
            "public_key": "ssh-rsa AAAAB3NzaC1yc2EAAAADAQABAAACAQDKuKA/d+oSuSWRG9FLZFwyFF+QU6sXpgqzwf8rtkpT4g7A9g6t8aBECe9AR1RFlp9Wu8LkuafOxcj49NvIj2vXSkf4JAfKvQ+1AwR0ZWQa3dHpQAvH10OrykqeKRk5J975ghVWN6pkzMbLA9FdoB7ECcvh975GbZNU/jrGtuG5gKVRv6kc2pVOQaZiOk/etWjy44F9waX/QSKAUTeXQWnZaX77zvkGCu/arcgoCcyiVmwR+r+J5h6XFfFj5zzxpkZclfYCkiFw9skHb4mMV0PVlovQkjtmTqDnlQZ3jtwyNZKgthoN5ijqknnmZn2dUGpOzZMKiqG7R8BF6NGfc52m3ZcqLf3XnYXVm58eerzFsnxlFxnEtBUqwM8TRLXclp6eFbXJgOyuVHPNLztUqiSnjPRcBr1f+DTmfxFddogGr5mgz9ZWdMy+zqefmBWV2I8ZScyYWL+TrD2W2syBUOYEIWUi1D+vB1WffWvgdvvhphuARhW/C+qJWFElbnvbRQSKjSUaNr/FYhesnABomeRpfnH14LqnQDakQ55bX4uJHiaSdS0dLz3jJB8UvFiqzLArBHHUXNCKfnOoRVk8utYigx2nVYc3awMDoJahq/vLfVwhNjM8UGR1br3UUkR0EbhG4hEaonhUqOO0lU6CPrVVuHOHppGQIMaYAlo+VsGxXQ==",
            "tags": {},
            "tags_all": {}
          },
          "sensitive_attributes": [],
          "private": "eyJzY2hlbWFfdmVyc2lvbiI6IjEifQ==",
          "dependencies": [
            "tls_private_key.pri-terra-key"
          ]
        }
      ]
    },
    {
      "mode": "managed",
      "type": "aws_launch_template",
      "name": "application_tier",
      "provider": "provider[\"registry.opentofu.org/hashicorp/aws\"]",
      "instances": [
        {
          "schema_version": 0,
          "attributes": {
            "arn": "arn:aws:ec2:us-east-2:498692135370:launch-template/lt-01fd07e467451a2f4",
            "block_device_mappings": [
              {
                "device_name": "/dev/xvda",
                "ebs": [
                  {
                    "delete_on_termination": "",
                    "encrypted": "",
                    "iops": 0,
                    "kms_key_id": "",
                    "snapshot_id": "",
                    "throughput": 0,
                    "volume_size": 8,
                    "volume_type": ""
                  }
                ],
                "no_device": "",
                "virtual_name": ""
              }
            ],
            "capacity_reservation_specification": [],
            "cpu_options": [],
            "credit_specification": [],
            "default_version": 1,
            "description": "",
            "disable_api_stop": false,
            "disable_api_termination": false,
            "ebs_optimized": "",
            "elastic_gpu_specifications": [],
            "elastic_inference_accelerator": [],
            "enclave_options": [],
            "hibernation_options": [],
            "iam_instance_profile": [],
            "id": "lt-01fd07e467451a2f4",
            "image_id": "ami-0c20d88b0021158c6",
            "instance_initiated_shutdown_behavior": "",
            "instance_market_options": [],
            "instance_requirements": [],
            "instance_type": "t2.micro",
            "kernel_id": "",
            "key_name": "terra-keypair",
            "latest_version": 2,
            "license_specification": [],
            "maintenance_options": [],
            "metadata_options": [],
            "monitoring": [],
            "name": "application_tier",
            "name_prefix": "",
            "network_interfaces": [
              {
                "associate_carrier_ip_address": "",
                "associate_public_ip_address": "false",
                "delete_on_termination": "",
                "description": "",
                "device_index": 0,
                "interface_type": "",
                "ipv4_address_count": 0,
                "ipv4_addresses": [],
                "ipv4_prefix_count": 0,
                "ipv4_prefixes": [],
                "ipv6_address_count": 0,
                "ipv6_addresses": [],
                "ipv6_prefix_count": 0,
                "ipv6_prefixes": [],
                "network_card_index": 0,
                "network_interface_id": "",
                "private_ip_address": "",
                "security_groups": [
                  "sg-09d8713e1b6b76369"
                ],
                "subnet_id": ""
              }
            ],
            "placement": [],
            "private_dns_name_options": [],
            "ram_disk_id": "",
            "security_group_names": [],
            "tag_specifications": [],
            "tags": {},
            "tags_all": {},
            "update_default_version": null,
            "user_data": "IyEvYmluL2Jhc2gNCnN1ZG8geXVtIGluc3RhbGwgbmdpbnggLXkNCnN1ZG8gc3lzdGVtY3RsIGVuYWJsZSBuZ2lueA0Kc3VkbyBzeXN0ZW1jdGwgc3RhcnQgbmdpbngNCg==",
            "vpc_security_group_ids": []
          },
          "sensitive_attributes": [],
          "private": "bnVsbA==",
          "dependencies": [
            "aws_eip.nat_ip-1",
            "aws_eip.nat_ip-2",
            "aws_internet_gateway.arch-igw",
            "aws_nat_gateway.nat-gw-1",
            "aws_nat_gateway.nat-gw-2",
            "aws_security_group.arch-sg",
            "aws_subnet.arch-pub-sub-1",
            "aws_subnet.arch-pub-sub-2",
            "aws_vpc.arch-vpc",
            "data.template_file.userdata"
          ]
        }
      ]
    },
    {
      "mode": "managed",
      "type": "aws_launch_template",
      "name": "presentation_tier",
      "provider": "provider[\"registry.opentofu.org/hashicorp/aws\"]",
      "instances": [
        {
          "schema_version": 0,
          "attributes": {
            "arn": "arn:aws:ec2:us-east-2:498692135370:launch-template/lt-05b23495c5eeeb0a4",
            "block_device_mappings": [
              {
                "device_name": "/dev/xvda",
                "ebs": [
                  {
                    "delete_on_termination": "",
                    "encrypted": "",
                    "iops": 0,
                    "kms_key_id": "",
                    "snapshot_id": "",
                    "throughput": 0,
                    "volume_size": 8,
                    "volume_type": ""
                  }
                ],
                "no_device": "",
                "virtual_name": ""
              }
            ],
            "capacity_reservation_specification": [],
            "cpu_options": [],
            "credit_specification": [],
            "default_version": 1,
            "description": "",
            "disable_api_stop": false,
            "disable_api_termination": false,
            "ebs_optimized": "",
            "elastic_gpu_specifications": [],
            "elastic_inference_accelerator": [],
            "enclave_options": [],
            "hibernation_options": [],
            "iam_instance_profile": [],
            "id": "lt-05b23495c5eeeb0a4",
            "image_id": "ami-0c20d88b0021158c6",
            "instance_initiated_shutdown_behavior": "",
            "instance_market_options": [],
            "instance_requirements": [],
            "instance_type": "t2.micro",
            "kernel_id": "",
            "key_name": "terra-keypair",
            "latest_version": 2,
            "license_specification": [],
            "maintenance_options": [],
            "metadata_options": [],
            "monitoring": [],
            "name": "presentation_tier",
            "name_prefix": "",
            "network_interfaces": [
              {
                "associate_carrier_ip_address": "",
                "associate_public_ip_address": "true",
                "delete_on_termination": "",
                "description": "",
                "device_index": 0,
                "interface_type": "",
                "ipv4_address_count": 0,
                "ipv4_addresses": [],
                "ipv4_prefix_count": 0,
                "ipv4_prefixes": [],
                "ipv6_address_count": 0,
                "ipv6_addresses": [],
                "ipv6_prefix_count": 0,
                "ipv6_prefixes": [],
                "network_card_index": 0,
                "network_interface_id": "",
                "private_ip_address": "",
                "security_groups": [
                  "sg-09d8713e1b6b76369"
                ],
                "subnet_id": ""
              }
            ],
            "placement": [],
            "private_dns_name_options": [],
            "ram_disk_id": "",
            "security_group_names": [],
            "tag_specifications": [],
            "tags": {},
            "tags_all": {},
            "update_default_version": null,
            "user_data": "IyEvYmluL2Jhc2gNCnN1ZG8geXVtIGluc3RhbGwgbmdpbnggLXkNCnN1ZG8gc3lzdGVtY3RsIGVuYWJsZSBuZ2lueA0Kc3VkbyBzeXN0ZW1jdGwgc3RhcnQgbmdpbngNCg==",
            "vpc_security_group_ids": []
          },
          "sensitive_attributes": [],
          "private": "bnVsbA==",
          "dependencies": [
            "aws_lb.application_tier",
            "aws_security_group.arch-sg",
            "aws_subnet.arch-pub-sub-1",
            "aws_subnet.arch-pub-sub-2",
            "aws_vpc.arch-vpc",
            "data.template_file.userdata"
          ]
        }
      ]
    },
    {
      "mode": "managed",
      "type": "aws_lb",
      "name": "application_tier",
      "provider": "provider[\"registry.opentofu.org/hashicorp/aws\"]",
      "instances": [
        {
          "schema_version": 0,
          "attributes": {
            "access_logs": [
              {
                "bucket": "",
                "enabled": false,
                "prefix": ""
              }
            ],
            "arn": "arn:aws:elasticloadbalancing:us-east-2:498692135370:loadbalancer/app/application-tier-lb/7c0f9cd978c1f9c3",
            "arn_suffix": "app/application-tier-lb/7c0f9cd978c1f9c3",
            "connection_logs": [
              {
                "bucket": "",
                "enabled": false,
                "prefix": ""
              }
            ],
            "customer_owned_ipv4_pool": "",
            "desync_mitigation_mode": "defensive",
            "dns_name": "internal-application-tier-lb-812474083.us-east-2.elb.amazonaws.com",
            "dns_record_client_routing_policy": null,
            "drop_invalid_header_fields": false,
            "enable_cross_zone_load_balancing": true,
            "enable_deletion_protection": false,
            "enable_http2": true,
            "enable_tls_version_and_cipher_suite_headers": false,
            "enable_waf_fail_open": false,
            "enable_xff_client_port": false,
            "enforce_security_group_inbound_rules_on_private_link_traffic": "",
            "id": "arn:aws:elasticloadbalancing:us-east-2:498692135370:loadbalancer/app/application-tier-lb/7c0f9cd978c1f9c3",
            "idle_timeout": 60,
            "internal": true,
            "ip_address_type": "ipv4",
            "load_balancer_type": "application",
            "name": "application-tier-lb",
            "name_prefix": "",
            "preserve_host_header": false,
            "security_groups": [
              "sg-09d8713e1b6b76369"
            ],
            "subnet_mapping": [
              {
                "allocation_id": "",
                "ipv6_address": "",
                "outpost_id": "",
                "private_ipv4_address": "",
                "subnet_id": "subnet-0207cd4931e0c062f"
              },
              {
                "allocation_id": "",
                "ipv6_address": "",
                "outpost_id": "",
                "private_ipv4_address": "",
                "subnet_id": "subnet-0fd1c0fa7ad8bb165"
              }
            ],
            "subnets": [
              "subnet-0207cd4931e0c062f",
              "subnet-0fd1c0fa7ad8bb165"
            ],
            "tags": {},
            "tags_all": {},
            "timeouts": null,
            "vpc_id": "vpc-07be32e9816d72577",
            "xff_header_processing_mode": "append",
            "zone_id": "Z3AADJGX6KTTL2"
          },
          "sensitive_attributes": [],
          "private": "eyJlMmJmYjczMC1lY2FhLTExZTYtOGY4OC0zNDM2M2JjN2M0YzAiOnsiY3JlYXRlIjo2MDAwMDAwMDAwMDAsImRlbGV0ZSI6NjAwMDAwMDAwMDAwLCJ1cGRhdGUiOjYwMDAwMDAwMDAwMH19",
          "dependencies": [
            "aws_security_group.arch-sg",
            "aws_subnet.arch-pub-sub-1",
            "aws_subnet.arch-pub-sub-2",
            "aws_vpc.arch-vpc"
          ]
        }
      ]
    },
    {
      "mode": "managed",
      "type": "aws_lb",
      "name": "front_end",
      "provider": "provider[\"registry.opentofu.org/hashicorp/aws\"]",
      "instances": [
        {
          "schema_version": 0,
          "attributes": {
            "access_logs": [
              {
                "bucket": "",
                "enabled": false,
                "prefix": ""
              }
            ],
            "arn": "arn:aws:elasticloadbalancing:us-east-2:498692135370:loadbalancer/app/front-end-lb/c32424c9775ed948",
            "arn_suffix": "app/front-end-lb/c32424c9775ed948",
            "connection_logs": [
              {
                "bucket": "",
                "enabled": false,
                "prefix": ""
              }
            ],
            "customer_owned_ipv4_pool": "",
            "desync_mitigation_mode": "defensive",
            "dns_name": "front-end-lb-1613195139.us-east-2.elb.amazonaws.com",
            "dns_record_client_routing_policy": null,
            "drop_invalid_header_fields": false,
            "enable_cross_zone_load_balancing": true,
            "enable_deletion_protection": false,
            "enable_http2": true,
            "enable_tls_version_and_cipher_suite_headers": false,
            "enable_waf_fail_open": false,
            "enable_xff_client_port": false,
            "enforce_security_group_inbound_rules_on_private_link_traffic": "",
            "id": "arn:aws:elasticloadbalancing:us-east-2:498692135370:loadbalancer/app/front-end-lb/c32424c9775ed948",
            "idle_timeout": 60,
            "internal": false,
            "ip_address_type": "ipv4",
            "load_balancer_type": "application",
            "name": "front-end-lb",
            "name_prefix": "",
            "preserve_host_header": false,
            "security_groups": [
              "sg-09d8713e1b6b76369"
            ],
            "subnet_mapping": [
              {
                "allocation_id": "",
                "ipv6_address": "",
                "outpost_id": "",
                "private_ipv4_address": "",
                "subnet_id": "subnet-0207cd4931e0c062f"
              },
              {
                "allocation_id": "",
                "ipv6_address": "",
                "outpost_id": "",
                "private_ipv4_address": "",
                "subnet_id": "subnet-0fd1c0fa7ad8bb165"
              }
            ],
            "subnets": [
              "subnet-0207cd4931e0c062f",
              "subnet-0fd1c0fa7ad8bb165"
            ],
            "tags": {},
            "tags_all": {},
            "timeouts": null,
            "vpc_id": "vpc-07be32e9816d72577",
            "xff_header_processing_mode": "append",
            "zone_id": "Z3AADJGX6KTTL2"
          },
          "sensitive_attributes": [],
          "private": "eyJlMmJmYjczMC1lY2FhLTExZTYtOGY4OC0zNDM2M2JjN2M0YzAiOnsiY3JlYXRlIjo2MDAwMDAwMDAwMDAsImRlbGV0ZSI6NjAwMDAwMDAwMDAwLCJ1cGRhdGUiOjYwMDAwMDAwMDAwMH19",
          "dependencies": [
            "aws_security_group.arch-sg",
            "aws_subnet.arch-pub-sub-1",
            "aws_subnet.arch-pub-sub-2",
            "aws_vpc.arch-vpc"
          ]
        }
      ]
    },
    {
      "mode": "managed",
      "type": "aws_lb_listener",
      "name": "application_tier",
      "provider": "provider[\"registry.opentofu.org/hashicorp/aws\"]",
      "instances": [
        {
          "schema_version": 0,
          "attributes": {
            "alpn_policy": null,
            "arn": "arn:aws:elasticloadbalancing:us-east-2:498692135370:listener/app/application-tier-lb/7c0f9cd978c1f9c3/076b6f72c9ff3102",
            "certificate_arn": null,
            "default_action": [
              {
                "authenticate_cognito": [],
                "authenticate_oidc": [],
                "fixed_response": [],
                "forward": [],
                "order": 1,
                "redirect": [],
                "target_group_arn": "arn:aws:elasticloadbalancing:us-east-2:498692135370:targetgroup/application-tier-lb-tg/5a99da769ce8d7bd",
                "type": "forward"
              }
            ],
            "id": "arn:aws:elasticloadbalancing:us-east-2:498692135370:listener/app/application-tier-lb/7c0f9cd978c1f9c3/076b6f72c9ff3102",
            "load_balancer_arn": "arn:aws:elasticloadbalancing:us-east-2:498692135370:loadbalancer/app/application-tier-lb/7c0f9cd978c1f9c3",
            "mutual_authentication": [],
            "port": 80,
            "protocol": "HTTP",
            "ssl_policy": "",
            "tags": {},
            "tags_all": {},
            "timeouts": null
          },
          "sensitive_attributes": [],
          "private": "eyJlMmJmYjczMC1lY2FhLTExZTYtOGY4OC0zNDM2M2JjN2M0YzAiOnsiY3JlYXRlIjozMDAwMDAwMDAwMDAsInVwZGF0ZSI6MzAwMDAwMDAwMDAwfX0=",
          "dependencies": [
            "aws_lb.application_tier",
            "aws_lb_target_group.application_tier",
            "aws_security_group.arch-sg",
            "aws_subnet.arch-pub-sub-1",
            "aws_subnet.arch-pub-sub-2",
            "aws_vpc.arch-vpc"
          ]
        }
      ]
    },
    {
      "mode": "managed",
      "type": "aws_lb_listener",
      "name": "front_end",
      "provider": "provider[\"registry.opentofu.org/hashicorp/aws\"]",
      "instances": [
        {
          "schema_version": 0,
          "attributes": {
            "alpn_policy": null,
            "arn": "arn:aws:elasticloadbalancing:us-east-2:498692135370:listener/app/front-end-lb/c32424c9775ed948/66dbf6037c1adac7",
            "certificate_arn": null,
            "default_action": [
              {
                "authenticate_cognito": [],
                "authenticate_oidc": [],
                "fixed_response": [],
                "forward": [],
                "order": 1,
                "redirect": [],
                "target_group_arn": "arn:aws:elasticloadbalancing:us-east-2:498692135370:targetgroup/front-end-lb-tg/5942d4306c0f1876",
                "type": "forward"
              }
            ],
            "id": "arn:aws:elasticloadbalancing:us-east-2:498692135370:listener/app/front-end-lb/c32424c9775ed948/66dbf6037c1adac7",
            "load_balancer_arn": "arn:aws:elasticloadbalancing:us-east-2:498692135370:loadbalancer/app/front-end-lb/c32424c9775ed948",
            "mutual_authentication": [],
            "port": 80,
            "protocol": "HTTP",
            "ssl_policy": "",
            "tags": {},
            "tags_all": {},
            "timeouts": null
          },
          "sensitive_attributes": [],
          "private": "eyJlMmJmYjczMC1lY2FhLTExZTYtOGY4OC0zNDM2M2JjN2M0YzAiOnsiY3JlYXRlIjozMDAwMDAwMDAwMDAsInVwZGF0ZSI6MzAwMDAwMDAwMDAwfX0=",
          "dependencies": [
            "aws_lb.front_end",
            "aws_lb_target_group.front_end",
            "aws_security_group.arch-sg",
            "aws_subnet.arch-pub-sub-1",
            "aws_subnet.arch-pub-sub-2",
            "aws_vpc.arch-vpc"
          ]
        }
      ]
    },
    {
      "mode": "managed",
      "type": "aws_lb_target_group",
      "name": "application_tier",
      "provider": "provider[\"registry.opentofu.org/hashicorp/aws\"]",
      "instances": [
        {
          "schema_version": 0,
          "attributes": {
            "arn": "arn:aws:elasticloadbalancing:us-east-2:498692135370:targetgroup/application-tier-lb-tg/5a99da769ce8d7bd",
            "arn_suffix": "targetgroup/application-tier-lb-tg/5a99da769ce8d7bd",
            "connection_termination": null,
            "deregistration_delay": "300",
            "health_check": [
              {
                "enabled": true,
                "healthy_threshold": 5,
                "interval": 30,
                "matcher": "200",
                "path": "/",
                "port": "traffic-port",
                "protocol": "HTTP",
                "timeout": 5,
                "unhealthy_threshold": 2
              }
            ],
            "id": "arn:aws:elasticloadbalancing:us-east-2:498692135370:targetgroup/application-tier-lb-tg/5a99da769ce8d7bd",
            "ip_address_type": "ipv4",
            "lambda_multi_value_headers_enabled": false,
            "load_balancing_algorithm_type": "round_robin",
            "load_balancing_anomaly_mitigation": "off",
            "load_balancing_cross_zone_enabled": "use_load_balancer_configuration",
            "name": "application-tier-lb-tg",
            "name_prefix": "",
            "port": 80,
            "preserve_client_ip": null,
            "protocol": "HTTP",
            "protocol_version": "HTTP1",
            "proxy_protocol_v2": false,
            "slow_start": 0,
            "stickiness": [
              {
                "cookie_duration": 86400,
                "cookie_name": "",
                "enabled": false,
                "type": "lb_cookie"
              }
            ],
            "tags": {},
            "tags_all": {},
            "target_failover": [
              {
                "on_deregistration": null,
                "on_unhealthy": null
              }
            ],
            "target_health_state": [
              {
                "enable_unhealthy_connection_termination": null
              }
            ],
            "target_type": "instance",
            "vpc_id": "vpc-07be32e9816d72577"
          },
          "sensitive_attributes": [],
          "private": "bnVsbA==",
          "dependencies": [
            "aws_vpc.arch-vpc"
          ]
        }
      ]
    },
    {
      "mode": "managed",
      "type": "aws_lb_target_group",
      "name": "front_end",
      "provider": "provider[\"registry.opentofu.org/hashicorp/aws\"]",
      "instances": [
        {
          "schema_version": 0,
          "attributes": {
            "arn": "arn:aws:elasticloadbalancing:us-east-2:498692135370:targetgroup/front-end-lb-tg/5942d4306c0f1876",
            "arn_suffix": "targetgroup/front-end-lb-tg/5942d4306c0f1876",
            "connection_termination": null,
            "deregistration_delay": "300",
            "health_check": [
              {
                "enabled": true,
                "healthy_threshold": 5,
                "interval": 30,
                "matcher": "200",
                "path": "/",
                "port": "traffic-port",
                "protocol": "HTTP",
                "timeout": 5,
                "unhealthy_threshold": 2
              }
            ],
            "id": "arn:aws:elasticloadbalancing:us-east-2:498692135370:targetgroup/front-end-lb-tg/5942d4306c0f1876",
            "ip_address_type": "ipv4",
            "lambda_multi_value_headers_enabled": false,
            "load_balancing_algorithm_type": "round_robin",
            "load_balancing_anomaly_mitigation": "off",
            "load_balancing_cross_zone_enabled": "use_load_balancer_configuration",
            "name": "front-end-lb-tg",
            "name_prefix": "",
            "port": 80,
            "preserve_client_ip": null,
            "protocol": "HTTP",
            "protocol_version": "HTTP1",
            "proxy_protocol_v2": false,
            "slow_start": 0,
            "stickiness": [
              {
                "cookie_duration": 86400,
                "cookie_name": "",
                "enabled": false,
                "type": "lb_cookie"
              }
            ],
            "tags": {},
            "tags_all": {},
            "target_failover": [
              {
                "on_deregistration": null,
                "on_unhealthy": null
              }
            ],
            "target_health_state": [
              {
                "enable_unhealthy_connection_termination": null
              }
            ],
            "target_type": "instance",
            "vpc_id": "vpc-07be32e9816d72577"
          },
          "sensitive_attributes": [],
          "private": "bnVsbA==",
          "dependencies": [
            "aws_vpc.arch-vpc"
          ]
        }
      ]
    },
    {
      "mode": "managed",
      "type": "aws_nat_gateway",
      "name": "nat-gw-1",
      "provider": "provider[\"registry.opentofu.org/hashicorp/aws\"]",
      "instances": [
        {
          "schema_version": 0,
          "attributes": {
            "allocation_id": "eipalloc-052101e32075f0f50",
            "association_id": "eipassoc-0cafd092ceca495d9",
            "connectivity_type": "public",
            "id": "nat-00ebd0e667fbcf847",
            "network_interface_id": "eni-00659908ba0d55916",
            "private_ip": "69.69.1.7",
            "public_ip": "18.119.80.179",
            "secondary_allocation_ids": [],
            "secondary_private_ip_address_count": 0,
            "secondary_private_ip_addresses": [],
            "subnet_id": "subnet-0207cd4931e0c062f",
            "tags": {
              "Name": "dellhoak-nat-gw-1"
            },
            "tags_all": {
              "Name": "dellhoak-nat-gw-1"
            },
            "timeouts": null
          },
          "sensitive_attributes": [],
          "private": "eyJlMmJmYjczMC1lY2FhLTExZTYtOGY4OC0zNDM2M2JjN2M0YzAiOnsiY3JlYXRlIjo2MDAwMDAwMDAwMDAsImRlbGV0ZSI6MTgwMDAwMDAwMDAwMCwidXBkYXRlIjo2MDAwMDAwMDAwMDB9fQ==",
          "dependencies": [
            "aws_eip.nat_ip-1",
            "aws_internet_gateway.arch-igw",
            "aws_subnet.arch-pub-sub-1",
            "aws_vpc.arch-vpc"
          ]
        }
      ]
    },
    {
      "mode": "managed",
      "type": "aws_nat_gateway",
      "name": "nat-gw-2",
      "provider": "provider[\"registry.opentofu.org/hashicorp/aws\"]",
      "instances": [
        {
          "schema_version": 0,
          "attributes": {
            "allocation_id": "eipalloc-063963092d70cae67",
            "association_id": "eipassoc-066aa65b874664127",
            "connectivity_type": "public",
            "id": "nat-07d658040196eeb55",
            "network_interface_id": "eni-0f986e85f54f3be9e",
            "private_ip": "69.69.2.136",
            "public_ip": "3.128.123.237",
            "secondary_allocation_ids": [],
            "secondary_private_ip_address_count": 0,
            "secondary_private_ip_addresses": [],
            "subnet_id": "subnet-0fd1c0fa7ad8bb165",
            "tags": {
              "Name": "dellhoak-nat-gw-2"
            },
            "tags_all": {
              "Name": "dellhoak-nat-gw-2"
            },
            "timeouts": null
          },
          "sensitive_attributes": [],
          "private": "eyJlMmJmYjczMC1lY2FhLTExZTYtOGY4OC0zNDM2M2JjN2M0YzAiOnsiY3JlYXRlIjo2MDAwMDAwMDAwMDAsImRlbGV0ZSI6MTgwMDAwMDAwMDAwMCwidXBkYXRlIjo2MDAwMDAwMDAwMDB9fQ==",
          "dependencies": [
            "aws_eip.nat_ip-2",
            "aws_internet_gateway.arch-igw",
            "aws_subnet.arch-pub-sub-2",
            "aws_vpc.arch-vpc"
          ]
        }
      ]
    },
    {
      "mode": "managed",
      "type": "aws_route_table",
      "name": "private_route-1",
      "provider": "provider[\"registry.opentofu.org/hashicorp/aws\"]",
      "instances": [
        {
          "schema_version": 0,
          "attributes": {
            "arn": "arn:aws:ec2:us-east-2:498692135370:route-table/rtb-0f116f9aa3d784045",
            "id": "rtb-0f116f9aa3d784045",
            "owner_id": "498692135370",
            "propagating_vgws": [],
            "route": [
              {
                "carrier_gateway_id": "",
                "cidr_block": "0.0.0.0/0",
                "core_network_arn": "",
                "destination_prefix_list_id": "",
                "egress_only_gateway_id": "",
                "gateway_id": "",
                "ipv6_cidr_block": "",
                "local_gateway_id": "",
                "nat_gateway_id": "nat-00ebd0e667fbcf847",
                "network_interface_id": "",
                "transit_gateway_id": "",
                "vpc_endpoint_id": "",
                "vpc_peering_connection_id": ""
              }
            ],
            "tags": {
              "Name": "dellhoak-CRT-1"
            },
            "tags_all": {
              "Name": "dellhoak-CRT-1"
            },
            "timeouts": null,
            "vpc_id": "vpc-07be32e9816d72577"
          },
          "sensitive_attributes": [],
          "private": "eyJlMmJmYjczMC1lY2FhLTExZTYtOGY4OC0zNDM2M2JjN2M0YzAiOnsiY3JlYXRlIjozMDAwMDAwMDAwMDAsImRlbGV0ZSI6MzAwMDAwMDAwMDAwLCJ1cGRhdGUiOjEyMDAwMDAwMDAwMH19",
          "dependencies": [
            "aws_eip.nat_ip-1",
            "aws_internet_gateway.arch-igw",
            "aws_nat_gateway.nat-gw-1",
            "aws_subnet.arch-pub-sub-1",
            "aws_vpc.arch-vpc"
          ]
        }
      ]
    },
    {
      "mode": "managed",
      "type": "aws_route_table",
      "name": "private_route-2",
      "provider": "provider[\"registry.opentofu.org/hashicorp/aws\"]",
      "instances": [
        {
          "schema_version": 0,
          "attributes": {
            "arn": "arn:aws:ec2:us-east-2:498692135370:route-table/rtb-030e194cf0990467f",
            "id": "rtb-030e194cf0990467f",
            "owner_id": "498692135370",
            "propagating_vgws": [],
            "route": [
              {
                "carrier_gateway_id": "",
                "cidr_block": "0.0.0.0/0",
                "core_network_arn": "",
                "destination_prefix_list_id": "",
                "egress_only_gateway_id": "",
                "gateway_id": "",
                "ipv6_cidr_block": "",
                "local_gateway_id": "",
                "nat_gateway_id": "nat-07d658040196eeb55",
                "network_interface_id": "",
                "transit_gateway_id": "",
                "vpc_endpoint_id": "",
                "vpc_peering_connection_id": ""
              }
            ],
            "tags": {
              "Name": "dellhoak-CRT-2"
            },
            "tags_all": {
              "Name": "dellhoak-CRT-2"
            },
            "timeouts": null,
            "vpc_id": "vpc-07be32e9816d72577"
          },
          "sensitive_attributes": [],
          "private": "eyJlMmJmYjczMC1lY2FhLTExZTYtOGY4OC0zNDM2M2JjN2M0YzAiOnsiY3JlYXRlIjozMDAwMDAwMDAwMDAsImRlbGV0ZSI6MzAwMDAwMDAwMDAwLCJ1cGRhdGUiOjEyMDAwMDAwMDAwMH19",
          "dependencies": [
            "aws_eip.nat_ip-2",
            "aws_internet_gateway.arch-igw",
            "aws_nat_gateway.nat-gw-2",
            "aws_subnet.arch-pub-sub-2",
            "aws_vpc.arch-vpc"
          ]
        }
      ]
    },
    {
      "mode": "managed",
      "type": "aws_route_table",
      "name": "public_route",
      "provider": "provider[\"registry.opentofu.org/hashicorp/aws\"]",
      "instances": [
        {
          "schema_version": 0,
          "attributes": {
            "arn": "arn:aws:ec2:us-east-2:498692135370:route-table/rtb-0c75bfc13a01128a1",
            "id": "rtb-0c75bfc13a01128a1",
            "owner_id": "498692135370",
            "propagating_vgws": [],
            "route": [
              {
                "carrier_gateway_id": "",
                "cidr_block": "0.0.0.0/0",
                "core_network_arn": "",
                "destination_prefix_list_id": "",
                "egress_only_gateway_id": "",
                "gateway_id": "igw-0acb5e9ce97634de7",
                "ipv6_cidr_block": "",
                "local_gateway_id": "",
                "nat_gateway_id": "",
                "network_interface_id": "",
                "transit_gateway_id": "",
                "vpc_endpoint_id": "",
                "vpc_peering_connection_id": ""
              }
            ],
            "tags": {
              "Name": "dellhoak-MRT"
            },
            "tags_all": {
              "Name": "dellhoak-MRT"
            },
            "timeouts": null,
            "vpc_id": "vpc-07be32e9816d72577"
          },
          "sensitive_attributes": [],
          "private": "eyJlMmJmYjczMC1lY2FhLTExZTYtOGY4OC0zNDM2M2JjN2M0YzAiOnsiY3JlYXRlIjozMDAwMDAwMDAwMDAsImRlbGV0ZSI6MzAwMDAwMDAwMDAwLCJ1cGRhdGUiOjEyMDAwMDAwMDAwMH19",
          "dependencies": [
            "aws_internet_gateway.arch-igw",
            "aws_vpc.arch-vpc"
          ]
        }
      ]
    },
    {
      "mode": "managed",
      "type": "aws_route_table_association",
      "name": "private-route-1",
      "provider": "provider[\"registry.opentofu.org/hashicorp/aws\"]",
      "instances": [
        {
          "schema_version": 0,
          "attributes": {
            "gateway_id": "",
            "id": "rtbassoc-01fd55be96151cc73",
            "route_table_id": "rtb-0f116f9aa3d784045",
            "subnet_id": "subnet-0645453ad8feb4208",
            "timeouts": null
          },
          "sensitive_attributes": [],
          "private": "eyJlMmJmYjczMC1lY2FhLTExZTYtOGY4OC0zNDM2M2JjN2M0YzAiOnsiY3JlYXRlIjozMDAwMDAwMDAwMDAsImRlbGV0ZSI6MzAwMDAwMDAwMDAwLCJ1cGRhdGUiOjEyMDAwMDAwMDAwMH19",
          "dependencies": [
            "aws_eip.nat_ip-1",
            "aws_internet_gateway.arch-igw",
            "aws_nat_gateway.nat-gw-1",
            "aws_route_table.private_route-1",
            "aws_subnet.arch-pri-sub-1",
            "aws_subnet.arch-pub-sub-1",
            "aws_vpc.arch-vpc"
          ]
        }
      ]
    },
    {
      "mode": "managed",
      "type": "aws_route_table_association",
      "name": "private-route-2",
      "provider": "provider[\"registry.opentofu.org/hashicorp/aws\"]",
      "instances": [
        {
          "schema_version": 0,
          "attributes": {
            "gateway_id": "",
            "id": "rtbassoc-0b94be09cf8672ac9",
            "route_table_id": "rtb-030e194cf0990467f",
            "subnet_id": "subnet-09689b3bb877407ee",
            "timeouts": null
          },
          "sensitive_attributes": [],
          "private": "eyJlMmJmYjczMC1lY2FhLTExZTYtOGY4OC0zNDM2M2JjN2M0YzAiOnsiY3JlYXRlIjozMDAwMDAwMDAwMDAsImRlbGV0ZSI6MzAwMDAwMDAwMDAwLCJ1cGRhdGUiOjEyMDAwMDAwMDAwMH19",
          "dependencies": [
            "aws_eip.nat_ip-2",
            "aws_internet_gateway.arch-igw",
            "aws_nat_gateway.nat-gw-2",
            "aws_route_table.private_route-2",
            "aws_subnet.arch-pri-sub-2",
            "aws_subnet.arch-pub-sub-2",
            "aws_vpc.arch-vpc"
          ]
        }
      ]
    },
    {
      "mode": "managed",
      "type": "aws_route_table_association",
      "name": "public_route_association-1",
      "provider": "provider[\"registry.opentofu.org/hashicorp/aws\"]",
      "instances": [
        {
          "schema_version": 0,
          "attributes": {
            "gateway_id": "",
            "id": "rtbassoc-04af0fc48f07f45f0",
            "route_table_id": "rtb-0c75bfc13a01128a1",
            "subnet_id": "subnet-0207cd4931e0c062f",
            "timeouts": null
          },
          "sensitive_attributes": [],
          "private": "eyJlMmJmYjczMC1lY2FhLTExZTYtOGY4OC0zNDM2M2JjN2M0YzAiOnsiY3JlYXRlIjozMDAwMDAwMDAwMDAsImRlbGV0ZSI6MzAwMDAwMDAwMDAwLCJ1cGRhdGUiOjEyMDAwMDAwMDAwMH19",
          "dependencies": [
            "aws_internet_gateway.arch-igw",
            "aws_route_table.public_route",
            "aws_subnet.arch-pub-sub-1",
            "aws_vpc.arch-vpc"
          ]
        }
      ]
    },
    {
      "mode": "managed",
      "type": "aws_route_table_association",
      "name": "public_route_association-2",
      "provider": "provider[\"registry.opentofu.org/hashicorp/aws\"]",
      "instances": [
        {
          "schema_version": 0,
          "attributes": {
            "gateway_id": "",
            "id": "rtbassoc-01adfdcd92022f70c",
            "route_table_id": "rtb-0c75bfc13a01128a1",
            "subnet_id": "subnet-0fd1c0fa7ad8bb165",
            "timeouts": null
          },
          "sensitive_attributes": [],
          "private": "eyJlMmJmYjczMC1lY2FhLTExZTYtOGY4OC0zNDM2M2JjN2M0YzAiOnsiY3JlYXRlIjozMDAwMDAwMDAwMDAsImRlbGV0ZSI6MzAwMDAwMDAwMDAwLCJ1cGRhdGUiOjEyMDAwMDAwMDAwMH19",
          "dependencies": [
            "aws_internet_gateway.arch-igw",
            "aws_route_table.public_route",
            "aws_subnet.arch-pub-sub-2",
            "aws_vpc.arch-vpc"
          ]
        }
      ]
    },
    {
      "mode": "managed",
      "type": "aws_security_group",
      "name": "arch-sg",
      "provider": "provider[\"registry.opentofu.org/hashicorp/aws\"]",
      "instances": [
        {
          "schema_version": 1,
          "attributes": {
            "arn": "arn:aws:ec2:us-east-2:498692135370:security-group/sg-09d8713e1b6b76369",
            "description": "Allow ALL inbound traffic",
            "egress": [
              {
                "cidr_blocks": [
                  "0.0.0.0/0"
                ],
                "description": "",
                "from_port": 0,
                "ipv6_cidr_blocks": [
                  "::/0"
                ],
                "prefix_list_ids": [],
                "protocol": "-1",
                "security_groups": [],
                "self": false,
                "to_port": 0
              }
            ],
            "id": "sg-09d8713e1b6b76369",
            "ingress": [
              {
                "cidr_blocks": [
                  "0.0.0.0/0"
                ],
                "description": "TLS from VPC",
                "from_port": 0,
                "ipv6_cidr_blocks": [
                  "::/0"
                ],
                "prefix_list_ids": [],
                "protocol": "-1",
                "security_groups": [],
                "self": false,
                "to_port": 0
              }
            ],
            "name": "arch-sg",
            "name_prefix": "",
            "owner_id": "498692135370",
            "revoke_rules_on_delete": false,
            "tags": {
              "Name": "dellhoak-sg"
            },
            "tags_all": {
              "Name": "dellhoak-sg"
            },
            "timeouts": null,
            "vpc_id": "vpc-07be32e9816d72577"
          },
          "sensitive_attributes": [],
          "private": "eyJlMmJmYjczMC1lY2FhLTExZTYtOGY4OC0zNDM2M2JjN2M0YzAiOnsiY3JlYXRlIjo2MDAwMDAwMDAwMDAsImRlbGV0ZSI6OTAwMDAwMDAwMDAwfSwic2NoZW1hX3ZlcnNpb24iOiIxIn0=",
          "dependencies": [
            "aws_vpc.arch-vpc"
          ]
        }
      ]
    },
    {
      "mode": "managed",
      "type": "aws_subnet",
      "name": "arch-pri-sub-1",
      "provider": "provider[\"registry.opentofu.org/hashicorp/aws\"]",
      "instances": [
        {
          "schema_version": 1,
          "attributes": {
            "arn": "arn:aws:ec2:us-east-2:498692135370:subnet/subnet-0645453ad8feb4208",
            "assign_ipv6_address_on_creation": false,
            "availability_zone": "us-east-2a",
            "availability_zone_id": "use2-az1",
            "cidr_block": "69.69.3.0/24",
            "customer_owned_ipv4_pool": "",
            "enable_dns64": false,
            "enable_lni_at_device_index": 0,
            "enable_resource_name_dns_a_record_on_launch": false,
            "enable_resource_name_dns_aaaa_record_on_launch": false,
            "id": "subnet-0645453ad8feb4208",
            "ipv6_cidr_block": "",
            "ipv6_cidr_block_association_id": "",
            "ipv6_native": false,
            "map_customer_owned_ip_on_launch": false,
            "map_public_ip_on_launch": true,
            "outpost_arn": "",
            "owner_id": "498692135370",
            "private_dns_hostname_type_on_launch": "ip-name",
            "tags": {
              "Name": "dellhoak-pri-sub-1"
            },
            "tags_all": {
              "Name": "dellhoak-pri-sub-1"
            },
            "timeouts": null,
            "vpc_id": "vpc-07be32e9816d72577"
          },
          "sensitive_attributes": [],
          "private": "eyJlMmJmYjczMC1lY2FhLTExZTYtOGY4OC0zNDM2M2JjN2M0YzAiOnsiY3JlYXRlIjo2MDAwMDAwMDAwMDAsImRlbGV0ZSI6MTIwMDAwMDAwMDAwMH0sInNjaGVtYV92ZXJzaW9uIjoiMSJ9",
          "dependencies": [
            "aws_vpc.arch-vpc"
          ]
        }
      ]
    },
    {
      "mode": "managed",
      "type": "aws_subnet",
      "name": "arch-pri-sub-2",
      "provider": "provider[\"registry.opentofu.org/hashicorp/aws\"]",
      "instances": [
        {
          "schema_version": 1,
          "attributes": {
            "arn": "arn:aws:ec2:us-east-2:498692135370:subnet/subnet-09689b3bb877407ee",
            "assign_ipv6_address_on_creation": false,
            "availability_zone": "us-east-2b",
            "availability_zone_id": "use2-az2",
            "cidr_block": "69.69.4.0/24",
            "customer_owned_ipv4_pool": "",
            "enable_dns64": false,
            "enable_lni_at_device_index": 0,
            "enable_resource_name_dns_a_record_on_launch": false,
            "enable_resource_name_dns_aaaa_record_on_launch": false,
            "id": "subnet-09689b3bb877407ee",
            "ipv6_cidr_block": "",
            "ipv6_cidr_block_association_id": "",
            "ipv6_native": false,
            "map_customer_owned_ip_on_launch": false,
            "map_public_ip_on_launch": true,
            "outpost_arn": "",
            "owner_id": "498692135370",
            "private_dns_hostname_type_on_launch": "ip-name",
            "tags": {
              "Name": "dellhoak-pri-sub-2"
            },
            "tags_all": {
              "Name": "dellhoak-pri-sub-2"
            },
            "timeouts": null,
            "vpc_id": "vpc-07be32e9816d72577"
          },
          "sensitive_attributes": [],
          "private": "eyJlMmJmYjczMC1lY2FhLTExZTYtOGY4OC0zNDM2M2JjN2M0YzAiOnsiY3JlYXRlIjo2MDAwMDAwMDAwMDAsImRlbGV0ZSI6MTIwMDAwMDAwMDAwMH0sInNjaGVtYV92ZXJzaW9uIjoiMSJ9",
          "dependencies": [
            "aws_vpc.arch-vpc"
          ]
        }
      ]
    },
    {
      "mode": "managed",
      "type": "aws_subnet",
      "name": "arch-pub-sub-1",
      "provider": "provider[\"registry.opentofu.org/hashicorp/aws\"]",
      "instances": [
        {
          "schema_version": 1,
          "attributes": {
            "arn": "arn:aws:ec2:us-east-2:498692135370:subnet/subnet-0207cd4931e0c062f",
            "assign_ipv6_address_on_creation": false,
            "availability_zone": "us-east-2a",
            "availability_zone_id": "use2-az1",
            "cidr_block": "69.69.1.0/24",
            "customer_owned_ipv4_pool": "",
            "enable_dns64": false,
            "enable_lni_at_device_index": 0,
            "enable_resource_name_dns_a_record_on_launch": false,
            "enable_resource_name_dns_aaaa_record_on_launch": false,
            "id": "subnet-0207cd4931e0c062f",
            "ipv6_cidr_block": "",
            "ipv6_cidr_block_association_id": "",
            "ipv6_native": false,
            "map_customer_owned_ip_on_launch": false,
            "map_public_ip_on_launch": true,
            "outpost_arn": "",
            "owner_id": "498692135370",
            "private_dns_hostname_type_on_launch": "ip-name",
            "tags": {
              "Name": "dellhoak-pub-sub-1"
            },
            "tags_all": {
              "Name": "dellhoak-pub-sub-1"
            },
            "timeouts": null,
            "vpc_id": "vpc-07be32e9816d72577"
          },
          "sensitive_attributes": [],
          "private": "eyJlMmJmYjczMC1lY2FhLTExZTYtOGY4OC0zNDM2M2JjN2M0YzAiOnsiY3JlYXRlIjo2MDAwMDAwMDAwMDAsImRlbGV0ZSI6MTIwMDAwMDAwMDAwMH0sInNjaGVtYV92ZXJzaW9uIjoiMSJ9",
          "dependencies": [
            "aws_vpc.arch-vpc"
          ]
        }
      ]
    },
    {
      "mode": "managed",
      "type": "aws_subnet",
      "name": "arch-pub-sub-2",
      "provider": "provider[\"registry.opentofu.org/hashicorp/aws\"]",
      "instances": [
        {
          "schema_version": 1,
          "attributes": {
            "arn": "arn:aws:ec2:us-east-2:498692135370:subnet/subnet-0fd1c0fa7ad8bb165",
            "assign_ipv6_address_on_creation": false,
            "availability_zone": "us-east-2b",
            "availability_zone_id": "use2-az2",
            "cidr_block": "69.69.2.0/24",
            "customer_owned_ipv4_pool": "",
            "enable_dns64": false,
            "enable_lni_at_device_index": 0,
            "enable_resource_name_dns_a_record_on_launch": false,
            "enable_resource_name_dns_aaaa_record_on_launch": false,
            "id": "subnet-0fd1c0fa7ad8bb165",
            "ipv6_cidr_block": "",
            "ipv6_cidr_block_association_id": "",
            "ipv6_native": false,
            "map_customer_owned_ip_on_launch": false,
            "map_public_ip_on_launch": true,
            "outpost_arn": "",
            "owner_id": "498692135370",
            "private_dns_hostname_type_on_launch": "ip-name",
            "tags": {
              "Name": "dellhoak-pub-sub-2"
            },
            "tags_all": {
              "Name": "dellhoak-pub-sub-2"
            },
            "timeouts": null,
            "vpc_id": "vpc-07be32e9816d72577"
          },
          "sensitive_attributes": [],
          "private": "eyJlMmJmYjczMC1lY2FhLTExZTYtOGY4OC0zNDM2M2JjN2M0YzAiOnsiY3JlYXRlIjo2MDAwMDAwMDAwMDAsImRlbGV0ZSI6MTIwMDAwMDAwMDAwMH0sInNjaGVtYV92ZXJzaW9uIjoiMSJ9",
          "dependencies": [
            "aws_vpc.arch-vpc"
          ]
        }
      ]
    },
    {
      "mode": "managed",
      "type": "aws_vpc",
      "name": "arch-vpc",
      "provider": "provider[\"registry.opentofu.org/hashicorp/aws\"]",
      "instances": [
        {
          "schema_version": 1,
          "attributes": {
            "arn": "arn:aws:ec2:us-east-2:498692135370:vpc/vpc-07be32e9816d72577",
            "assign_generated_ipv6_cidr_block": false,
            "cidr_block": "69.69.0.0/16",
            "default_network_acl_id": "acl-0d7a8ef3a8b54a73e",
            "default_route_table_id": "rtb-0740a1dd34a466849",
            "default_security_group_id": "sg-058f9ac240fd386ca",
            "dhcp_options_id": "dopt-01e9e4b5c9482d1d7",
            "enable_dns_hostnames": false,
            "enable_dns_support": true,
            "enable_network_address_usage_metrics": false,
            "id": "vpc-07be32e9816d72577",
            "instance_tenancy": "default",
            "ipv4_ipam_pool_id": null,
            "ipv4_netmask_length": null,
            "ipv6_association_id": "",
            "ipv6_cidr_block": "",
            "ipv6_cidr_block_network_border_group": "",
            "ipv6_ipam_pool_id": "",
            "ipv6_netmask_length": 0,
            "main_route_table_id": "rtb-0740a1dd34a466849",
            "owner_id": "498692135370",
            "tags": {
              "Name": "dellhoak-vpc"
            },
            "tags_all": {
              "Name": "dellhoak-vpc"
            }
          },
          "sensitive_attributes": [],
          "private": "eyJzY2hlbWFfdmVyc2lvbiI6IjEifQ=="
        }
      ]
    },
    {
      "mode": "managed",
      "type": "local_file",
      "name": "private_key_pem",
      "provider": "provider[\"registry.opentofu.org/hashicorp/local\"]",
      "instances": [
        {
          "schema_version": 0,
          "attributes": {
            "content": "-----BEGIN RSA PRIVATE KEY-----\nMIIJKQIBAAKCAgEAyrigP3fqErklkRvRS2RcMhRfkFOrF6YKs8H/K7ZKU+IOwPYO\nrfGgRAnvQEdURZafVrvC5LmnzsXI+PTbyI9r10pH+CQHyr0PtQMEdGVkGt3R6UAL\nx9dDq8pKnikZOSfe+YIVVjeqZMzGywPRXaAexAnL4fe+Rm2TVP46xrbhuYClUb+p\nHNqVTkGmYjpP3rVo8uOBfcGl/0EigFE3l0Fp2Wl++875Bgrv2q3IKAnMolZsEfq/\nieYelxXxY+c88aZGXJX2ApIhcPbJB2+JjFdD1ZaL0JI7Zk6g55UGd47cMjWSoLYa\nDeYo6pJ55mZ9nVBqTs2TCoqhu0fARejRn3Odpt2XKi39152F1ZufHnq8xbJ8ZRcZ\nxLQVKsDPE0S13JaenhW1yYDsrlRzzS87VKokp4z0XAa9X/g05n8RXXaIBq+ZoM/W\nVnTMvs6nn5gVldiPGUnMmFi/k6w9ltrMgVDmBCFlItQ/rwdVn31r4Hb74aYbgEYV\nvwvqiVhRJW5720UEio0lGja/xWIXrJwAaJnkaX5x9eC6p0A2pEOeW1+LiR4mknUt\nHS894yQfFLxYqsywKwRx1FzQin5zqEVZPLrWIoMdp1WHN2sDA6CWoav7y31cITYz\nPFBkdW691FJEdBG4RuIRGqJ4VKjjtJVOgj61Vbhzh6aRkCDGmAJaPlbBsV0CAwEA\nAQKCAgA/HHlvKPLrf06NvX5MHWOCh8s0kIe8ZgoA6o15W1gKg18afcAWMRo29GzS\nsyIuQ/U5OF01fgMbIYIu13QxHU1yigKb4wO1/2QLc3QIlKQ0pQg7uJ+ySHcd3W2b\njan3nE0Tmobv/4aBuSrOe1LL9hR97ZrWr51CKczrcfZ0dO0TJlTRfXy1qes/oLqe\n7A5/hDS3IVLoBsiaDfoivqYy5b+BWxGYbVgjpHYFu4KLzHkztPoSIuFMmiK94Kv0\n8UGM7boMCve61ymoFHyDXxsQYP6SWTsP5OavNB1t23xW7lfpHbqXY/n6h8QHOzDO\nJOxIdIeUHvX/Gye8uVrHqPLR1Fmo0ZjYTcNldGaS1YKI8CYWfEpF+tQ4aZSl+yYe\ndV0458renwLRNJZ2/toWQQN/73AErTSJ/0zb3kkb/qFb7uMynfsqhlXP6G4TzLXH\nMGGYYXyGa1GOH1VKoj21nh/Aq6eTLik9YUs1brSnDbPrrV+p5pzUqG3RoLP/I8KZ\nOWXnlKi4HQA/ItowUF0OmiG4qI17ULh3+oMpJ2ItdkVgGjRX7SMlHNKJhULAvTLr\nWHzB6J0cez9VpZALtB12dkCxt271dRPLzWg5+NSzsoIdKxMXuvRDkUgm+3eU7Iei\n7/yiUN9ohQEBpPN3UoB8tAJ7SPtd87d5h9j8qv/86e2zPszQgQKCAQEA/9S9uzE0\nnNo12gWsh0XkrYMtCGzH0SKXOyu8+dhsj9bJkRTE4reUi0FxdrGCzZwD5E0vUIMQ\nsBcv+arz7+tU19Ff8vgKVeafRtjYg6ahXRrIq4ilqS+BjvKJLk2cpd9HS5xEZI4L\n2sTeBklIaykWkaArsNVo0/DsK4NYmOG7CtKKom7pkwESbFPZIJx1sGMhTElPNjEj\nLbBwsbT+7ikMI9mGEDH/7gH8MNZgmhBmEmYJHJqnMUYl7Vk7l7P7cr+nYGXZmOOX\nKOldvyIPVGGKy6UlDJliqGjCGW/X45S0KSh/7Bz4ecHSZr8kWpfvk4b4f8Rw6dsY\nYug2T4IDVFXGoQKCAQEAytrnh1FYb/Nw7dx3bPIfNgYAS+Da1gK631yTcPmKNlZS\nvoDrbkTQpPwKTQzAC5YTbR0tpHAMEI61lVSc/cIne6N1bdv5GwWjh4l35IGD6HC3\nDilUdGw5UVJu1CPdtjpVbLJgqB+qwO9KBjxpR3fpIISTA7Xtnm1tJcF0M4DkzzOo\npGfEuFsY9iyiEaBQ4xQ/rIJN65R5SZonRKK0Cj3JO8I5LPy9uSGg3MdV39s0FeI6\nZKmBjRYQjIV7eZkPPeqHlPtfJ/Rs0GbbTc11u3ZVJT/OLsyMzzx6B2Rm6ZQ0bX1n\nOHwWI64cgE3NqqggnyCtDtvd2B8xShmn02jPNd09PQKCAQEAvcEsIYZzwcvQmbAP\nsh5TaaecZV1aMHL5vTfJ6X9vtpjX1TaUep00Hr4hzKoJnTwVXucpKwyr+hCY0xTL\n7q6ctZ9lDbCQ6fovNbttjOixU3+kTCcEySKldEPNIH0MrbOZDCoSSItbm57eF8eP\nYXyOcuFcxsLkCB/w7K11r5/uvi5ACg8+TH1FDvh6Wkfyuywr7IuLp2R29VKjpAvd\n8wSbLpQPbj/H1t++EPNRn7R+ITNxmrfTPycKxqujGfizjv88xLGG3nIhEoVVtYkr\n2ain7DjH7DpxBPz+yyM7/F+16blSeO1cF+N9jhxEeLWtS72W4B3yqmKKCgK3Fe4X\nThx5QQKCAQBfhGHewrvcwwlaxyPoxb1Sh9Ld57vDZ7escv/uA2JEIbOGhlfVLUv9\nU7xZ+XX4PqtZBpM2SZg0t63i6dueVSyYOCiUGS8bvTT6Hg25KA7/hQt8/JMK2ubG\nVwVemKDOLHuK2hdPMtIJVONLOmjsQRchu6sp5SFFJwts6sGXesrCkfWHrGDh2etQ\nB0Ys/Ir50dAFn7mnAtt1f8Obuu0BoYQ+wj5/42ZGZQJE0wupg6Lr5wFN4s7gqxIR\nyMySPjMCGYvL5+0veBVAsB31bZhRM+/1wSyJtsFa14QyNOGMfL+PCqxu2WbnWBWN\niJUeFVp+8zjptTepi05/MMNodYKUP1+VAoIBAQD/UnkGyD98bGbNZQQN/r0wfx6S\nY5GYF/fYKjeMOYZXfhmlTvslc48YZjYeGOBW1von2cjaBgLRNnoLUJfqEGdTKlHn\nYNHhljgPaPV2od66QTgKRgDDd0cauDP+aPmakWaN/5aG9j4A7Ws4//pylQb0NREG\n2SqEdBm5h/e98kL8l0uSdinR9f1A2rXZrcu8cNDCgIz24duWY2t/yJ9ylY+sM1xI\nQC3m4IlpYgGx61bGKrhx45lCJYH8/QQuZlJDI4beG+K0UJ4Rk+OOuuICahopUxiw\niQcXYWU50EzxcHQi9lfGlrgFE24x/FCePYJg68UnXHV/8htnwkwr42gVx1Bv\n-----END RSA PRIVATE KEY-----\n",
            "content_base64": null,
            "content_base64sha256": "AY7POumNPZqXXa3ThfithN5wluJ4vbE2BC7p5j4RGoI=",
            "content_base64sha512": "VZ3ZNKMD0Msoms/yECSsbxvVk5YA835GNZvVxBhLlcawtaoGNTeESZfKUUoyhB+7Wf5+31NPZRB8r63XK+Rmgg==",
            "content_md5": "1cb98ed07fa22cf69c31ca9fda8ef470",
            "content_sha1": "dd2b4a05dfd273d508131c7d96c71b59e4567b09",
            "content_sha256": "018ecf3ae98d3d9a975dadd385f8ad84de7096e278bdb136042ee9e63e111a82",
            "content_sha512": "559dd934a303d0cb289acff21024ac6f1bd5939600f37e46359bd5c4184b95c6b0b5aa063537844997ca514a32841fbb59fe7edf534f65107cafadd72be46682",
            "directory_permission": "0777",
            "file_permission": "0777",
            "filename": "./terra-keypair.pem",
            "id": "dd2b4a05dfd273d508131c7d96c71b59e4567b09",
            "sensitive_content": null,
            "source": null
          },
          "sensitive_attributes": [
            [
              {
                "type": "get_attr",
                "value": "content"
              }
            ]
          ],
          "dependencies": [
            "tls_private_key.pri-terra-key"
          ]
        }
      ]
    },
    {
      "mode": "managed",
      "type": "tls_private_key",
      "name": "pri-terra-key",
      "provider": "provider[\"registry.opentofu.org/hashicorp/tls\"]",
      "instances": [
        {
          "schema_version": 1,
          "attributes": {
            "algorithm": "RSA",
            "ecdsa_curve": "P224",
            "id": "95e1631ff43209c4305f837bc810307676ff5956",
            "private_key_openssh": "-----BEGIN OPENSSH PRIVATE KEY-----\nb3BlbnNzaC1rZXktdjEAAAAABG5vbmUAAAAEbm9uZQAAAAAAAAABAAACFwAAAAdz\nc2gtcnNhAAAAAwEAAQAAAgEAyrigP3fqErklkRvRS2RcMhRfkFOrF6YKs8H/K7ZK\nU+IOwPYOrfGgRAnvQEdURZafVrvC5LmnzsXI+PTbyI9r10pH+CQHyr0PtQMEdGVk\nGt3R6UALx9dDq8pKnikZOSfe+YIVVjeqZMzGywPRXaAexAnL4fe+Rm2TVP46xrbh\nuYClUb+pHNqVTkGmYjpP3rVo8uOBfcGl/0EigFE3l0Fp2Wl++875Bgrv2q3IKAnM\nolZsEfq/ieYelxXxY+c88aZGXJX2ApIhcPbJB2+JjFdD1ZaL0JI7Zk6g55UGd47c\nMjWSoLYaDeYo6pJ55mZ9nVBqTs2TCoqhu0fARejRn3Odpt2XKi39152F1ZufHnq8\nxbJ8ZRcZxLQVKsDPE0S13JaenhW1yYDsrlRzzS87VKokp4z0XAa9X/g05n8RXXaI\nBq+ZoM/WVnTMvs6nn5gVldiPGUnMmFi/k6w9ltrMgVDmBCFlItQ/rwdVn31r4Hb7\n4aYbgEYVvwvqiVhRJW5720UEio0lGja/xWIXrJwAaJnkaX5x9eC6p0A2pEOeW1+L\niR4mknUtHS894yQfFLxYqsywKwRx1FzQin5zqEVZPLrWIoMdp1WHN2sDA6CWoav7\ny31cITYzPFBkdW691FJEdBG4RuIRGqJ4VKjjtJVOgj61Vbhzh6aRkCDGmAJaPlbB\nsV0AAAc4YNJVjWDSVY0AAAAHc3NoLXJzYQAAAgEAyrigP3fqErklkRvRS2RcMhRf\nkFOrF6YKs8H/K7ZKU+IOwPYOrfGgRAnvQEdURZafVrvC5LmnzsXI+PTbyI9r10pH\n+CQHyr0PtQMEdGVkGt3R6UALx9dDq8pKnikZOSfe+YIVVjeqZMzGywPRXaAexAnL\n4fe+Rm2TVP46xrbhuYClUb+pHNqVTkGmYjpP3rVo8uOBfcGl/0EigFE3l0Fp2Wl+\n+875Bgrv2q3IKAnMolZsEfq/ieYelxXxY+c88aZGXJX2ApIhcPbJB2+JjFdD1ZaL\n0JI7Zk6g55UGd47cMjWSoLYaDeYo6pJ55mZ9nVBqTs2TCoqhu0fARejRn3Odpt2X\nKi39152F1ZufHnq8xbJ8ZRcZxLQVKsDPE0S13JaenhW1yYDsrlRzzS87VKokp4z0\nXAa9X/g05n8RXXaIBq+ZoM/WVnTMvs6nn5gVldiPGUnMmFi/k6w9ltrMgVDmBCFl\nItQ/rwdVn31r4Hb74aYbgEYVvwvqiVhRJW5720UEio0lGja/xWIXrJwAaJnkaX5x\n9eC6p0A2pEOeW1+LiR4mknUtHS894yQfFLxYqsywKwRx1FzQin5zqEVZPLrWIoMd\np1WHN2sDA6CWoav7y31cITYzPFBkdW691FJEdBG4RuIRGqJ4VKjjtJVOgj61Vbhz\nh6aRkCDGmAJaPlbBsV0AAAADAQABAAACAD8ceW8o8ut/To29fkwdY4KHyzSQh7xm\nCgDqjXlbWAqDXxp9wBYxGjb0bNKzIi5D9Tk4XTV+Axshgi7XdDEdTXKKApvjA7X/\nZAtzdAiUpDSlCDu4n7JIdx3dbZuNqfecTROahu//hoG5Ks57Usv2FH3tmtavnUIp\nzOtx9nR07RMmVNF9fLWp6z+gup7sDn+ENLchUugGyJoN+iK+pjLlv4FbEZhtWCOk\ndgW7govMeTO0+hIi4UyaIr3gq/TxQYztugwK97rXKagUfINfGxBg/pJZOw/k5q80\nHW3bfFbuV+kdupdj+fqHxAc7MM4k7Eh0h5Qe9f8bJ7y5Wseo8tHUWajRmNhNw2V0\nZpLVgojwJhZ8SkX61DhplKX7Jh51XTjnyt6fAtE0lnb+2hZBA3/vcAStNIn/TNve\nSRv+oVvu4zKd+yqGVc/obhPMtccwYZhhfIZrUY4fVUqiPbWeH8Crp5MuKT1hSzVu\ntKcNs+utX6nmnNSobdGgs/8jwpk5ZeeUqLgdAD8i2jBQXQ6aIbiojXtQuHf6gykn\nYi12RWAaNFftIyUc0omFQsC9MutYfMHonRx7P1WlkAu0HXZ2QLG3bvV1E8vNaDn4\n1LOygh0rExe69EORSCb7d5Tsh6Lv/KJQ32iFAQGk83dSgHy0AntI+13zt3mH2Pyq\n//zp7bM+zNCBAAABAQD/UnkGyD98bGbNZQQN/r0wfx6SY5GYF/fYKjeMOYZXfhml\nTvslc48YZjYeGOBW1von2cjaBgLRNnoLUJfqEGdTKlHnYNHhljgPaPV2od66QTgK\nRgDDd0cauDP+aPmakWaN/5aG9j4A7Ws4//pylQb0NREG2SqEdBm5h/e98kL8l0uS\ndinR9f1A2rXZrcu8cNDCgIz24duWY2t/yJ9ylY+sM1xIQC3m4IlpYgGx61bGKrhx\n45lCJYH8/QQuZlJDI4beG+K0UJ4Rk+OOuuICahopUxiwiQcXYWU50EzxcHQi9lfG\nlrgFE24x/FCePYJg68UnXHV/8htnwkwr42gVx1BvAAABAQD/1L27MTSc2jXaBayH\nReStgy0IbMfRIpc7K7z52GyP1smRFMTit5SLQXF2sYLNnAPkTS9QgxCwFy/5qvPv\n61TX0V/y+ApV5p9G2NiDpqFdGsiriKWpL4GO8okuTZyl30dLnERkjgvaxN4GSUhr\nKRaRoCuw1WjT8Owrg1iY4bsK0oqibumTARJsU9kgnHWwYyFMSU82MSMtsHCxtP7u\nKQwj2YYQMf/uAfww1mCaEGYSZgkcmqcxRiXtWTuXs/tyv6dgZdmY45co6V2/Ig9U\nYYrLpSUMmWKoaMIZb9fjlLQpKH/sHPh5wdJmvyRal++Thvh/xHDp2xhi6DZPggNU\nVcahAAABAQDK2ueHUVhv83Dt3Hds8h82BgBL4NrWArrfXJNw+Yo2VlK+gOtuRNCk\n/ApNDMALlhNtHS2kcAwQjrWVVJz9wid7o3Vt2/kbBaOHiXfkgYPocLcOKVR0bDlR\nUm7UI922OlVssmCoH6rA70oGPGlHd+kghJMDte2ebW0lwXQzgOTPM6ikZ8S4Wxj2\nLKIRoFDjFD+sgk3rlHlJmidEorQKPck7wjks/L25IaDcx1Xf2zQV4jpkqYGNFhCM\nhXt5mQ896oeU+18n9GzQZttNzXW7dlUlP84uzIzPPHoHZGbplDRtfWc4fBYjrhyA\nTc2qqCCfIK0O293YHzFKGafTaM813T09AAAAAAEC\n-----END OPENSSH PRIVATE KEY-----\n",
            "private_key_pem": "-----BEGIN RSA PRIVATE KEY-----\nMIIJKQIBAAKCAgEAyrigP3fqErklkRvRS2RcMhRfkFOrF6YKs8H/K7ZKU+IOwPYO\nrfGgRAnvQEdURZafVrvC5LmnzsXI+PTbyI9r10pH+CQHyr0PtQMEdGVkGt3R6UAL\nx9dDq8pKnikZOSfe+YIVVjeqZMzGywPRXaAexAnL4fe+Rm2TVP46xrbhuYClUb+p\nHNqVTkGmYjpP3rVo8uOBfcGl/0EigFE3l0Fp2Wl++875Bgrv2q3IKAnMolZsEfq/\nieYelxXxY+c88aZGXJX2ApIhcPbJB2+JjFdD1ZaL0JI7Zk6g55UGd47cMjWSoLYa\nDeYo6pJ55mZ9nVBqTs2TCoqhu0fARejRn3Odpt2XKi39152F1ZufHnq8xbJ8ZRcZ\nxLQVKsDPE0S13JaenhW1yYDsrlRzzS87VKokp4z0XAa9X/g05n8RXXaIBq+ZoM/W\nVnTMvs6nn5gVldiPGUnMmFi/k6w9ltrMgVDmBCFlItQ/rwdVn31r4Hb74aYbgEYV\nvwvqiVhRJW5720UEio0lGja/xWIXrJwAaJnkaX5x9eC6p0A2pEOeW1+LiR4mknUt\nHS894yQfFLxYqsywKwRx1FzQin5zqEVZPLrWIoMdp1WHN2sDA6CWoav7y31cITYz\nPFBkdW691FJEdBG4RuIRGqJ4VKjjtJVOgj61Vbhzh6aRkCDGmAJaPlbBsV0CAwEA\nAQKCAgA/HHlvKPLrf06NvX5MHWOCh8s0kIe8ZgoA6o15W1gKg18afcAWMRo29GzS\nsyIuQ/U5OF01fgMbIYIu13QxHU1yigKb4wO1/2QLc3QIlKQ0pQg7uJ+ySHcd3W2b\njan3nE0Tmobv/4aBuSrOe1LL9hR97ZrWr51CKczrcfZ0dO0TJlTRfXy1qes/oLqe\n7A5/hDS3IVLoBsiaDfoivqYy5b+BWxGYbVgjpHYFu4KLzHkztPoSIuFMmiK94Kv0\n8UGM7boMCve61ymoFHyDXxsQYP6SWTsP5OavNB1t23xW7lfpHbqXY/n6h8QHOzDO\nJOxIdIeUHvX/Gye8uVrHqPLR1Fmo0ZjYTcNldGaS1YKI8CYWfEpF+tQ4aZSl+yYe\ndV0458renwLRNJZ2/toWQQN/73AErTSJ/0zb3kkb/qFb7uMynfsqhlXP6G4TzLXH\nMGGYYXyGa1GOH1VKoj21nh/Aq6eTLik9YUs1brSnDbPrrV+p5pzUqG3RoLP/I8KZ\nOWXnlKi4HQA/ItowUF0OmiG4qI17ULh3+oMpJ2ItdkVgGjRX7SMlHNKJhULAvTLr\nWHzB6J0cez9VpZALtB12dkCxt271dRPLzWg5+NSzsoIdKxMXuvRDkUgm+3eU7Iei\n7/yiUN9ohQEBpPN3UoB8tAJ7SPtd87d5h9j8qv/86e2zPszQgQKCAQEA/9S9uzE0\nnNo12gWsh0XkrYMtCGzH0SKXOyu8+dhsj9bJkRTE4reUi0FxdrGCzZwD5E0vUIMQ\nsBcv+arz7+tU19Ff8vgKVeafRtjYg6ahXRrIq4ilqS+BjvKJLk2cpd9HS5xEZI4L\n2sTeBklIaykWkaArsNVo0/DsK4NYmOG7CtKKom7pkwESbFPZIJx1sGMhTElPNjEj\nLbBwsbT+7ikMI9mGEDH/7gH8MNZgmhBmEmYJHJqnMUYl7Vk7l7P7cr+nYGXZmOOX\nKOldvyIPVGGKy6UlDJliqGjCGW/X45S0KSh/7Bz4ecHSZr8kWpfvk4b4f8Rw6dsY\nYug2T4IDVFXGoQKCAQEAytrnh1FYb/Nw7dx3bPIfNgYAS+Da1gK631yTcPmKNlZS\nvoDrbkTQpPwKTQzAC5YTbR0tpHAMEI61lVSc/cIne6N1bdv5GwWjh4l35IGD6HC3\nDilUdGw5UVJu1CPdtjpVbLJgqB+qwO9KBjxpR3fpIISTA7Xtnm1tJcF0M4DkzzOo\npGfEuFsY9iyiEaBQ4xQ/rIJN65R5SZonRKK0Cj3JO8I5LPy9uSGg3MdV39s0FeI6\nZKmBjRYQjIV7eZkPPeqHlPtfJ/Rs0GbbTc11u3ZVJT/OLsyMzzx6B2Rm6ZQ0bX1n\nOHwWI64cgE3NqqggnyCtDtvd2B8xShmn02jPNd09PQKCAQEAvcEsIYZzwcvQmbAP\nsh5TaaecZV1aMHL5vTfJ6X9vtpjX1TaUep00Hr4hzKoJnTwVXucpKwyr+hCY0xTL\n7q6ctZ9lDbCQ6fovNbttjOixU3+kTCcEySKldEPNIH0MrbOZDCoSSItbm57eF8eP\nYXyOcuFcxsLkCB/w7K11r5/uvi5ACg8+TH1FDvh6Wkfyuywr7IuLp2R29VKjpAvd\n8wSbLpQPbj/H1t++EPNRn7R+ITNxmrfTPycKxqujGfizjv88xLGG3nIhEoVVtYkr\n2ain7DjH7DpxBPz+yyM7/F+16blSeO1cF+N9jhxEeLWtS72W4B3yqmKKCgK3Fe4X\nThx5QQKCAQBfhGHewrvcwwlaxyPoxb1Sh9Ld57vDZ7escv/uA2JEIbOGhlfVLUv9\nU7xZ+XX4PqtZBpM2SZg0t63i6dueVSyYOCiUGS8bvTT6Hg25KA7/hQt8/JMK2ubG\nVwVemKDOLHuK2hdPMtIJVONLOmjsQRchu6sp5SFFJwts6sGXesrCkfWHrGDh2etQ\nB0Ys/Ir50dAFn7mnAtt1f8Obuu0BoYQ+wj5/42ZGZQJE0wupg6Lr5wFN4s7gqxIR\nyMySPjMCGYvL5+0veBVAsB31bZhRM+/1wSyJtsFa14QyNOGMfL+PCqxu2WbnWBWN\niJUeFVp+8zjptTepi05/MMNodYKUP1+VAoIBAQD/UnkGyD98bGbNZQQN/r0wfx6S\nY5GYF/fYKjeMOYZXfhmlTvslc48YZjYeGOBW1von2cjaBgLRNnoLUJfqEGdTKlHn\nYNHhljgPaPV2od66QTgKRgDDd0cauDP+aPmakWaN/5aG9j4A7Ws4//pylQb0NREG\n2SqEdBm5h/e98kL8l0uSdinR9f1A2rXZrcu8cNDCgIz24duWY2t/yJ9ylY+sM1xI\nQC3m4IlpYgGx61bGKrhx45lCJYH8/QQuZlJDI4beG+K0UJ4Rk+OOuuICahopUxiw\niQcXYWU50EzxcHQi9lfGlrgFE24x/FCePYJg68UnXHV/8htnwkwr42gVx1Bv\n-----END RSA PRIVATE KEY-----\n",
            "private_key_pem_pkcs8": "-----BEGIN PRIVATE KEY-----\nMIIJQwIBADANBgkqhkiG9w0BAQEFAASCCS0wggkpAgEAAoICAQDKuKA/d+oSuSWR\nG9FLZFwyFF+QU6sXpgqzwf8rtkpT4g7A9g6t8aBECe9AR1RFlp9Wu8LkuafOxcj4\n9NvIj2vXSkf4JAfKvQ+1AwR0ZWQa3dHpQAvH10OrykqeKRk5J975ghVWN6pkzMbL\nA9FdoB7ECcvh975GbZNU/jrGtuG5gKVRv6kc2pVOQaZiOk/etWjy44F9waX/QSKA\nUTeXQWnZaX77zvkGCu/arcgoCcyiVmwR+r+J5h6XFfFj5zzxpkZclfYCkiFw9skH\nb4mMV0PVlovQkjtmTqDnlQZ3jtwyNZKgthoN5ijqknnmZn2dUGpOzZMKiqG7R8BF\n6NGfc52m3ZcqLf3XnYXVm58eerzFsnxlFxnEtBUqwM8TRLXclp6eFbXJgOyuVHPN\nLztUqiSnjPRcBr1f+DTmfxFddogGr5mgz9ZWdMy+zqefmBWV2I8ZScyYWL+TrD2W\n2syBUOYEIWUi1D+vB1WffWvgdvvhphuARhW/C+qJWFElbnvbRQSKjSUaNr/FYhes\nnABomeRpfnH14LqnQDakQ55bX4uJHiaSdS0dLz3jJB8UvFiqzLArBHHUXNCKfnOo\nRVk8utYigx2nVYc3awMDoJahq/vLfVwhNjM8UGR1br3UUkR0EbhG4hEaonhUqOO0\nlU6CPrVVuHOHppGQIMaYAlo+VsGxXQIDAQABAoICAD8ceW8o8ut/To29fkwdY4KH\nyzSQh7xmCgDqjXlbWAqDXxp9wBYxGjb0bNKzIi5D9Tk4XTV+Axshgi7XdDEdTXKK\nApvjA7X/ZAtzdAiUpDSlCDu4n7JIdx3dbZuNqfecTROahu//hoG5Ks57Usv2FH3t\nmtavnUIpzOtx9nR07RMmVNF9fLWp6z+gup7sDn+ENLchUugGyJoN+iK+pjLlv4Fb\nEZhtWCOkdgW7govMeTO0+hIi4UyaIr3gq/TxQYztugwK97rXKagUfINfGxBg/pJZ\nOw/k5q80HW3bfFbuV+kdupdj+fqHxAc7MM4k7Eh0h5Qe9f8bJ7y5Wseo8tHUWajR\nmNhNw2V0ZpLVgojwJhZ8SkX61DhplKX7Jh51XTjnyt6fAtE0lnb+2hZBA3/vcASt\nNIn/TNveSRv+oVvu4zKd+yqGVc/obhPMtccwYZhhfIZrUY4fVUqiPbWeH8Crp5Mu\nKT1hSzVutKcNs+utX6nmnNSobdGgs/8jwpk5ZeeUqLgdAD8i2jBQXQ6aIbiojXtQ\nuHf6gyknYi12RWAaNFftIyUc0omFQsC9MutYfMHonRx7P1WlkAu0HXZ2QLG3bvV1\nE8vNaDn41LOygh0rExe69EORSCb7d5Tsh6Lv/KJQ32iFAQGk83dSgHy0AntI+13z\nt3mH2Pyq//zp7bM+zNCBAoIBAQD/1L27MTSc2jXaBayHReStgy0IbMfRIpc7K7z5\n2GyP1smRFMTit5SLQXF2sYLNnAPkTS9QgxCwFy/5qvPv61TX0V/y+ApV5p9G2NiD\npqFdGsiriKWpL4GO8okuTZyl30dLnERkjgvaxN4GSUhrKRaRoCuw1WjT8Owrg1iY\n4bsK0oqibumTARJsU9kgnHWwYyFMSU82MSMtsHCxtP7uKQwj2YYQMf/uAfww1mCa\nEGYSZgkcmqcxRiXtWTuXs/tyv6dgZdmY45co6V2/Ig9UYYrLpSUMmWKoaMIZb9fj\nlLQpKH/sHPh5wdJmvyRal++Thvh/xHDp2xhi6DZPggNUVcahAoIBAQDK2ueHUVhv\n83Dt3Hds8h82BgBL4NrWArrfXJNw+Yo2VlK+gOtuRNCk/ApNDMALlhNtHS2kcAwQ\njrWVVJz9wid7o3Vt2/kbBaOHiXfkgYPocLcOKVR0bDlRUm7UI922OlVssmCoH6rA\n70oGPGlHd+kghJMDte2ebW0lwXQzgOTPM6ikZ8S4Wxj2LKIRoFDjFD+sgk3rlHlJ\nmidEorQKPck7wjks/L25IaDcx1Xf2zQV4jpkqYGNFhCMhXt5mQ896oeU+18n9GzQ\nZttNzXW7dlUlP84uzIzPPHoHZGbplDRtfWc4fBYjrhyATc2qqCCfIK0O293YHzFK\nGafTaM813T09AoIBAQC9wSwhhnPBy9CZsA+yHlNpp5xlXVowcvm9N8npf2+2mNfV\nNpR6nTQeviHMqgmdPBVe5ykrDKv6EJjTFMvurpy1n2UNsJDp+i81u22M6LFTf6RM\nJwTJIqV0Q80gfQyts5kMKhJIi1ubnt4Xx49hfI5y4VzGwuQIH/DsrXWvn+6+LkAK\nDz5MfUUO+HpaR/K7LCvsi4unZHb1UqOkC93zBJsulA9uP8fW374Q81GftH4hM3Ga\nt9M/JwrGq6MZ+LOO/zzEsYbeciEShVW1iSvZqKfsOMfsOnEE/P7LIzv8X7XpuVJ4\n7VwX432OHER4ta1LvZbgHfKqYooKArcV7hdOHHlBAoIBAF+EYd7Cu9zDCVrHI+jF\nvVKH0t3nu8Nnt6xy/+4DYkQhs4aGV9UtS/1TvFn5dfg+q1kGkzZJmDS3reLp255V\nLJg4KJQZLxu9NPoeDbkoDv+FC3z8kwra5sZXBV6YoM4se4raF08y0glU40s6aOxB\nFyG7qynlIUUnC2zqwZd6ysKR9YesYOHZ61AHRiz8ivnR0AWfuacC23V/w5u67QGh\nhD7CPn/jZkZlAkTTC6mDouvnAU3izuCrEhHIzJI+MwIZi8vn7S94FUCwHfVtmFEz\n7/XBLIm2wVrXhDI04Yx8v48KrG7ZZudYFY2IlR4VWn7zOOm1N6mLTn8ww2h1gpQ/\nX5UCggEBAP9SeQbIP3xsZs1lBA3+vTB/HpJjkZgX99gqN4w5hld+GaVO+yVzjxhm\nNh4Y4FbW+ifZyNoGAtE2egtQl+oQZ1MqUedg0eGWOA9o9Xah3rpBOApGAMN3Rxq4\nM/5o+ZqRZo3/lob2PgDtazj/+nKVBvQ1EQbZKoR0GbmH973yQvyXS5J2KdH1/UDa\ntdmty7xw0MKAjPbh25Zja3/In3KVj6wzXEhALebgiWliAbHrVsYquHHjmUIlgfz9\nBC5mUkMjht4b4rRQnhGT44664gJqGilTGLCJBxdhZTnQTPFwdCL2V8aWuAUTbjH8\nUJ49gmDrxSdcdX/yG2fCTCvjaBXHUG8=\n-----END PRIVATE KEY-----\n",
            "public_key_fingerprint_md5": "44:3e:8e:96:20:08:cc:d7:76:67:78:c2:78:94:d0:ef",
            "public_key_fingerprint_sha256": "SHA256:DleKyLdjW3QIcTGKhnjBZeSWi9w84s5tATDcJ0eBzhA",
            "public_key_openssh": "ssh-rsa AAAAB3NzaC1yc2EAAAADAQABAAACAQDKuKA/d+oSuSWRG9FLZFwyFF+QU6sXpgqzwf8rtkpT4g7A9g6t8aBECe9AR1RFlp9Wu8LkuafOxcj49NvIj2vXSkf4JAfKvQ+1AwR0ZWQa3dHpQAvH10OrykqeKRk5J975ghVWN6pkzMbLA9FdoB7ECcvh975GbZNU/jrGtuG5gKVRv6kc2pVOQaZiOk/etWjy44F9waX/QSKAUTeXQWnZaX77zvkGCu/arcgoCcyiVmwR+r+J5h6XFfFj5zzxpkZclfYCkiFw9skHb4mMV0PVlovQkjtmTqDnlQZ3jtwyNZKgthoN5ijqknnmZn2dUGpOzZMKiqG7R8BF6NGfc52m3ZcqLf3XnYXVm58eerzFsnxlFxnEtBUqwM8TRLXclp6eFbXJgOyuVHPNLztUqiSnjPRcBr1f+DTmfxFddogGr5mgz9ZWdMy+zqefmBWV2I8ZScyYWL+TrD2W2syBUOYEIWUi1D+vB1WffWvgdvvhphuARhW/C+qJWFElbnvbRQSKjSUaNr/FYhesnABomeRpfnH14LqnQDakQ55bX4uJHiaSdS0dLz3jJB8UvFiqzLArBHHUXNCKfnOoRVk8utYigx2nVYc3awMDoJahq/vLfVwhNjM8UGR1br3UUkR0EbhG4hEaonhUqOO0lU6CPrVVuHOHppGQIMaYAlo+VsGxXQ==\n",
            "public_key_pem": "-----BEGIN PUBLIC KEY-----\nMIICIjANBgkqhkiG9w0BAQEFAAOCAg8AMIICCgKCAgEAyrigP3fqErklkRvRS2Rc\nMhRfkFOrF6YKs8H/K7ZKU+IOwPYOrfGgRAnvQEdURZafVrvC5LmnzsXI+PTbyI9r\n10pH+CQHyr0PtQMEdGVkGt3R6UALx9dDq8pKnikZOSfe+YIVVjeqZMzGywPRXaAe\nxAnL4fe+Rm2TVP46xrbhuYClUb+pHNqVTkGmYjpP3rVo8uOBfcGl/0EigFE3l0Fp\n2Wl++875Bgrv2q3IKAnMolZsEfq/ieYelxXxY+c88aZGXJX2ApIhcPbJB2+JjFdD\n1ZaL0JI7Zk6g55UGd47cMjWSoLYaDeYo6pJ55mZ9nVBqTs2TCoqhu0fARejRn3Od\npt2XKi39152F1ZufHnq8xbJ8ZRcZxLQVKsDPE0S13JaenhW1yYDsrlRzzS87VKok\np4z0XAa9X/g05n8RXXaIBq+ZoM/WVnTMvs6nn5gVldiPGUnMmFi/k6w9ltrMgVDm\nBCFlItQ/rwdVn31r4Hb74aYbgEYVvwvqiVhRJW5720UEio0lGja/xWIXrJwAaJnk\naX5x9eC6p0A2pEOeW1+LiR4mknUtHS894yQfFLxYqsywKwRx1FzQin5zqEVZPLrW\nIoMdp1WHN2sDA6CWoav7y31cITYzPFBkdW691FJEdBG4RuIRGqJ4VKjjtJVOgj61\nVbhzh6aRkCDGmAJaPlbBsV0CAwEAAQ==\n-----END PUBLIC KEY-----\n",
            "rsa_bits": 4096
          },
          "sensitive_attributes": []
        }
      ]
    }
  ],
  "check_results": null
}
