{
  "version": 4,
  "terraform_version": "1.7.0",
  "serial": 109,
  "lineage": "d092cbff-1fed-aabc-6b06-6f68b9dccbb7",
  "outputs": {
    "alb_dns_name": {
      "value": "DNS name of the Applicaton Load Balancer front-end-lb-1213604019.us-east-2.elb.amazonaws.com",
      "type": "string"
    },
    "db_endpoint": {
      "value": "terraform-20240227112709464900000008.cb282c8sw28f.us-east-2.rds.amazonaws.com:3306",
      "type": "string"
    },
    "instance_ip": {
      "value": "18.118.24.214",
      "type": "string"
    }
  },
  "resources": [
    {
      "mode": "data",
      "type": "aws_ami",
      "name": "amazon_linux_2023",
      "provider": "provider[\"registry.opentofu.org/hashicorp/aws\"]",
      "instances": [
        {
          "schema_version": 0,
          "attributes": {
            "architecture": "x86_64",
            "arn": "arn:aws:ec2:us-east-2::image/ami-0c20d88b0021158c6",
            "block_device_mappings": [
              {
                "device_name": "/dev/xvda",
                "ebs": {
                  "delete_on_termination": "true",
                  "encrypted": "false",
                  "iops": "3000",
                  "snapshot_id": "snap-0eace5e2d9c74346a",
                  "throughput": "125",
                  "volume_size": "8",
                  "volume_type": "gp3"
                },
                "no_device": "",
                "virtual_name": ""
              }
            ],
            "boot_mode": "uefi-preferred",
            "creation_date": "2024-02-06T17:40:22.000Z",
            "deprecation_time": "2024-05-06T17:40:00.000Z",
            "description": "Amazon Linux 2023 AMI 2023.3.20240205.2 x86_64 HVM kernel-6.1",
            "ena_support": true,
            "executable_users": null,
            "filter": [
              {
                "name": "name",
                "values": [
                  "al2023-ami-2023.3.20240205.2-kernel-6.1-x86_64"
                ]
              },
              {
                "name": "virtualization-type",
                "values": [
                  "hvm"
                ]
              }
            ],
            "hypervisor": "xen",
            "id": "ami-0c20d88b0021158c6",
            "image_id": "ami-0c20d88b0021158c6",
            "image_location": "amazon/al2023-ami-2023.3.20240205.2-kernel-6.1-x86_64",
            "image_owner_alias": "amazon",
            "image_type": "machine",
            "imds_support": "v2.0",
            "include_deprecated": false,
            "kernel_id": "",
            "most_recent": true,
            "name": "al2023-ami-2023.3.20240205.2-kernel-6.1-x86_64",
            "name_regex": null,
            "owner_id": "137112412989",
            "owners": [
              "amazon"
            ],
            "platform": "",
            "platform_details": "Linux/UNIX",
            "product_codes": [],
            "public": true,
            "ramdisk_id": "",
            "root_device_name": "/dev/xvda",
            "root_device_type": "ebs",
            "root_snapshot_id": "snap-0eace5e2d9c74346a",
            "sriov_net_support": "simple",
            "state": "available",
            "state_reason": {
              "code": "UNSET",
              "message": "UNSET"
            },
            "tags": {},
            "timeouts": null,
            "tpm_support": "",
            "usage_operation": "RunInstances",
            "virtualization_type": "hvm"
          },
          "sensitive_attributes": []
        }
      ]
    },
    {
      "mode": "data",
      "type": "template_file",
      "name": "userdata",
      "provider": "provider[\"registry.opentofu.org/hashicorp/template\"]",
      "instances": [
        {
          "schema_version": 0,
          "attributes": {
            "filename": null,
            "id": "63aefcd6e5b60de627502e990279e9339e1b2b7814ed3767ee69a6ae25ba0f70",
            "rendered": "#!/bin/bash\r\nsudo yum update -y \u0026\u0026 sudo yum upgrade -y\r\n",
            "template": "#!/bin/bash\r\nsudo yum update -y \u0026\u0026 sudo yum upgrade -y\r\n",
            "vars": null
          },
          "sensitive_attributes": []
        }
      ]
    },
    {
      "mode": "managed",
      "type": "aws_autoscaling_group",
      "name": "application_tier",
      "provider": "provider[\"registry.opentofu.org/hashicorp/aws\"]",
      "instances": [
        {
          "schema_version": 1,
          "attributes": {
            "arn": "arn:aws:autoscaling:us-east-2:498692135370:autoScalingGroup:994dc16d-844e-4744-a7e2-9abd1f5fa4ec:autoScalingGroupName/ASG-Application-Tier",
            "availability_zones": [
              "us-east-2a",
              "us-east-2b"
            ],
            "capacity_rebalance": false,
            "context": "",
            "default_cooldown": 300,
            "default_instance_warmup": 0,
            "desired_capacity": 2,
            "desired_capacity_type": "",
            "enabled_metrics": null,
            "force_delete": false,
            "force_delete_warm_pool": false,
            "health_check_grace_period": 300,
            "health_check_type": "EC2",
            "id": "ASG-Application-Tier",
            "ignore_failed_scaling_activities": false,
            "initial_lifecycle_hook": [],
            "instance_maintenance_policy": [],
            "instance_refresh": [],
            "launch_configuration": "",
            "launch_template": [
              {
                "id": "lt-0de02b634bf4fafff",
                "name": "application_tier",
                "version": "$Latest"
              }
            ],
            "load_balancers": [],
            "max_instance_lifetime": 0,
            "max_size": 4,
            "metrics_granularity": "1Minute",
            "min_elb_capacity": null,
            "min_size": 2,
            "mixed_instances_policy": [],
            "name": "ASG-Application-Tier",
            "name_prefix": "",
            "placement_group": "",
            "predicted_capacity": 0,
            "protect_from_scale_in": false,
            "service_linked_role_arn": "arn:aws:iam::498692135370:role/aws-service-role/autoscaling.amazonaws.com/AWSServiceRoleForAutoScaling",
            "suspended_processes": null,
            "tag": [
              {
                "key": "Name",
                "propagate_at_launch": true,
                "value": "app"
              }
            ],
            "target_group_arns": [
              "arn:aws:elasticloadbalancing:us-east-2:498692135370:targetgroup/application-tier-lb-tg/b79f78efdf21511d"
            ],
            "termination_policies": null,
            "timeouts": null,
            "traffic_source": [
              {
                "identifier": "arn:aws:elasticloadbalancing:us-east-2:498692135370:targetgroup/application-tier-lb-tg/b79f78efdf21511d",
                "type": "elbv2"
              }
            ],
            "vpc_zone_identifier": [
              "subnet-018c90b5bc2ce0aad",
              "subnet-09dddb841374c37f6"
            ],
            "wait_for_capacity_timeout": "10m",
            "wait_for_elb_capacity": null,
            "warm_pool": [],
            "warm_pool_size": 0
          },
          "sensitive_attributes": [],
          "private": "eyJlMmJmYjczMC1lY2FhLTExZTYtOGY4OC0zNDM2M2JjN2M0YzAiOnsiZGVsZXRlIjo2MDAwMDAwMDAwMDAsInVwZGF0ZSI6NjAwMDAwMDAwMDAwfSwic2NoZW1hX3ZlcnNpb24iOiIxIn0=",
          "dependencies": [
            "aws_eip.nat_ip-1",
            "aws_eip.nat_ip-2",
            "aws_internet_gateway.arch-igw",
            "aws_key_pair.terra-keypair",
            "aws_launch_template.application_tier",
            "aws_lb_target_group.application_tier",
            "aws_nat_gateway.nat-gw-1",
            "aws_nat_gateway.nat-gw-2",
            "aws_security_group.arch-sg",
            "aws_subnet.arch-pri-sub-1",
            "aws_subnet.arch-pri-sub-2",
            "aws_subnet.arch-pub-sub-1",
            "aws_subnet.arch-pub-sub-2",
            "aws_vpc.arch-vpc",
            "data.aws_ami.amazon_linux_2023",
            "data.template_file.userdata",
            "tls_private_key.pri-terra-key"
          ]
        }
      ]
    },
    {
      "mode": "managed",
      "type": "aws_autoscaling_group",
      "name": "presentation_tier",
      "provider": "provider[\"registry.opentofu.org/hashicorp/aws\"]",
      "instances": [
        {
          "schema_version": 1,
          "attributes": {
            "arn": "arn:aws:autoscaling:us-east-2:498692135370:autoScalingGroup:fd6e675d-bf87-4841-b50f-483e83072e60:autoScalingGroupName/ASG-Presentation-Tier",
            "availability_zones": [
              "us-east-2a",
              "us-east-2b"
            ],
            "capacity_rebalance": false,
            "context": "",
            "default_cooldown": 300,
            "default_instance_warmup": 0,
            "desired_capacity": 2,
            "desired_capacity_type": "",
            "enabled_metrics": null,
            "force_delete": false,
            "force_delete_warm_pool": false,
            "health_check_grace_period": 300,
            "health_check_type": "EC2",
            "id": "ASG-Presentation-Tier",
            "ignore_failed_scaling_activities": false,
            "initial_lifecycle_hook": [],
            "instance_maintenance_policy": [],
            "instance_refresh": [],
            "launch_configuration": "",
            "launch_template": [
              {
                "id": "lt-07b900a35f74e9dfb",
                "name": "presentation_tier",
                "version": "$Latest"
              }
            ],
            "load_balancers": [],
            "max_instance_lifetime": 0,
            "max_size": 4,
            "metrics_granularity": "1Minute",
            "min_elb_capacity": null,
            "min_size": 2,
            "mixed_instances_policy": [],
            "name": "ASG-Presentation-Tier",
            "name_prefix": "",
            "placement_group": "",
            "predicted_capacity": 0,
            "protect_from_scale_in": false,
            "service_linked_role_arn": "arn:aws:iam::498692135370:role/aws-service-role/autoscaling.amazonaws.com/AWSServiceRoleForAutoScaling",
            "suspended_processes": null,
            "tag": [
              {
                "key": "Name",
                "propagate_at_launch": true,
                "value": "web"
              }
            ],
            "target_group_arns": [
              "arn:aws:elasticloadbalancing:us-east-2:498692135370:targetgroup/front-end-lb-tg/37354396110f98af"
            ],
            "termination_policies": null,
            "timeouts": null,
            "traffic_source": [
              {
                "identifier": "arn:aws:elasticloadbalancing:us-east-2:498692135370:targetgroup/front-end-lb-tg/37354396110f98af",
                "type": "elbv2"
              }
            ],
            "vpc_zone_identifier": [
              "subnet-03a86e68f7b18dc7e",
              "subnet-0f99f48617840a2f6"
            ],
            "wait_for_capacity_timeout": "10m",
            "wait_for_elb_capacity": null,
            "warm_pool": [],
            "warm_pool_size": 0
          },
          "sensitive_attributes": [],
          "private": "eyJlMmJmYjczMC1lY2FhLTExZTYtOGY4OC0zNDM2M2JjN2M0YzAiOnsiZGVsZXRlIjo2MDAwMDAwMDAwMDAsInVwZGF0ZSI6NjAwMDAwMDAwMDAwfSwic2NoZW1hX3ZlcnNpb24iOiIxIn0=",
          "dependencies": [
            "aws_launch_template.presentation_tier",
            "aws_lb.application_tier",
            "aws_lb_target_group.front_end",
            "aws_security_group.arch-sg",
            "aws_subnet.arch-pub-sub-1",
            "aws_subnet.arch-pub-sub-2",
            "aws_vpc.arch-vpc",
            "data.aws_ami.amazon_linux_2023"
          ]
        }
      ]
    },
    {
      "mode": "managed",
      "type": "aws_db_instance",
      "name": "app_db",
      "provider": "provider[\"registry.opentofu.org/hashicorp/aws\"]",
      "instances": [
        {
          "schema_version": 2,
          "attributes": {
            "address": "terraform-20240227112709464900000008.cb282c8sw28f.us-east-2.rds.amazonaws.com",
            "allocated_storage": 20,
            "allow_major_version_upgrade": null,
            "apply_immediately": false,
            "arn": "arn:aws:rds:us-east-2:498692135370:db:terraform-20240227112709464900000008",
            "auto_minor_version_upgrade": true,
            "availability_zone": "us-east-2a",
            "backup_retention_period": 0,
            "backup_target": "region",
            "backup_window": "07:44-08:14",
            "blue_green_update": [],
            "ca_cert_identifier": "rds-ca-rsa2048-g1",
            "character_set_name": "",
            "copy_tags_to_snapshot": false,
            "custom_iam_instance_profile": "",
            "customer_owned_ip_enabled": false,
            "db_name": "userdata",
            "db_subnet_group_name": "application-db-subnet-group",
            "delete_automated_backups": true,
            "deletion_protection": false,
            "domain": "",
            "domain_auth_secret_arn": "",
            "domain_dns_ips": null,
            "domain_fqdn": "",
            "domain_iam_role_name": "",
            "domain_ou": "",
            "enabled_cloudwatch_logs_exports": null,
            "endpoint": "terraform-20240227112709464900000008.cb282c8sw28f.us-east-2.rds.amazonaws.com:3306",
            "engine": "mysql",
            "engine_version": "8.0",
            "engine_version_actual": "8.0.35",
            "final_snapshot_identifier": null,
            "hosted_zone_id": "Z2XHWR1WZ565X2",
            "iam_database_authentication_enabled": false,
            "id": "db-WLVDRTKEFOXBKNGFGUUAR4NPCU",
            "identifier": "terraform-20240227112709464900000008",
            "identifier_prefix": "terraform-",
            "instance_class": "db.t3.micro",
            "iops": 0,
            "kms_key_id": "",
            "latest_restorable_time": "",
            "license_model": "general-public-license",
            "listener_endpoint": [],
            "maintenance_window": "sat:03:04-sat:03:34",
            "manage_master_user_password": null,
            "master_user_secret": [],
            "master_user_secret_kms_key_id": null,
            "max_allocated_storage": 0,
            "monitoring_interval": 0,
            "monitoring_role_arn": "",
            "multi_az": false,
            "nchar_character_set_name": "",
            "network_type": "IPV4",
            "option_group_name": "default:mysql-8-0",
            "parameter_group_name": "default.mysql8.0",
            "password": "Dellhoak-987",
            "performance_insights_enabled": false,
            "performance_insights_kms_key_id": "",
            "performance_insights_retention_period": 0,
            "port": 3306,
            "publicly_accessible": false,
            "replica_mode": "",
            "replicas": [],
            "replicate_source_db": "",
            "resource_id": "db-WLVDRTKEFOXBKNGFGUUAR4NPCU",
            "restore_to_point_in_time": [],
            "s3_import": [],
            "skip_final_snapshot": true,
            "snapshot_identifier": null,
            "status": "available",
            "storage_encrypted": false,
            "storage_throughput": 0,
            "storage_type": "gp2",
            "tags": null,
            "tags_all": {},
            "timeouts": null,
            "timezone": "",
            "username": "delluser",
            "vpc_security_group_ids": [
              "sg-0f7a882555e7f2084"
            ]
          },
          "sensitive_attributes": [],
          "private": "eyJlMmJmYjczMC1lY2FhLTExZTYtOGY4OC0zNDM2M2JjN2M0YzAiOnsiY3JlYXRlIjoyNDAwMDAwMDAwMDAwLCJkZWxldGUiOjM2MDAwMDAwMDAwMDAsInVwZGF0ZSI6NDgwMDAwMDAwMDAwMH0sInNjaGVtYV92ZXJzaW9uIjoiMiJ9",
          "dependencies": [
            "aws_db_subnet_group.app_db_subnet_group",
            "aws_security_group.rds_sg",
            "aws_subnet.arch-pri-sub-1",
            "aws_subnet.arch-pri-sub-2",
            "aws_vpc.arch-vpc"
          ]
        }
      ]
    },
    {
      "mode": "managed",
      "type": "aws_db_subnet_group",
      "name": "app_db_subnet_group",
      "provider": "provider[\"registry.opentofu.org/hashicorp/aws\"]",
      "instances": [
        {
          "schema_version": 0,
          "attributes": {
            "arn": "arn:aws:rds:us-east-2:498692135370:subgrp:application-db-subnet-group",
            "description": "Managed by Terraform",
            "id": "application-db-subnet-group",
            "name": "application-db-subnet-group",
            "name_prefix": "",
            "subnet_ids": [
              "subnet-018c90b5bc2ce0aad",
              "subnet-09dddb841374c37f6"
            ],
            "supported_network_types": [
              "IPV4"
            ],
            "tags": null,
            "tags_all": {},
            "vpc_id": "vpc-07485a88a20561c0e"
          },
          "sensitive_attributes": [],
          "private": "bnVsbA==",
          "dependencies": [
            "aws_subnet.arch-pri-sub-1",
            "aws_subnet.arch-pri-sub-2",
            "aws_vpc.arch-vpc"
          ]
        }
      ]
    },
    {
      "mode": "managed",
      "type": "aws_eip",
      "name": "nat_ip-1",
      "provider": "provider[\"registry.opentofu.org/hashicorp/aws\"]",
      "instances": [
        {
          "schema_version": 0,
          "attributes": {
            "address": null,
            "allocation_id": "eipalloc-05ff51aced6b70222",
            "associate_with_private_ip": null,
            "association_id": "",
            "carrier_ip": "",
            "customer_owned_ip": "",
            "customer_owned_ipv4_pool": "",
            "domain": "vpc",
            "id": "eipalloc-05ff51aced6b70222",
            "instance": "",
            "network_border_group": "us-east-2",
            "network_interface": "",
            "private_dns": null,
            "private_ip": "",
            "public_dns": "ec2-18-117-202-61.us-east-2.compute.amazonaws.com",
            "public_ip": "18.117.202.61",
            "public_ipv4_pool": "amazon",
            "tags": {
              "Name": "nat_ip-1"
            },
            "tags_all": {
              "Name": "nat_ip-1"
            },
            "timeouts": null,
            "vpc": true
          },
          "sensitive_attributes": [],
          "private": "eyJlMmJmYjczMC1lY2FhLTExZTYtOGY4OC0zNDM2M2JjN2M0YzAiOnsiZGVsZXRlIjoxODAwMDAwMDAwMDAsInJlYWQiOjkwMDAwMDAwMDAwMCwidXBkYXRlIjozMDAwMDAwMDAwMDB9fQ==",
          "dependencies": [
            "aws_internet_gateway.arch-igw",
            "aws_vpc.arch-vpc"
          ]
        }
      ]
    },
    {
      "mode": "managed",
      "type": "aws_eip",
      "name": "nat_ip-2",
      "provider": "provider[\"registry.opentofu.org/hashicorp/aws\"]",
      "instances": [
        {
          "schema_version": 0,
          "attributes": {
            "address": null,
            "allocation_id": "eipalloc-093e60b8cd148ec54",
            "associate_with_private_ip": null,
            "association_id": "",
            "carrier_ip": "",
            "customer_owned_ip": "",
            "customer_owned_ipv4_pool": "",
            "domain": "vpc",
            "id": "eipalloc-093e60b8cd148ec54",
            "instance": "",
            "network_border_group": "us-east-2",
            "network_interface": "",
            "private_dns": null,
            "private_ip": "",
            "public_dns": "ec2-18-225-24-249.us-east-2.compute.amazonaws.com",
            "public_ip": "18.225.24.249",
            "public_ipv4_pool": "amazon",
            "tags": {
              "Name": "nat_ip-2"
            },
            "tags_all": {
              "Name": "nat_ip-2"
            },
            "timeouts": null,
            "vpc": true
          },
          "sensitive_attributes": [],
          "private": "eyJlMmJmYjczMC1lY2FhLTExZTYtOGY4OC0zNDM2M2JjN2M0YzAiOnsiZGVsZXRlIjoxODAwMDAwMDAwMDAsInJlYWQiOjkwMDAwMDAwMDAwMCwidXBkYXRlIjozMDAwMDAwMDAwMDB9fQ==",
          "dependencies": [
            "aws_internet_gateway.arch-igw",
            "aws_vpc.arch-vpc"
          ]
        }
      ]
    },
    {
      "mode": "managed",
      "type": "aws_iam_instance_profile",
      "name": "ansible",
      "provider": "provider[\"registry.opentofu.org/hashicorp/aws\"]",
      "instances": [
        {
          "schema_version": 0,
          "attributes": {
            "arn": "arn:aws:iam::498692135370:instance-profile/ansible-profile-role",
            "create_date": "2024-02-27T11:26:56Z",
            "id": "ansible-profile-role",
            "name": "ansible-profile-role",
            "name_prefix": "",
            "path": "/",
            "role": "ansible-role",
            "tags": null,
            "tags_all": {},
            "unique_id": "AIPAXIHC6DHFKOEUT52MM"
          },
          "sensitive_attributes": [],
          "private": "bnVsbA==",
          "dependencies": [
            "aws_iam_role.ansible_role"
          ]
        }
      ]
    },
    {
      "mode": "managed",
      "type": "aws_iam_role",
      "name": "ansible_role",
      "provider": "provider[\"registry.opentofu.org/hashicorp/aws\"]",
      "instances": [
        {
          "schema_version": 0,
          "attributes": {
            "arn": "arn:aws:iam::498692135370:role/ansible-role",
            "assume_role_policy": "{\"Statement\":[{\"Action\":\"sts:AssumeRole\",\"Effect\":\"Allow\",\"Principal\":{\"Service\":\"ec2.amazonaws.com\"}}],\"Version\":\"2012-10-17\"}",
            "create_date": "2024-02-27T11:26:53Z",
            "description": "",
            "force_detach_policies": false,
            "id": "ansible-role",
            "inline_policy": [],
            "managed_policy_arns": [],
            "max_session_duration": 3600,
            "name": "ansible-role",
            "name_prefix": "",
            "path": "/",
            "permissions_boundary": "",
            "tags": null,
            "tags_all": {},
            "unique_id": "AROAXIHC6DHFDKXFRK5O3"
          },
          "sensitive_attributes": [],
          "private": "bnVsbA=="
        }
      ]
    },
    {
      "mode": "managed",
      "type": "aws_iam_role_policy_attachment",
      "name": "ansible_role_attachment",
      "provider": "provider[\"registry.opentofu.org/hashicorp/aws\"]",
      "instances": [
        {
          "schema_version": 0,
          "attributes": {
            "id": "ansible-role-20240227112652916000000002",
            "policy_arn": "arn:aws:iam::aws:policy/AmazonEC2FullAccess",
            "role": "ansible-role"
          },
          "sensitive_attributes": [],
          "private": "bnVsbA==",
          "dependencies": [
            "aws_iam_role.ansible_role"
          ]
        }
      ]
    },
    {
      "mode": "managed",
      "type": "aws_iam_role_policy_attachment",
      "name": "autoscaling_full_access",
      "provider": "provider[\"registry.opentofu.org/hashicorp/aws\"]",
      "instances": [
        {
          "schema_version": 0,
          "attributes": {
            "id": "ansible-role-20240227112652518900000001",
            "policy_arn": "arn:aws:iam::aws:policy/AutoScalingFullAccess",
            "role": "ansible-role"
          },
          "sensitive_attributes": [],
          "private": "bnVsbA==",
          "dependencies": [
            "aws_iam_role.ansible_role"
          ]
        }
      ]
    },
    {
      "mode": "managed",
      "type": "aws_iam_role_policy_attachment",
      "name": "rds_full_access",
      "provider": "provider[\"registry.opentofu.org/hashicorp/aws\"]",
      "instances": [
        {
          "schema_version": 0,
          "attributes": {
            "id": "ansible-role-20240227112653318300000003",
            "policy_arn": "arn:aws:iam::aws:policy/AmazonRDSFullAccess",
            "role": "ansible-role"
          },
          "sensitive_attributes": [],
          "private": "bnVsbA==",
          "dependencies": [
            "aws_iam_role.ansible_role"
          ]
        }
      ]
    },
    {
      "mode": "managed",
      "type": "aws_instance",
      "name": "jump-ec2",
      "provider": "provider[\"registry.opentofu.org/hashicorp/aws\"]",
      "instances": [
        {
          "schema_version": 1,
          "attributes": {
            "ami": "ami-0c20d88b0021158c6",
            "arn": "arn:aws:ec2:us-east-2:498692135370:instance/i-01f96a1b19ec8b38e",
            "associate_public_ip_address": true,
            "availability_zone": "us-east-2a",
            "capacity_reservation_specification": [
              {
                "capacity_reservation_preference": "open",
                "capacity_reservation_target": []
              }
            ],
            "cpu_core_count": 1,
            "cpu_options": [
              {
                "amd_sev_snp": "",
                "core_count": 1,
                "threads_per_core": 1
              }
            ],
            "cpu_threads_per_core": 1,
            "credit_specification": [
              {
                "cpu_credits": "standard"
              }
            ],
            "disable_api_stop": false,
            "disable_api_termination": false,
            "ebs_block_device": [],
            "ebs_optimized": false,
            "enclave_options": [
              {
                "enabled": false
              }
            ],
            "ephemeral_block_device": [],
            "get_password_data": false,
            "hibernation": false,
            "host_id": "",
            "host_resource_group_arn": null,
            "iam_instance_profile": "ansible-profile-role",
            "id": "i-01f96a1b19ec8b38e",
            "instance_initiated_shutdown_behavior": "stop",
            "instance_lifecycle": "",
            "instance_market_options": [],
            "instance_state": "running",
            "instance_type": "t2.micro",
            "ipv6_address_count": 0,
            "ipv6_addresses": [],
            "key_name": "terra-keypair",
            "launch_template": [],
            "maintenance_options": [
              {
                "auto_recovery": "default"
              }
            ],
            "metadata_options": [
              {
                "http_endpoint": "enabled",
                "http_protocol_ipv6": "disabled",
                "http_put_response_hop_limit": 2,
                "http_tokens": "required",
                "instance_metadata_tags": "disabled"
              }
            ],
            "monitoring": false,
            "network_interface": [],
            "outpost_arn": "",
            "password_data": "",
            "placement_group": "",
            "placement_partition_number": 0,
            "primary_network_interface_id": "eni-0c55646e4ff05cd33",
            "private_dns": "ip-69-69-1-67.us-east-2.compute.internal",
            "private_dns_name_options": [
              {
                "enable_resource_name_dns_a_record": false,
                "enable_resource_name_dns_aaaa_record": false,
                "hostname_type": "ip-name"
              }
            ],
            "private_ip": "69.69.1.67",
            "public_dns": "",
            "public_ip": "18.118.24.214",
            "root_block_device": [
              {
                "delete_on_termination": true,
                "device_name": "/dev/xvda",
                "encrypted": false,
                "iops": 3000,
                "kms_key_id": "",
                "tags": {},
                "throughput": 125,
                "volume_id": "vol-097d1fa1f4d388699",
                "volume_size": 8,
                "volume_type": "gp3"
              }
            ],
            "secondary_private_ips": [],
            "security_groups": [
              "sg-00285119e91acef82"
            ],
            "source_dest_check": true,
            "spot_instance_request_id": "",
            "subnet_id": "subnet-03a86e68f7b18dc7e",
            "tags": {
              "Name": "Bastion-Host"
            },
            "tags_all": {
              "Name": "Bastion-Host"
            },
            "tenancy": "default",
            "timeouts": null,
            "user_data": "2b5b0737217e8662c88c0807c001b01cd37d9b46",
            "user_data_base64": null,
            "user_data_replace_on_change": false,
            "volume_tags": null,
            "vpc_security_group_ids": [
              "sg-00285119e91acef82"
            ]
          },
          "sensitive_attributes": [],
          "private": "eyJlMmJmYjczMC1lY2FhLTExZTYtOGY4OC0zNDM2M2JjN2M0YzAiOnsiY3JlYXRlIjo2MDAwMDAwMDAwMDAsImRlbGV0ZSI6MTIwMDAwMDAwMDAwMCwidXBkYXRlIjo2MDAwMDAwMDAwMDB9LCJzY2hlbWFfdmVyc2lvbiI6IjEifQ==",
          "dependencies": [
            "aws_autoscaling_group.application_tier",
            "aws_autoscaling_group.presentation_tier",
            "aws_eip.nat_ip-1",
            "aws_eip.nat_ip-2",
            "aws_iam_instance_profile.ansible",
            "aws_iam_role.ansible_role",
            "aws_internet_gateway.arch-igw",
            "aws_key_pair.terra-keypair",
            "aws_launch_template.application_tier",
            "aws_launch_template.presentation_tier",
            "aws_lb.application_tier",
            "aws_lb_target_group.application_tier",
            "aws_lb_target_group.front_end",
            "aws_nat_gateway.nat-gw-1",
            "aws_nat_gateway.nat-gw-2",
            "aws_security_group.arch-sg",
            "aws_subnet.arch-pri-sub-1",
            "aws_subnet.arch-pri-sub-2",
            "aws_subnet.arch-pub-sub-1",
            "aws_subnet.arch-pub-sub-2",
            "aws_vpc.arch-vpc",
            "data.aws_ami.amazon_linux_2023",
            "data.template_file.userdata",
            "local_file.private_key_pem",
            "tls_private_key.pri-terra-key"
          ]
        }
      ]
    },
    {
      "mode": "managed",
      "type": "aws_internet_gateway",
      "name": "arch-igw",
      "provider": "provider[\"registry.opentofu.org/hashicorp/aws\"]",
      "instances": [
        {
          "schema_version": 0,
          "attributes": {
            "arn": "arn:aws:ec2:us-east-2:498692135370:internet-gateway/igw-08262f9faa3d44412",
            "id": "igw-08262f9faa3d44412",
            "owner_id": "498692135370",
            "tags": {
              "Name": "dellhoak-igw"
            },
            "tags_all": {
              "Name": "dellhoak-igw"
            },
            "timeouts": null,
            "vpc_id": "vpc-07485a88a20561c0e"
          },
          "sensitive_attributes": [],
          "private": "eyJlMmJmYjczMC1lY2FhLTExZTYtOGY4OC0zNDM2M2JjN2M0YzAiOnsiY3JlYXRlIjoxMjAwMDAwMDAwMDAwLCJkZWxldGUiOjEyMDAwMDAwMDAwMDAsInVwZGF0ZSI6MTIwMDAwMDAwMDAwMH19",
          "dependencies": [
            "aws_vpc.arch-vpc"
          ]
        }
      ]
    },
    {
      "mode": "managed",
      "type": "aws_key_pair",
      "name": "terra-keypair",
      "provider": "provider[\"registry.opentofu.org/hashicorp/aws\"]",
      "instances": [
        {
          "schema_version": 1,
          "attributes": {
            "arn": "arn:aws:ec2:us-east-2:498692135370:key-pair/terra-keypair",
            "fingerprint": "11:32:ec:53:3f:be:97:2d:70:f6:6f:25:fc:42:a8:a5",
            "id": "terra-keypair",
            "key_name": "terra-keypair",
            "key_name_prefix": "",
            "key_pair_id": "key-0ebe99f668bb88888",
            "key_type": "rsa",
            "public_key": "ssh-rsa AAAAB3NzaC1yc2EAAAADAQABAAACAQDN8M5+r3Sd21gGWrS0OJ/CwMw43mvJeFdEr+B4exgaNIoNDtmcrXLBPH+q2O9Mj9r3pN2Ie1A0J3cEb/7yYRsqq4AiD8aGjUr1ci0f73jLBgCSU3SdgV2YS7jj16CMhJXWxTMCakLtgGarGD6lJnIvc9VSVJoW1SPDO//H3wBz1f/+EaOBV6r1Wxlv7gWMHB/ExrO1bQH4uW8dvep7G9W8el/2a5RK8wrg6/6NqSu1MobxCeetEdi5ngNysfvPCTlCY6dj3ahLihmA+sf0ebsdeIiq896zetS9dNdx0gnAGMP7Ix9bjMSVqd4TLGpi+LrK9Fh909TAXjwwBSDxstuu0wjSaNhWWfuHJKu7IPaXdWtDDPFHxfpWTIUSUhKb2C8v2znXdE9cAVJdNrzNe0AaPaxWxYpcrlZACE5l6QyqjZQrUO36qF1I6QnMd0sr3OyQUFo9hEQSt7uhzra7Bq9ob2HBNy72scdtU58ahkzIfdP0zKL/aTD40ESBfvXMPCrzCkGswhF4BK1fQfM4s5nHe0JZsgwgTN9vQL1Yws+pDN2G51Ps1d1O+5T6ukKQOX6SKBrUqcyJVeqIo2qFXIJz3s5yG1Mgprl3dRwoz9Rb8YWMj40BOPNK5ex5qCi00wmq9+ghvhVvCHiY6krL5GWPbzQNe4ertY9kNV7GZN5AEw==",
            "tags": null,
            "tags_all": {}
          },
          "sensitive_attributes": [],
          "private": "eyJzY2hlbWFfdmVyc2lvbiI6IjEifQ==",
          "dependencies": [
            "tls_private_key.pri-terra-key"
          ]
        }
      ]
    },
    {
      "mode": "managed",
      "type": "aws_launch_template",
      "name": "application_tier",
      "provider": "provider[\"registry.opentofu.org/hashicorp/aws\"]",
      "instances": [
        {
          "schema_version": 0,
          "attributes": {
            "arn": "arn:aws:ec2:us-east-2:498692135370:launch-template/lt-0de02b634bf4fafff",
            "block_device_mappings": [
              {
                "device_name": "/dev/xvda",
                "ebs": [
                  {
                    "delete_on_termination": "",
                    "encrypted": "",
                    "iops": 0,
                    "kms_key_id": "",
                    "snapshot_id": "",
                    "throughput": 0,
                    "volume_size": 8,
                    "volume_type": ""
                  }
                ],
                "no_device": "",
                "virtual_name": ""
              }
            ],
            "capacity_reservation_specification": [],
            "cpu_options": [],
            "credit_specification": [],
            "default_version": 1,
            "description": "",
            "disable_api_stop": false,
            "disable_api_termination": false,
            "ebs_optimized": "",
            "elastic_gpu_specifications": [],
            "elastic_inference_accelerator": [],
            "enclave_options": [],
            "hibernation_options": [],
            "iam_instance_profile": [],
            "id": "lt-0de02b634bf4fafff",
            "image_id": "ami-0c20d88b0021158c6",
            "instance_initiated_shutdown_behavior": "",
            "instance_market_options": [],
            "instance_requirements": [],
            "instance_type": "t2.micro",
            "kernel_id": "",
            "key_name": "terra-keypair",
            "latest_version": 1,
            "license_specification": [],
            "maintenance_options": [],
            "metadata_options": [],
            "monitoring": [],
            "name": "application_tier",
            "name_prefix": "",
            "network_interfaces": [
              {
                "associate_carrier_ip_address": "",
                "associate_public_ip_address": "false",
                "delete_on_termination": "",
                "description": "",
                "device_index": 0,
                "interface_type": "",
                "ipv4_address_count": 0,
                "ipv4_addresses": null,
                "ipv4_prefix_count": 0,
                "ipv4_prefixes": null,
                "ipv6_address_count": 0,
                "ipv6_addresses": null,
                "ipv6_prefix_count": 0,
                "ipv6_prefixes": null,
                "network_card_index": 0,
                "network_interface_id": "",
                "private_ip_address": "",
                "security_groups": [
                  "sg-00285119e91acef82"
                ],
                "subnet_id": ""
              }
            ],
            "placement": [],
            "private_dns_name_options": [],
            "ram_disk_id": "",
            "security_group_names": null,
            "tag_specifications": [],
            "tags": null,
            "tags_all": {},
            "update_default_version": null,
            "user_data": "IyEvYmluL2Jhc2gNCnN1ZG8geXVtIHVwZGF0ZSAteSAmJiBzdWRvIHl1bSB1cGdyYWRlIC15DQo=",
            "vpc_security_group_ids": null
          },
          "sensitive_attributes": [],
          "private": "bnVsbA==",
          "dependencies": [
            "aws_eip.nat_ip-1",
            "aws_eip.nat_ip-2",
            "aws_internet_gateway.arch-igw",
            "aws_key_pair.terra-keypair",
            "aws_nat_gateway.nat-gw-1",
            "aws_nat_gateway.nat-gw-2",
            "aws_security_group.arch-sg",
            "aws_subnet.arch-pub-sub-1",
            "aws_subnet.arch-pub-sub-2",
            "aws_vpc.arch-vpc",
            "data.aws_ami.amazon_linux_2023",
            "data.template_file.userdata",
            "tls_private_key.pri-terra-key"
          ]
        }
      ]
    },
    {
      "mode": "managed",
      "type": "aws_launch_template",
      "name": "presentation_tier",
      "provider": "provider[\"registry.opentofu.org/hashicorp/aws\"]",
      "instances": [
        {
          "schema_version": 0,
          "attributes": {
            "arn": "arn:aws:ec2:us-east-2:498692135370:launch-template/lt-07b900a35f74e9dfb",
            "block_device_mappings": [
              {
                "device_name": "/dev/xvda",
                "ebs": [
                  {
                    "delete_on_termination": "",
                    "encrypted": "",
                    "iops": 0,
                    "kms_key_id": "",
                    "snapshot_id": "",
                    "throughput": 0,
                    "volume_size": 8,
                    "volume_type": ""
                  }
                ],
                "no_device": "",
                "virtual_name": ""
              }
            ],
            "capacity_reservation_specification": [],
            "cpu_options": [],
            "credit_specification": [],
            "default_version": 1,
            "description": "",
            "disable_api_stop": false,
            "disable_api_termination": false,
            "ebs_optimized": "",
            "elastic_gpu_specifications": [],
            "elastic_inference_accelerator": [],
            "enclave_options": [],
            "hibernation_options": [],
            "iam_instance_profile": [],
            "id": "lt-07b900a35f74e9dfb",
            "image_id": "ami-0c20d88b0021158c6",
            "instance_initiated_shutdown_behavior": "",
            "instance_market_options": [],
            "instance_requirements": [],
            "instance_type": "t2.micro",
            "kernel_id": "",
            "key_name": "terra-keypair",
            "latest_version": 1,
            "license_specification": [],
            "maintenance_options": [],
            "metadata_options": [],
            "monitoring": [],
            "name": "presentation_tier",
            "name_prefix": "",
            "network_interfaces": [
              {
                "associate_carrier_ip_address": "",
                "associate_public_ip_address": "true",
                "delete_on_termination": "",
                "description": "",
                "device_index": 0,
                "interface_type": "",
                "ipv4_address_count": 0,
                "ipv4_addresses": null,
                "ipv4_prefix_count": 0,
                "ipv4_prefixes": null,
                "ipv6_address_count": 0,
                "ipv6_addresses": null,
                "ipv6_prefix_count": 0,
                "ipv6_prefixes": null,
                "network_card_index": 0,
                "network_interface_id": "",
                "private_ip_address": "",
                "security_groups": [
                  "sg-00285119e91acef82"
                ],
                "subnet_id": ""
              }
            ],
            "placement": [],
            "private_dns_name_options": [],
            "ram_disk_id": "",
            "security_group_names": null,
            "tag_specifications": [],
            "tags": null,
            "tags_all": {},
            "update_default_version": null,
            "user_data": "IyEvYmluL2Jhc2gKc3VkbyB5dW0gdXBkYXRlIC15ICYmIHN1ZG8geXVtIHVwZ3JhZGUgLXkKc3VkbyB5dW0gaW5zdGFsbCBuZ2lueCAteQpzdWRvIHN5c3RlbWN0bCBzdGFydCBuZ2lueApzdWRvIHN5c3RlbWN0bCBlbmFibGUgbmdpbng=",
            "vpc_security_group_ids": null
          },
          "sensitive_attributes": [],
          "private": "bnVsbA==",
          "dependencies": [
            "aws_lb.application_tier",
            "aws_security_group.arch-sg",
            "aws_subnet.arch-pub-sub-1",
            "aws_subnet.arch-pub-sub-2",
            "aws_vpc.arch-vpc",
            "data.aws_ami.amazon_linux_2023"
          ]
        }
      ]
    },
    {
      "mode": "managed",
      "type": "aws_lb",
      "name": "application_tier",
      "provider": "provider[\"registry.opentofu.org/hashicorp/aws\"]",
      "instances": [
        {
          "schema_version": 0,
          "attributes": {
            "access_logs": [
              {
                "bucket": "",
                "enabled": false,
                "prefix": ""
              }
            ],
            "arn": "arn:aws:elasticloadbalancing:us-east-2:498692135370:loadbalancer/app/application-tier-lb/552248303f9db0ef",
            "arn_suffix": "app/application-tier-lb/552248303f9db0ef",
            "connection_logs": [
              {
                "bucket": "",
                "enabled": false,
                "prefix": ""
              }
            ],
            "customer_owned_ipv4_pool": "",
            "desync_mitigation_mode": "defensive",
            "dns_name": "application-tier-lb-297228878.us-east-2.elb.amazonaws.com",
            "dns_record_client_routing_policy": null,
            "drop_invalid_header_fields": false,
            "enable_cross_zone_load_balancing": true,
            "enable_deletion_protection": false,
            "enable_http2": true,
            "enable_tls_version_and_cipher_suite_headers": false,
            "enable_waf_fail_open": false,
            "enable_xff_client_port": false,
            "enforce_security_group_inbound_rules_on_private_link_traffic": "",
            "id": "arn:aws:elasticloadbalancing:us-east-2:498692135370:loadbalancer/app/application-tier-lb/552248303f9db0ef",
            "idle_timeout": 60,
            "internal": false,
            "ip_address_type": "ipv4",
            "load_balancer_type": "application",
            "name": "application-tier-lb",
            "name_prefix": "",
            "preserve_host_header": false,
            "security_groups": [
              "sg-00285119e91acef82"
            ],
            "subnet_mapping": [
              {
                "allocation_id": "",
                "ipv6_address": "",
                "outpost_id": "",
                "private_ipv4_address": "",
                "subnet_id": "subnet-03a86e68f7b18dc7e"
              },
              {
                "allocation_id": "",
                "ipv6_address": "",
                "outpost_id": "",
                "private_ipv4_address": "",
                "subnet_id": "subnet-0f99f48617840a2f6"
              }
            ],
            "subnets": [
              "subnet-03a86e68f7b18dc7e",
              "subnet-0f99f48617840a2f6"
            ],
            "tags": null,
            "tags_all": {},
            "timeouts": null,
            "vpc_id": "vpc-07485a88a20561c0e",
            "xff_header_processing_mode": "append",
            "zone_id": "Z3AADJGX6KTTL2"
          },
          "sensitive_attributes": [],
          "private": "eyJlMmJmYjczMC1lY2FhLTExZTYtOGY4OC0zNDM2M2JjN2M0YzAiOnsiY3JlYXRlIjo2MDAwMDAwMDAwMDAsImRlbGV0ZSI6NjAwMDAwMDAwMDAwLCJ1cGRhdGUiOjYwMDAwMDAwMDAwMH19",
          "dependencies": [
            "aws_security_group.arch-sg",
            "aws_subnet.arch-pub-sub-1",
            "aws_subnet.arch-pub-sub-2",
            "aws_vpc.arch-vpc"
          ]
        }
      ]
    },
    {
      "mode": "managed",
      "type": "aws_lb",
      "name": "front_end",
      "provider": "provider[\"registry.opentofu.org/hashicorp/aws\"]",
      "instances": [
        {
          "schema_version": 0,
          "attributes": {
            "access_logs": [
              {
                "bucket": "",
                "enabled": false,
                "prefix": ""
              }
            ],
            "arn": "arn:aws:elasticloadbalancing:us-east-2:498692135370:loadbalancer/app/front-end-lb/0e3bc987b86ed7af",
            "arn_suffix": "app/front-end-lb/0e3bc987b86ed7af",
            "connection_logs": [
              {
                "bucket": "",
                "enabled": false,
                "prefix": ""
              }
            ],
            "customer_owned_ipv4_pool": "",
            "desync_mitigation_mode": "defensive",
            "dns_name": "front-end-lb-1213604019.us-east-2.elb.amazonaws.com",
            "dns_record_client_routing_policy": null,
            "drop_invalid_header_fields": false,
            "enable_cross_zone_load_balancing": true,
            "enable_deletion_protection": false,
            "enable_http2": true,
            "enable_tls_version_and_cipher_suite_headers": false,
            "enable_waf_fail_open": false,
            "enable_xff_client_port": false,
            "enforce_security_group_inbound_rules_on_private_link_traffic": "",
            "id": "arn:aws:elasticloadbalancing:us-east-2:498692135370:loadbalancer/app/front-end-lb/0e3bc987b86ed7af",
            "idle_timeout": 60,
            "internal": false,
            "ip_address_type": "ipv4",
            "load_balancer_type": "application",
            "name": "front-end-lb",
            "name_prefix": "",
            "preserve_host_header": false,
            "security_groups": [
              "sg-00285119e91acef82"
            ],
            "subnet_mapping": [
              {
                "allocation_id": "",
                "ipv6_address": "",
                "outpost_id": "",
                "private_ipv4_address": "",
                "subnet_id": "subnet-03a86e68f7b18dc7e"
              },
              {
                "allocation_id": "",
                "ipv6_address": "",
                "outpost_id": "",
                "private_ipv4_address": "",
                "subnet_id": "subnet-0f99f48617840a2f6"
              }
            ],
            "subnets": [
              "subnet-03a86e68f7b18dc7e",
              "subnet-0f99f48617840a2f6"
            ],
            "tags": null,
            "tags_all": {},
            "timeouts": null,
            "vpc_id": "vpc-07485a88a20561c0e",
            "xff_header_processing_mode": "append",
            "zone_id": "Z3AADJGX6KTTL2"
          },
          "sensitive_attributes": [],
          "private": "eyJlMmJmYjczMC1lY2FhLTExZTYtOGY4OC0zNDM2M2JjN2M0YzAiOnsiY3JlYXRlIjo2MDAwMDAwMDAwMDAsImRlbGV0ZSI6NjAwMDAwMDAwMDAwLCJ1cGRhdGUiOjYwMDAwMDAwMDAwMH19",
          "dependencies": [
            "aws_security_group.arch-sg",
            "aws_subnet.arch-pub-sub-1",
            "aws_subnet.arch-pub-sub-2",
            "aws_vpc.arch-vpc"
          ]
        }
      ]
    },
    {
      "mode": "managed",
      "type": "aws_lb_listener",
      "name": "application_tier",
      "provider": "provider[\"registry.opentofu.org/hashicorp/aws\"]",
      "instances": [
        {
          "schema_version": 0,
          "attributes": {
            "alpn_policy": null,
            "arn": "arn:aws:elasticloadbalancing:us-east-2:498692135370:listener/app/application-tier-lb/552248303f9db0ef/f9b07fc2e28ec1cf",
            "certificate_arn": null,
            "default_action": [
              {
                "authenticate_cognito": [],
                "authenticate_oidc": [],
                "fixed_response": [],
                "forward": [],
                "order": 1,
                "redirect": [],
                "target_group_arn": "arn:aws:elasticloadbalancing:us-east-2:498692135370:targetgroup/application-tier-lb-tg/b79f78efdf21511d",
                "type": "forward"
              }
            ],
            "id": "arn:aws:elasticloadbalancing:us-east-2:498692135370:listener/app/application-tier-lb/552248303f9db0ef/f9b07fc2e28ec1cf",
            "load_balancer_arn": "arn:aws:elasticloadbalancing:us-east-2:498692135370:loadbalancer/app/application-tier-lb/552248303f9db0ef",
            "mutual_authentication": [],
            "port": 8080,
            "protocol": "HTTP",
            "ssl_policy": "",
            "tags": null,
            "tags_all": {},
            "timeouts": null
          },
          "sensitive_attributes": [],
          "private": "eyJlMmJmYjczMC1lY2FhLTExZTYtOGY4OC0zNDM2M2JjN2M0YzAiOnsiY3JlYXRlIjozMDAwMDAwMDAwMDAsInVwZGF0ZSI6MzAwMDAwMDAwMDAwfX0=",
          "dependencies": [
            "aws_lb.application_tier",
            "aws_lb_target_group.application_tier",
            "aws_security_group.arch-sg",
            "aws_subnet.arch-pub-sub-1",
            "aws_subnet.arch-pub-sub-2",
            "aws_vpc.arch-vpc"
          ]
        }
      ]
    },
    {
      "mode": "managed",
      "type": "aws_lb_listener",
      "name": "front_end",
      "provider": "provider[\"registry.opentofu.org/hashicorp/aws\"]",
      "instances": [
        {
          "schema_version": 0,
          "attributes": {
            "alpn_policy": null,
            "arn": "arn:aws:elasticloadbalancing:us-east-2:498692135370:listener/app/front-end-lb/0e3bc987b86ed7af/59e42970fb19580f",
            "certificate_arn": null,
            "default_action": [
              {
                "authenticate_cognito": [],
                "authenticate_oidc": [],
                "fixed_response": [],
                "forward": [],
                "order": 1,
                "redirect": [],
                "target_group_arn": "arn:aws:elasticloadbalancing:us-east-2:498692135370:targetgroup/front-end-lb-tg/37354396110f98af",
                "type": "forward"
              }
            ],
            "id": "arn:aws:elasticloadbalancing:us-east-2:498692135370:listener/app/front-end-lb/0e3bc987b86ed7af/59e42970fb19580f",
            "load_balancer_arn": "arn:aws:elasticloadbalancing:us-east-2:498692135370:loadbalancer/app/front-end-lb/0e3bc987b86ed7af",
            "mutual_authentication": [],
            "port": 80,
            "protocol": "HTTP",
            "ssl_policy": "",
            "tags": null,
            "tags_all": {},
            "timeouts": null
          },
          "sensitive_attributes": [],
          "private": "eyJlMmJmYjczMC1lY2FhLTExZTYtOGY4OC0zNDM2M2JjN2M0YzAiOnsiY3JlYXRlIjozMDAwMDAwMDAwMDAsInVwZGF0ZSI6MzAwMDAwMDAwMDAwfX0=",
          "dependencies": [
            "aws_lb.front_end",
            "aws_lb_target_group.front_end",
            "aws_security_group.arch-sg",
            "aws_subnet.arch-pub-sub-1",
            "aws_subnet.arch-pub-sub-2",
            "aws_vpc.arch-vpc"
          ]
        }
      ]
    },
    {
      "mode": "managed",
      "type": "aws_lb_target_group",
      "name": "application_tier",
      "provider": "provider[\"registry.opentofu.org/hashicorp/aws\"]",
      "instances": [
        {
          "schema_version": 0,
          "attributes": {
            "arn": "arn:aws:elasticloadbalancing:us-east-2:498692135370:targetgroup/application-tier-lb-tg/b79f78efdf21511d",
            "arn_suffix": "targetgroup/application-tier-lb-tg/b79f78efdf21511d",
            "connection_termination": null,
            "deregistration_delay": "300",
            "health_check": [
              {
                "enabled": true,
                "healthy_threshold": 5,
                "interval": 30,
                "matcher": "200",
                "path": "/",
                "port": "traffic-port",
                "protocol": "HTTP",
                "timeout": 5,
                "unhealthy_threshold": 2
              }
            ],
            "id": "arn:aws:elasticloadbalancing:us-east-2:498692135370:targetgroup/application-tier-lb-tg/b79f78efdf21511d",
            "ip_address_type": "ipv4",
            "lambda_multi_value_headers_enabled": false,
            "load_balancing_algorithm_type": "round_robin",
            "load_balancing_anomaly_mitigation": "off",
            "load_balancing_cross_zone_enabled": "use_load_balancer_configuration",
            "name": "application-tier-lb-tg",
            "name_prefix": "",
            "port": 8080,
            "preserve_client_ip": null,
            "protocol": "HTTP",
            "protocol_version": "HTTP1",
            "proxy_protocol_v2": false,
            "slow_start": 0,
            "stickiness": [
              {
                "cookie_duration": 86400,
                "cookie_name": "",
                "enabled": false,
                "type": "lb_cookie"
              }
            ],
            "tags": null,
            "tags_all": {},
            "target_failover": [
              {
                "on_deregistration": null,
                "on_unhealthy": null
              }
            ],
            "target_health_state": [
              {
                "enable_unhealthy_connection_termination": null
              }
            ],
            "target_type": "instance",
            "vpc_id": "vpc-07485a88a20561c0e"
          },
          "sensitive_attributes": [],
          "private": "bnVsbA==",
          "dependencies": [
            "aws_vpc.arch-vpc"
          ]
        }
      ]
    },
    {
      "mode": "managed",
      "type": "aws_lb_target_group",
      "name": "front_end",
      "provider": "provider[\"registry.opentofu.org/hashicorp/aws\"]",
      "instances": [
        {
          "schema_version": 0,
          "attributes": {
            "arn": "arn:aws:elasticloadbalancing:us-east-2:498692135370:targetgroup/front-end-lb-tg/37354396110f98af",
            "arn_suffix": "targetgroup/front-end-lb-tg/37354396110f98af",
            "connection_termination": null,
            "deregistration_delay": "300",
            "health_check": [
              {
                "enabled": true,
                "healthy_threshold": 5,
                "interval": 30,
                "matcher": "200",
                "path": "/",
                "port": "traffic-port",
                "protocol": "HTTP",
                "timeout": 5,
                "unhealthy_threshold": 2
              }
            ],
            "id": "arn:aws:elasticloadbalancing:us-east-2:498692135370:targetgroup/front-end-lb-tg/37354396110f98af",
            "ip_address_type": "ipv4",
            "lambda_multi_value_headers_enabled": false,
            "load_balancing_algorithm_type": "round_robin",
            "load_balancing_anomaly_mitigation": "off",
            "load_balancing_cross_zone_enabled": "use_load_balancer_configuration",
            "name": "front-end-lb-tg",
            "name_prefix": "",
            "port": 80,
            "preserve_client_ip": null,
            "protocol": "HTTP",
            "protocol_version": "HTTP1",
            "proxy_protocol_v2": false,
            "slow_start": 0,
            "stickiness": [
              {
                "cookie_duration": 86400,
                "cookie_name": "",
                "enabled": false,
                "type": "lb_cookie"
              }
            ],
            "tags": null,
            "tags_all": {},
            "target_failover": [
              {
                "on_deregistration": null,
                "on_unhealthy": null
              }
            ],
            "target_health_state": [
              {
                "enable_unhealthy_connection_termination": null
              }
            ],
            "target_type": "instance",
            "vpc_id": "vpc-07485a88a20561c0e"
          },
          "sensitive_attributes": [],
          "private": "bnVsbA==",
          "dependencies": [
            "aws_vpc.arch-vpc"
          ]
        }
      ]
    },
    {
      "mode": "managed",
      "type": "aws_nat_gateway",
      "name": "nat-gw-1",
      "provider": "provider[\"registry.opentofu.org/hashicorp/aws\"]",
      "instances": [
        {
          "schema_version": 0,
          "attributes": {
            "allocation_id": "eipalloc-05ff51aced6b70222",
            "association_id": "eipassoc-0d702e1b017366634",
            "connectivity_type": "public",
            "id": "nat-00da39d49ee8cc3d4",
            "network_interface_id": "eni-019793c8489006eaf",
            "private_ip": "69.69.1.157",
            "public_ip": "18.117.202.61",
            "secondary_allocation_ids": null,
            "secondary_private_ip_address_count": 0,
            "secondary_private_ip_addresses": [],
            "subnet_id": "subnet-03a86e68f7b18dc7e",
            "tags": {
              "Name": "dellhoak-nat-gw-1"
            },
            "tags_all": {
              "Name": "dellhoak-nat-gw-1"
            },
            "timeouts": null
          },
          "sensitive_attributes": [],
          "private": "eyJlMmJmYjczMC1lY2FhLTExZTYtOGY4OC0zNDM2M2JjN2M0YzAiOnsiY3JlYXRlIjo2MDAwMDAwMDAwMDAsImRlbGV0ZSI6MTgwMDAwMDAwMDAwMCwidXBkYXRlIjo2MDAwMDAwMDAwMDB9fQ==",
          "dependencies": [
            "aws_eip.nat_ip-1",
            "aws_internet_gateway.arch-igw",
            "aws_subnet.arch-pub-sub-1",
            "aws_vpc.arch-vpc"
          ]
        }
      ]
    },
    {
      "mode": "managed",
      "type": "aws_nat_gateway",
      "name": "nat-gw-2",
      "provider": "provider[\"registry.opentofu.org/hashicorp/aws\"]",
      "instances": [
        {
          "schema_version": 0,
          "attributes": {
            "allocation_id": "eipalloc-093e60b8cd148ec54",
            "association_id": "eipassoc-0a438cb55f850def8",
            "connectivity_type": "public",
            "id": "nat-0dcaefc4728ee24d1",
            "network_interface_id": "eni-015a4ec4dfeb4d105",
            "private_ip": "69.69.2.219",
            "public_ip": "18.225.24.249",
            "secondary_allocation_ids": null,
            "secondary_private_ip_address_count": 0,
            "secondary_private_ip_addresses": [],
            "subnet_id": "subnet-0f99f48617840a2f6",
            "tags": {
              "Name": "dellhoak-nat-gw-2"
            },
            "tags_all": {
              "Name": "dellhoak-nat-gw-2"
            },
            "timeouts": null
          },
          "sensitive_attributes": [],
          "private": "eyJlMmJmYjczMC1lY2FhLTExZTYtOGY4OC0zNDM2M2JjN2M0YzAiOnsiY3JlYXRlIjo2MDAwMDAwMDAwMDAsImRlbGV0ZSI6MTgwMDAwMDAwMDAwMCwidXBkYXRlIjo2MDAwMDAwMDAwMDB9fQ==",
          "dependencies": [
            "aws_eip.nat_ip-2",
            "aws_internet_gateway.arch-igw",
            "aws_subnet.arch-pub-sub-2",
            "aws_vpc.arch-vpc"
          ]
        }
      ]
    },
    {
      "mode": "managed",
      "type": "aws_network_acl",
      "name": "allow_all_nacl",
      "provider": "provider[\"registry.opentofu.org/hashicorp/aws\"]",
      "instances": [
        {
          "schema_version": 0,
          "attributes": {
            "arn": "arn:aws:ec2:us-east-2:498692135370:network-acl/acl-03d414c06cf1f6d7a",
            "egress": [
              {
                "action": "allow",
                "cidr_block": "0.0.0.0/0",
                "from_port": 0,
                "icmp_code": null,
                "icmp_type": null,
                "ipv6_cidr_block": "",
                "protocol": "-1",
                "rule_no": 100,
                "to_port": 0
              }
            ],
            "id": "acl-03d414c06cf1f6d7a",
            "ingress": [
              {
                "action": "allow",
                "cidr_block": "0.0.0.0/0",
                "from_port": 0,
                "icmp_code": null,
                "icmp_type": null,
                "ipv6_cidr_block": "",
                "protocol": "-1",
                "rule_no": 100,
                "to_port": 0
              }
            ],
            "owner_id": "498692135370",
            "subnet_ids": [],
            "tags": {
              "Name": "my-permissive-nacl"
            },
            "tags_all": {
              "Name": "my-permissive-nacl"
            },
            "vpc_id": "vpc-07485a88a20561c0e"
          },
          "sensitive_attributes": [],
          "private": "bnVsbA==",
          "dependencies": [
            "aws_vpc.arch-vpc"
          ]
        }
      ]
    },
    {
      "mode": "managed",
      "type": "aws_network_acl_association",
      "name": "allow_sub1",
      "provider": "provider[\"registry.opentofu.org/hashicorp/aws\"]",
      "instances": [
        {
          "schema_version": 0,
          "attributes": {
            "id": "aclassoc-0103e0087d908fe4c",
            "network_acl_id": "acl-03d414c06cf1f6d7a",
            "subnet_id": "subnet-018c90b5bc2ce0aad"
          },
          "sensitive_attributes": [],
          "private": "bnVsbA==",
          "dependencies": [
            "aws_network_acl.allow_all_nacl",
            "aws_subnet.arch-pri-sub-1",
            "aws_vpc.arch-vpc"
          ]
        }
      ]
    },
    {
      "mode": "managed",
      "type": "aws_network_acl_association",
      "name": "allow_sub2",
      "provider": "provider[\"registry.opentofu.org/hashicorp/aws\"]",
      "instances": [
        {
          "schema_version": 0,
          "attributes": {
            "id": "aclassoc-0fe110cb68b2dfb2f",
            "network_acl_id": "acl-03d414c06cf1f6d7a",
            "subnet_id": "subnet-09dddb841374c37f6"
          },
          "sensitive_attributes": [],
          "private": "bnVsbA==",
          "dependencies": [
            "aws_network_acl.allow_all_nacl",
            "aws_subnet.arch-pri-sub-2",
            "aws_vpc.arch-vpc"
          ]
        }
      ]
    },
    {
      "mode": "managed",
      "type": "aws_network_acl_association",
      "name": "allow_sub3",
      "provider": "provider[\"registry.opentofu.org/hashicorp/aws\"]",
      "instances": [
        {
          "schema_version": 0,
          "attributes": {
            "id": "aclassoc-065df8b4ba2d70823",
            "network_acl_id": "acl-03d414c06cf1f6d7a",
            "subnet_id": "subnet-03a86e68f7b18dc7e"
          },
          "sensitive_attributes": [],
          "private": "bnVsbA==",
          "dependencies": [
            "aws_network_acl.allow_all_nacl",
            "aws_subnet.arch-pub-sub-1",
            "aws_vpc.arch-vpc"
          ]
        }
      ]
    },
    {
      "mode": "managed",
      "type": "aws_network_acl_association",
      "name": "allow_sub4",
      "provider": "provider[\"registry.opentofu.org/hashicorp/aws\"]",
      "instances": [
        {
          "schema_version": 0,
          "attributes": {
            "id": "aclassoc-079c1d390b8ef5621",
            "network_acl_id": "acl-03d414c06cf1f6d7a",
            "subnet_id": "subnet-0f99f48617840a2f6"
          },
          "sensitive_attributes": [],
          "private": "bnVsbA==",
          "dependencies": [
            "aws_network_acl.allow_all_nacl",
            "aws_subnet.arch-pub-sub-2",
            "aws_vpc.arch-vpc"
          ]
        }
      ]
    },
    {
      "mode": "managed",
      "type": "aws_route_table",
      "name": "private_route-1",
      "provider": "provider[\"registry.opentofu.org/hashicorp/aws\"]",
      "instances": [
        {
          "schema_version": 0,
          "attributes": {
            "arn": "arn:aws:ec2:us-east-2:498692135370:route-table/rtb-0394600c1ae9c32c0",
            "id": "rtb-0394600c1ae9c32c0",
            "owner_id": "498692135370",
            "propagating_vgws": [],
            "route": [
              {
                "carrier_gateway_id": "",
                "cidr_block": "0.0.0.0/0",
                "core_network_arn": "",
                "destination_prefix_list_id": "",
                "egress_only_gateway_id": "",
                "gateway_id": "",
                "ipv6_cidr_block": "",
                "local_gateway_id": "",
                "nat_gateway_id": "nat-00da39d49ee8cc3d4",
                "network_interface_id": "",
                "transit_gateway_id": "",
                "vpc_endpoint_id": "",
                "vpc_peering_connection_id": ""
              }
            ],
            "tags": {
              "Name": "dellhoak-CRT-1"
            },
            "tags_all": {
              "Name": "dellhoak-CRT-1"
            },
            "timeouts": null,
            "vpc_id": "vpc-07485a88a20561c0e"
          },
          "sensitive_attributes": [],
          "private": "eyJlMmJmYjczMC1lY2FhLTExZTYtOGY4OC0zNDM2M2JjN2M0YzAiOnsiY3JlYXRlIjozMDAwMDAwMDAwMDAsImRlbGV0ZSI6MzAwMDAwMDAwMDAwLCJ1cGRhdGUiOjEyMDAwMDAwMDAwMH19",
          "dependencies": [
            "aws_eip.nat_ip-1",
            "aws_internet_gateway.arch-igw",
            "aws_nat_gateway.nat-gw-1",
            "aws_subnet.arch-pub-sub-1",
            "aws_vpc.arch-vpc"
          ]
        }
      ]
    },
    {
      "mode": "managed",
      "type": "aws_route_table",
      "name": "private_route-2",
      "provider": "provider[\"registry.opentofu.org/hashicorp/aws\"]",
      "instances": [
        {
          "schema_version": 0,
          "attributes": {
            "arn": "arn:aws:ec2:us-east-2:498692135370:route-table/rtb-00b1cd63d22c2c053",
            "id": "rtb-00b1cd63d22c2c053",
            "owner_id": "498692135370",
            "propagating_vgws": [],
            "route": [
              {
                "carrier_gateway_id": "",
                "cidr_block": "0.0.0.0/0",
                "core_network_arn": "",
                "destination_prefix_list_id": "",
                "egress_only_gateway_id": "",
                "gateway_id": "",
                "ipv6_cidr_block": "",
                "local_gateway_id": "",
                "nat_gateway_id": "nat-0dcaefc4728ee24d1",
                "network_interface_id": "",
                "transit_gateway_id": "",
                "vpc_endpoint_id": "",
                "vpc_peering_connection_id": ""
              }
            ],
            "tags": {
              "Name": "dellhoak-CRT-2"
            },
            "tags_all": {
              "Name": "dellhoak-CRT-2"
            },
            "timeouts": null,
            "vpc_id": "vpc-07485a88a20561c0e"
          },
          "sensitive_attributes": [],
          "private": "eyJlMmJmYjczMC1lY2FhLTExZTYtOGY4OC0zNDM2M2JjN2M0YzAiOnsiY3JlYXRlIjozMDAwMDAwMDAwMDAsImRlbGV0ZSI6MzAwMDAwMDAwMDAwLCJ1cGRhdGUiOjEyMDAwMDAwMDAwMH19",
          "dependencies": [
            "aws_eip.nat_ip-2",
            "aws_internet_gateway.arch-igw",
            "aws_nat_gateway.nat-gw-2",
            "aws_subnet.arch-pub-sub-2",
            "aws_vpc.arch-vpc"
          ]
        }
      ]
    },
    {
      "mode": "managed",
      "type": "aws_route_table",
      "name": "public_route",
      "provider": "provider[\"registry.opentofu.org/hashicorp/aws\"]",
      "instances": [
        {
          "schema_version": 0,
          "attributes": {
            "arn": "arn:aws:ec2:us-east-2:498692135370:route-table/rtb-08bc06fc50c87ee61",
            "id": "rtb-08bc06fc50c87ee61",
            "owner_id": "498692135370",
            "propagating_vgws": [],
            "route": [
              {
                "carrier_gateway_id": "",
                "cidr_block": "0.0.0.0/0",
                "core_network_arn": "",
                "destination_prefix_list_id": "",
                "egress_only_gateway_id": "",
                "gateway_id": "igw-08262f9faa3d44412",
                "ipv6_cidr_block": "",
                "local_gateway_id": "",
                "nat_gateway_id": "",
                "network_interface_id": "",
                "transit_gateway_id": "",
                "vpc_endpoint_id": "",
                "vpc_peering_connection_id": ""
              }
            ],
            "tags": {
              "Name": "dellhoak-MRT"
            },
            "tags_all": {
              "Name": "dellhoak-MRT"
            },
            "timeouts": null,
            "vpc_id": "vpc-07485a88a20561c0e"
          },
          "sensitive_attributes": [],
          "private": "eyJlMmJmYjczMC1lY2FhLTExZTYtOGY4OC0zNDM2M2JjN2M0YzAiOnsiY3JlYXRlIjozMDAwMDAwMDAwMDAsImRlbGV0ZSI6MzAwMDAwMDAwMDAwLCJ1cGRhdGUiOjEyMDAwMDAwMDAwMH19",
          "dependencies": [
            "aws_internet_gateway.arch-igw",
            "aws_vpc.arch-vpc"
          ]
        }
      ]
    },
    {
      "mode": "managed",
      "type": "aws_route_table_association",
      "name": "private-route-1",
      "provider": "provider[\"registry.opentofu.org/hashicorp/aws\"]",
      "instances": [
        {
          "schema_version": 0,
          "attributes": {
            "gateway_id": "",
            "id": "rtbassoc-0294f09f68babae62",
            "route_table_id": "rtb-0394600c1ae9c32c0",
            "subnet_id": "subnet-018c90b5bc2ce0aad",
            "timeouts": null
          },
          "sensitive_attributes": [],
          "private": "eyJlMmJmYjczMC1lY2FhLTExZTYtOGY4OC0zNDM2M2JjN2M0YzAiOnsiY3JlYXRlIjozMDAwMDAwMDAwMDAsImRlbGV0ZSI6MzAwMDAwMDAwMDAwLCJ1cGRhdGUiOjEyMDAwMDAwMDAwMH19",
          "dependencies": [
            "aws_eip.nat_ip-1",
            "aws_internet_gateway.arch-igw",
            "aws_nat_gateway.nat-gw-1",
            "aws_route_table.private_route-1",
            "aws_subnet.arch-pri-sub-1",
            "aws_subnet.arch-pub-sub-1",
            "aws_vpc.arch-vpc"
          ]
        }
      ]
    },
    {
      "mode": "managed",
      "type": "aws_route_table_association",
      "name": "private-route-2",
      "provider": "provider[\"registry.opentofu.org/hashicorp/aws\"]",
      "instances": [
        {
          "schema_version": 0,
          "attributes": {
            "gateway_id": "",
            "id": "rtbassoc-0fe15be4be5e95457",
            "route_table_id": "rtb-00b1cd63d22c2c053",
            "subnet_id": "subnet-09dddb841374c37f6",
            "timeouts": null
          },
          "sensitive_attributes": [],
          "private": "eyJlMmJmYjczMC1lY2FhLTExZTYtOGY4OC0zNDM2M2JjN2M0YzAiOnsiY3JlYXRlIjozMDAwMDAwMDAwMDAsImRlbGV0ZSI6MzAwMDAwMDAwMDAwLCJ1cGRhdGUiOjEyMDAwMDAwMDAwMH19",
          "dependencies": [
            "aws_eip.nat_ip-2",
            "aws_internet_gateway.arch-igw",
            "aws_nat_gateway.nat-gw-2",
            "aws_route_table.private_route-2",
            "aws_subnet.arch-pri-sub-2",
            "aws_subnet.arch-pub-sub-2",
            "aws_vpc.arch-vpc"
          ]
        }
      ]
    },
    {
      "mode": "managed",
      "type": "aws_route_table_association",
      "name": "public_route_association-1",
      "provider": "provider[\"registry.opentofu.org/hashicorp/aws\"]",
      "instances": [
        {
          "schema_version": 0,
          "attributes": {
            "gateway_id": "",
            "id": "rtbassoc-038edd71c5e12e326",
            "route_table_id": "rtb-08bc06fc50c87ee61",
            "subnet_id": "subnet-03a86e68f7b18dc7e",
            "timeouts": null
          },
          "sensitive_attributes": [],
          "private": "eyJlMmJmYjczMC1lY2FhLTExZTYtOGY4OC0zNDM2M2JjN2M0YzAiOnsiY3JlYXRlIjozMDAwMDAwMDAwMDAsImRlbGV0ZSI6MzAwMDAwMDAwMDAwLCJ1cGRhdGUiOjEyMDAwMDAwMDAwMH19",
          "dependencies": [
            "aws_internet_gateway.arch-igw",
            "aws_route_table.public_route",
            "aws_subnet.arch-pub-sub-1",
            "aws_vpc.arch-vpc"
          ]
        }
      ]
    },
    {
      "mode": "managed",
      "type": "aws_route_table_association",
      "name": "public_route_association-2",
      "provider": "provider[\"registry.opentofu.org/hashicorp/aws\"]",
      "instances": [
        {
          "schema_version": 0,
          "attributes": {
            "gateway_id": "",
            "id": "rtbassoc-0973e880748e67e98",
            "route_table_id": "rtb-08bc06fc50c87ee61",
            "subnet_id": "subnet-0f99f48617840a2f6",
            "timeouts": null
          },
          "sensitive_attributes": [],
          "private": "eyJlMmJmYjczMC1lY2FhLTExZTYtOGY4OC0zNDM2M2JjN2M0YzAiOnsiY3JlYXRlIjozMDAwMDAwMDAwMDAsImRlbGV0ZSI6MzAwMDAwMDAwMDAwLCJ1cGRhdGUiOjEyMDAwMDAwMDAwMH19",
          "dependencies": [
            "aws_internet_gateway.arch-igw",
            "aws_route_table.public_route",
            "aws_subnet.arch-pub-sub-2",
            "aws_vpc.arch-vpc"
          ]
        }
      ]
    },
    {
      "mode": "managed",
      "type": "aws_security_group",
      "name": "arch-sg",
      "provider": "provider[\"registry.opentofu.org/hashicorp/aws\"]",
      "instances": [
        {
          "schema_version": 1,
          "attributes": {
            "arn": "arn:aws:ec2:us-east-2:498692135370:security-group/sg-00285119e91acef82",
            "description": "Allow ALL inbound traffic",
            "egress": [
              {
                "cidr_blocks": [
                  "0.0.0.0/0"
                ],
                "description": "",
                "from_port": 0,
                "ipv6_cidr_blocks": [
                  "::/0"
                ],
                "prefix_list_ids": [],
                "protocol": "-1",
                "security_groups": [],
                "self": false,
                "to_port": 0
              }
            ],
            "id": "sg-00285119e91acef82",
            "ingress": [
              {
                "cidr_blocks": [
                  "0.0.0.0/0"
                ],
                "description": "TLS from VPC",
                "from_port": 0,
                "ipv6_cidr_blocks": [
                  "::/0"
                ],
                "prefix_list_ids": [],
                "protocol": "-1",
                "security_groups": [],
                "self": false,
                "to_port": 0
              }
            ],
            "name": "arch-sg",
            "name_prefix": "",
            "owner_id": "498692135370",
            "revoke_rules_on_delete": false,
            "tags": {
              "Name": "dellhoak-sg"
            },
            "tags_all": {
              "Name": "dellhoak-sg"
            },
            "timeouts": null,
            "vpc_id": "vpc-07485a88a20561c0e"
          },
          "sensitive_attributes": [],
          "private": "eyJlMmJmYjczMC1lY2FhLTExZTYtOGY4OC0zNDM2M2JjN2M0YzAiOnsiY3JlYXRlIjo2MDAwMDAwMDAwMDAsImRlbGV0ZSI6OTAwMDAwMDAwMDAwfSwic2NoZW1hX3ZlcnNpb24iOiIxIn0=",
          "dependencies": [
            "aws_vpc.arch-vpc"
          ]
        }
      ]
    },
    {
      "mode": "managed",
      "type": "aws_security_group",
      "name": "rds_sg",
      "provider": "provider[\"registry.opentofu.org/hashicorp/aws\"]",
      "instances": [
        {
          "schema_version": 1,
          "attributes": {
            "arn": "arn:aws:ec2:us-east-2:498692135370:security-group/sg-0f7a882555e7f2084",
            "description": "Security group for RDS instance",
            "egress": [
              {
                "cidr_blocks": [
                  "0.0.0.0/0"
                ],
                "description": "",
                "from_port": 0,
                "ipv6_cidr_blocks": [],
                "prefix_list_ids": [],
                "protocol": "-1",
                "security_groups": [],
                "self": false,
                "to_port": 0
              }
            ],
            "id": "sg-0f7a882555e7f2084",
            "ingress": [
              {
                "cidr_blocks": [
                  "0.0.0.0/0"
                ],
                "description": "",
                "from_port": 3306,
                "ipv6_cidr_blocks": [],
                "prefix_list_ids": [],
                "protocol": "tcp",
                "security_groups": [],
                "self": false,
                "to_port": 3306
              },
              {
                "cidr_blocks": [
                  "0.0.0.0/0"
                ],
                "description": "",
                "from_port": 8080,
                "ipv6_cidr_blocks": [],
                "prefix_list_ids": [],
                "protocol": "tcp",
                "security_groups": [],
                "self": false,
                "to_port": 8080
              }
            ],
            "name": "rds-security-group",
            "name_prefix": "",
            "owner_id": "498692135370",
            "revoke_rules_on_delete": false,
            "tags": null,
            "tags_all": {},
            "timeouts": null,
            "vpc_id": "vpc-07485a88a20561c0e"
          },
          "sensitive_attributes": [],
          "private": "eyJlMmJmYjczMC1lY2FhLTExZTYtOGY4OC0zNDM2M2JjN2M0YzAiOnsiY3JlYXRlIjo2MDAwMDAwMDAwMDAsImRlbGV0ZSI6OTAwMDAwMDAwMDAwfSwic2NoZW1hX3ZlcnNpb24iOiIxIn0=",
          "dependencies": [
            "aws_vpc.arch-vpc"
          ]
        }
      ]
    },
    {
      "mode": "managed",
      "type": "aws_subnet",
      "name": "arch-pri-sub-1",
      "provider": "provider[\"registry.opentofu.org/hashicorp/aws\"]",
      "instances": [
        {
          "schema_version": 1,
          "attributes": {
            "arn": "arn:aws:ec2:us-east-2:498692135370:subnet/subnet-018c90b5bc2ce0aad",
            "assign_ipv6_address_on_creation": false,
            "availability_zone": "us-east-2a",
            "availability_zone_id": "use2-az1",
            "cidr_block": "69.69.3.0/24",
            "customer_owned_ipv4_pool": "",
            "enable_dns64": false,
            "enable_lni_at_device_index": 0,
            "enable_resource_name_dns_a_record_on_launch": false,
            "enable_resource_name_dns_aaaa_record_on_launch": false,
            "id": "subnet-018c90b5bc2ce0aad",
            "ipv6_cidr_block": "",
            "ipv6_cidr_block_association_id": "",
            "ipv6_native": false,
            "map_customer_owned_ip_on_launch": false,
            "map_public_ip_on_launch": true,
            "outpost_arn": "",
            "owner_id": "498692135370",
            "private_dns_hostname_type_on_launch": "ip-name",
            "tags": {
              "Name": "dellhoak-pri-sub-1"
            },
            "tags_all": {
              "Name": "dellhoak-pri-sub-1"
            },
            "timeouts": null,
            "vpc_id": "vpc-07485a88a20561c0e"
          },
          "sensitive_attributes": [],
          "private": "eyJlMmJmYjczMC1lY2FhLTExZTYtOGY4OC0zNDM2M2JjN2M0YzAiOnsiY3JlYXRlIjo2MDAwMDAwMDAwMDAsImRlbGV0ZSI6MTIwMDAwMDAwMDAwMH0sInNjaGVtYV92ZXJzaW9uIjoiMSJ9",
          "dependencies": [
            "aws_vpc.arch-vpc"
          ]
        }
      ]
    },
    {
      "mode": "managed",
      "type": "aws_subnet",
      "name": "arch-pri-sub-2",
      "provider": "provider[\"registry.opentofu.org/hashicorp/aws\"]",
      "instances": [
        {
          "schema_version": 1,
          "attributes": {
            "arn": "arn:aws:ec2:us-east-2:498692135370:subnet/subnet-09dddb841374c37f6",
            "assign_ipv6_address_on_creation": false,
            "availability_zone": "us-east-2b",
            "availability_zone_id": "use2-az2",
            "cidr_block": "69.69.4.0/24",
            "customer_owned_ipv4_pool": "",
            "enable_dns64": false,
            "enable_lni_at_device_index": 0,
            "enable_resource_name_dns_a_record_on_launch": false,
            "enable_resource_name_dns_aaaa_record_on_launch": false,
            "id": "subnet-09dddb841374c37f6",
            "ipv6_cidr_block": "",
            "ipv6_cidr_block_association_id": "",
            "ipv6_native": false,
            "map_customer_owned_ip_on_launch": false,
            "map_public_ip_on_launch": true,
            "outpost_arn": "",
            "owner_id": "498692135370",
            "private_dns_hostname_type_on_launch": "ip-name",
            "tags": {
              "Name": "dellhoak-pri-sub-2"
            },
            "tags_all": {
              "Name": "dellhoak-pri-sub-2"
            },
            "timeouts": null,
            "vpc_id": "vpc-07485a88a20561c0e"
          },
          "sensitive_attributes": [],
          "private": "eyJlMmJmYjczMC1lY2FhLTExZTYtOGY4OC0zNDM2M2JjN2M0YzAiOnsiY3JlYXRlIjo2MDAwMDAwMDAwMDAsImRlbGV0ZSI6MTIwMDAwMDAwMDAwMH0sInNjaGVtYV92ZXJzaW9uIjoiMSJ9",
          "dependencies": [
            "aws_vpc.arch-vpc"
          ]
        }
      ]
    },
    {
      "mode": "managed",
      "type": "aws_subnet",
      "name": "arch-pub-sub-1",
      "provider": "provider[\"registry.opentofu.org/hashicorp/aws\"]",
      "instances": [
        {
          "schema_version": 1,
          "attributes": {
            "arn": "arn:aws:ec2:us-east-2:498692135370:subnet/subnet-03a86e68f7b18dc7e",
            "assign_ipv6_address_on_creation": false,
            "availability_zone": "us-east-2a",
            "availability_zone_id": "use2-az1",
            "cidr_block": "69.69.1.0/24",
            "customer_owned_ipv4_pool": "",
            "enable_dns64": false,
            "enable_lni_at_device_index": 0,
            "enable_resource_name_dns_a_record_on_launch": false,
            "enable_resource_name_dns_aaaa_record_on_launch": false,
            "id": "subnet-03a86e68f7b18dc7e",
            "ipv6_cidr_block": "",
            "ipv6_cidr_block_association_id": "",
            "ipv6_native": false,
            "map_customer_owned_ip_on_launch": false,
            "map_public_ip_on_launch": true,
            "outpost_arn": "",
            "owner_id": "498692135370",
            "private_dns_hostname_type_on_launch": "ip-name",
            "tags": {
              "Name": "dellhoak-pub-sub-1"
            },
            "tags_all": {
              "Name": "dellhoak-pub-sub-1"
            },
            "timeouts": null,
            "vpc_id": "vpc-07485a88a20561c0e"
          },
          "sensitive_attributes": [],
          "private": "eyJlMmJmYjczMC1lY2FhLTExZTYtOGY4OC0zNDM2M2JjN2M0YzAiOnsiY3JlYXRlIjo2MDAwMDAwMDAwMDAsImRlbGV0ZSI6MTIwMDAwMDAwMDAwMH0sInNjaGVtYV92ZXJzaW9uIjoiMSJ9",
          "dependencies": [
            "aws_vpc.arch-vpc"
          ]
        }
      ]
    },
    {
      "mode": "managed",
      "type": "aws_subnet",
      "name": "arch-pub-sub-2",
      "provider": "provider[\"registry.opentofu.org/hashicorp/aws\"]",
      "instances": [
        {
          "schema_version": 1,
          "attributes": {
            "arn": "arn:aws:ec2:us-east-2:498692135370:subnet/subnet-0f99f48617840a2f6",
            "assign_ipv6_address_on_creation": false,
            "availability_zone": "us-east-2b",
            "availability_zone_id": "use2-az2",
            "cidr_block": "69.69.2.0/24",
            "customer_owned_ipv4_pool": "",
            "enable_dns64": false,
            "enable_lni_at_device_index": 0,
            "enable_resource_name_dns_a_record_on_launch": false,
            "enable_resource_name_dns_aaaa_record_on_launch": false,
            "id": "subnet-0f99f48617840a2f6",
            "ipv6_cidr_block": "",
            "ipv6_cidr_block_association_id": "",
            "ipv6_native": false,
            "map_customer_owned_ip_on_launch": false,
            "map_public_ip_on_launch": true,
            "outpost_arn": "",
            "owner_id": "498692135370",
            "private_dns_hostname_type_on_launch": "ip-name",
            "tags": {
              "Name": "dellhoak-pub-sub-2"
            },
            "tags_all": {
              "Name": "dellhoak-pub-sub-2"
            },
            "timeouts": null,
            "vpc_id": "vpc-07485a88a20561c0e"
          },
          "sensitive_attributes": [],
          "private": "eyJlMmJmYjczMC1lY2FhLTExZTYtOGY4OC0zNDM2M2JjN2M0YzAiOnsiY3JlYXRlIjo2MDAwMDAwMDAwMDAsImRlbGV0ZSI6MTIwMDAwMDAwMDAwMH0sInNjaGVtYV92ZXJzaW9uIjoiMSJ9",
          "dependencies": [
            "aws_vpc.arch-vpc"
          ]
        }
      ]
    },
    {
      "mode": "managed",
      "type": "aws_vpc",
      "name": "arch-vpc",
      "provider": "provider[\"registry.opentofu.org/hashicorp/aws\"]",
      "instances": [
        {
          "schema_version": 1,
          "attributes": {
            "arn": "arn:aws:ec2:us-east-2:498692135370:vpc/vpc-07485a88a20561c0e",
            "assign_generated_ipv6_cidr_block": false,
            "cidr_block": "69.69.0.0/16",
            "default_network_acl_id": "acl-0f1e483f21a2faa1d",
            "default_route_table_id": "rtb-04e5b3f3c449d2bd8",
            "default_security_group_id": "sg-05d53a8540b44434c",
            "dhcp_options_id": "dopt-01e9e4b5c9482d1d7",
            "enable_dns_hostnames": false,
            "enable_dns_support": true,
            "enable_network_address_usage_metrics": false,
            "id": "vpc-07485a88a20561c0e",
            "instance_tenancy": "default",
            "ipv4_ipam_pool_id": null,
            "ipv4_netmask_length": null,
            "ipv6_association_id": "",
            "ipv6_cidr_block": "",
            "ipv6_cidr_block_network_border_group": "",
            "ipv6_ipam_pool_id": "",
            "ipv6_netmask_length": 0,
            "main_route_table_id": "rtb-04e5b3f3c449d2bd8",
            "owner_id": "498692135370",
            "tags": {
              "Name": "dellhoak-vpc"
            },
            "tags_all": {
              "Name": "dellhoak-vpc"
            }
          },
          "sensitive_attributes": [],
          "private": "eyJzY2hlbWFfdmVyc2lvbiI6IjEifQ=="
        }
      ]
    },
    {
      "mode": "managed",
      "type": "local_file",
      "name": "private_key_pem",
      "provider": "provider[\"registry.opentofu.org/hashicorp/local\"]",
      "instances": [
        {
          "schema_version": 0,
          "attributes": {
            "content": "-----BEGIN RSA PRIVATE KEY-----\nMIIJKQIBAAKCAgEAzfDOfq90ndtYBlq0tDifwsDMON5ryXhXRK/geHsYGjSKDQ7Z\nnK1ywTx/qtjvTI/a96TdiHtQNCd3BG/+8mEbKquAIg/Gho1K9XItH+94ywYAklN0\nnYFdmEu449egjISV1sUzAmpC7YBmqxg+pSZyL3PVUlSaFtUjwzv/x98Ac9X//hGj\ngVeq9VsZb+4FjBwfxMaztW0B+LlvHb3qexvVvHpf9muUSvMK4Ov+jakrtTKG8Qnn\nrRHYuZ4DcrH7zwk5QmOnY92oS4oZgPrH9Hm7HXiIqvPes3rUvXTXcdIJwBjD+yMf\nW4zElaneEyxqYvi6yvRYfdPUwF48MAUg8bLbrtMI0mjYVln7hySruyD2l3VrQwzx\nR8X6VkyFElISm9gvL9s513RPXAFSXTa8zXtAGj2sVsWKXK5WQAhOZekMqo2UK1Dt\n+qhdSOkJzHdLK9zskFBaPYREEre7oc62uwavaG9hwTcu9rHHbVOfGoZMyH3T9Myi\n/2kw+NBEgX71zDwq8wpBrMIReAStX0HzOLOZx3tCWbIMIEzfb0C9WMLPqQzdhudT\n7NXdTvuU+rpCkDl+kiga1KnMiVXqiKNqhVyCc97OchtTIKa5d3UcKM/UW/GFjI+N\nATjzSuXseagotNMJqvfoIb4Vbwh4mOpKy+Rlj280DXuHq7WPZDVexmTeQBMCAwEA\nAQKCAgAnQelLMw0q7l44T+A0nrqtuGz1xkiLzlnsaQ6ESQrOLAfI93S6LkI63dqE\nafgsAxw9qvrkAoXGe2NvwB28fJBeMPUrCRDSI2sPoOVDOjYvlYRUYH5RbBC4cG7d\nWARt5PRfTZYstq7tcVWg9e0zNEH+E7mtiR0ajyTTGcPniPYgHsI+34PoqxqWzPfr\nY1dBXzcbHrmxMwd2L3skE0j4kNTMqhNS+Sz6oJwJRlNvE7mWP/yDRF0am9VRhPKp\nUY5r6Bk3M6H8IovrYnb8JFIro2zs8EY1OGnSku6s8vIC64QaT15EqGxY2lu7H/eK\ndiQNm9aXy752tgPPa+dTTBb8nBjOQjf3i9NcoQYTFFaROO4jI1y5DLFFt8d29K5B\nyMPK5HAW0ECcHjxi8mXqD2ZHSTIzoBgb/58zNy0QG8zRXK8vNeRi9g887eQ3sndd\nk0t/qG5/kD1y9o9mwwsOlmcEntrTmyoQMPn/aJaaMPLdJ/tA8dFBy26/9gVzMc3s\nlKJ/bbYQrYvTk6i8buDBP32Zh21wxmcJl3uGYTHk4kKuFXRSYYvW94AgjOSkrorq\nqdU5rFCl920R5rIcj/e7WKjMaB1/VQyG0ssQjhR2wUQomj/vhxUnvfvl462L/3cj\nAORF8TlYWe6fmi5dV/fdSc+b8yEcQifaMbHyZ5M58CIz1dF2MQKCAQEA5OCMyLF3\nq/QXnvJ7gNHfoonSRhrCsL20jtdvv4A2frFX6S5MR2Ene73jkWtf3mlt/IpWDNX5\nmiBl73444x74fjQJNnMSNSgLMr7OO+Bu+WEMUx3EsvKvp8IRNMRBK/2rCV00NoHA\n/bPsrxIesU/AqTlI1gIgkfbHMpLD0E9AS+FTeIZATgvtZyB7jLlMhXJR3BkGnfDn\nHMhhgmz11lpecSSAL/4R/Ki9FX1sNJULb8pTVszBrEDaBAQtEvocI9sWhlm+xhXf\n14B9jeiW0mxVvObqwJMKePu0skUfvteDyRb3qZp5H1KFnYOUJw3zOpGxJJ1YtfYk\n6pYBFahvDZueCwKCAQEA5lhuh+RN4Q8Tq83Uu1lG/Mnd7SFDrFEWdRfVNN996gSx\nWmEGyIMNLr1toZ9nmVMUjMr0AHYy4BMH9av8Dwk3vrA3h0Pou/hei8BYz7ZU9R+b\nig2qTetKtZx1iw7V8hDfT+TNXZTBbDub3VoZ6qj0oOZqilxcAeHUhJw8zMV8yog8\nvzE/QnJEcKZRG1vgZaqKDhCsY+XTT1q8RCHdHJBX83E2rgKD11tuMub82nlLykAy\nRnl36m1FLCYErB7ASpX1TJLd2KIF6fvqO5EOGS6Hm9y5jiYVqOKB9Li9Jqm315L5\nEtuslDq8NO/zsyypuQfzIDCHSjo110GRcp4ur3MTGQKCAQBqtjdtqzC8v4Xz2eKz\nYSb/xXqArSFw/kIdB11W0BSYZV8znR57eVTLYPGlb4a3UDizslwEiA9kSQ695v/n\nBR2e2ewhsu0eU5lFA6lsSWv0Ycc5SXvYY0Z61QTosUghlpgUOZyKfVzZ7PXBepVM\n3n5ZaBgJj9xXsdOWRM9/ZDP6LQiZ/R4mRXFez8pLBmojHfYExLZNFXDr/pFYGi1U\nz7WQ0w/hUHhacOIYDu5QZd17Nb49jiIOif4cOUY6vto37YJHCbjk6nX/KC1h6LvJ\nSDGBbbiuKOCNH+5T3965QAp1y3uVXCx06ijaE+sTenGZMSyCgcpGrIjxxxaiXnHI\nynGZAoIBAQCqWGeVU39Mmuu/OD7ENifLNjZK8TisrGLhQTjJGyZw8/t8jRiJHHGZ\nSTlUNyBUQR6HaGe+F6tUDn7qbb/AFt8ExCisfcoViH3S9/I12e9GP5O1KpnxeboM\nSKKcreIGW/fpi5lcRXAtbH+92K4l3cDbZMsRe3AHbEzPrQNBpCK/XLUf53mS2BJJ\nBJYil3WBefcSo735OrNkkgN8l1Z/kzeXrvfzA6UglFsQhcYkg2NLNOJ5P8cwtJJd\nLdhyuWMXRYLcmBg75sZc3ZHBb2pvsPtUho0q1HtcI/ZbVmt7tjNg1y4fhhlAnZcl\nxvYAYV06muhvu7Oxbw72G2VG0DhSQ9WxAoIBAQC/JynqNIunul2azU1B1v/j3Hcp\n60xGtaft5ery5rHREEjPxtwkPF2PAnKOmqVPWx/dWDeKS2F9sd8wkp5BzcqUMH5+\niamK3RNBIjDsHQJnd0dUXYoWpIa73BD1bhaNym3eKcXtwp4zXZ7hsBwdrFnm/qj9\nz8fXBmI6zOF96eqZk1QMHhE4aY4fyxJqSYHrI17y0biHDbl/F4CCZAlfPKfMOS/b\nnEOQE6wPJYeLUqUNhckDi83Ww6jLFn94riEPsOlx15amxoCQZPimfAO20DbubdHH\n/95njL2m3T/mG38dydaNr2p5Rmuhgadbtrr8g5gd+DH+Sv2RgJnzUTl+CkYx\n-----END RSA PRIVATE KEY-----\n",
            "content_base64": null,
            "content_base64sha256": "fBUYwfArx012Cum9fyJXHSxtb8H+neWGR6EN3dTRp8g=",
            "content_base64sha512": "aizBFWnaPS8u1dilSifxFWCff6uoSGjhcD3y+Vbgtrc45bf1dvKgud30iyxMdNhI9u/YrGTQEsFoHl2DAEjWKg==",
            "content_md5": "44c9c5ed513701d903fc95daeed1c0ec",
            "content_sha1": "1352a5c7a30ac67d526453ad2df73e41522fbb0a",
            "content_sha256": "7c1518c1f02bc74d760ae9bd7f22571d2c6d6fc1fe9de58647a10dddd4d1a7c8",
            "content_sha512": "6a2cc11569da3d2f2ed5d8a54a27f115609f7faba84868e1703df2f956e0b6b738e5b7f576f2a0b9ddf48b2c4c74d848f6efd8ac64d012c1681e5d830048d62a",
            "directory_permission": "0777",
            "file_permission": "0777",
            "filename": "./terra-keypair.pem",
            "id": "1352a5c7a30ac67d526453ad2df73e41522fbb0a",
            "sensitive_content": null,
            "source": null
          },
          "sensitive_attributes": [
            [
              {
                "type": "get_attr",
                "value": "content"
              }
            ]
          ],
          "dependencies": [
            "tls_private_key.pri-terra-key"
          ]
        }
      ]
    },
    {
      "mode": "managed",
      "type": "tls_private_key",
      "name": "pri-terra-key",
      "provider": "provider[\"registry.opentofu.org/hashicorp/tls\"]",
      "instances": [
        {
          "schema_version": 1,
          "attributes": {
            "algorithm": "RSA",
            "ecdsa_curve": "P224",
            "id": "b267bb4e8a2e8da5e7a4dd24d379f2862bb97f1f",
            "private_key_openssh": "-----BEGIN OPENSSH PRIVATE KEY-----\nb3BlbnNzaC1rZXktdjEAAAAABG5vbmUAAAAEbm9uZQAAAAAAAAABAAACFwAAAAdz\nc2gtcnNhAAAAAwEAAQAAAgEAzfDOfq90ndtYBlq0tDifwsDMON5ryXhXRK/geHsY\nGjSKDQ7ZnK1ywTx/qtjvTI/a96TdiHtQNCd3BG/+8mEbKquAIg/Gho1K9XItH+94\nywYAklN0nYFdmEu449egjISV1sUzAmpC7YBmqxg+pSZyL3PVUlSaFtUjwzv/x98A\nc9X//hGjgVeq9VsZb+4FjBwfxMaztW0B+LlvHb3qexvVvHpf9muUSvMK4Ov+jakr\ntTKG8QnnrRHYuZ4DcrH7zwk5QmOnY92oS4oZgPrH9Hm7HXiIqvPes3rUvXTXcdIJ\nwBjD+yMfW4zElaneEyxqYvi6yvRYfdPUwF48MAUg8bLbrtMI0mjYVln7hySruyD2\nl3VrQwzxR8X6VkyFElISm9gvL9s513RPXAFSXTa8zXtAGj2sVsWKXK5WQAhOZekM\nqo2UK1Dt+qhdSOkJzHdLK9zskFBaPYREEre7oc62uwavaG9hwTcu9rHHbVOfGoZM\nyH3T9Myi/2kw+NBEgX71zDwq8wpBrMIReAStX0HzOLOZx3tCWbIMIEzfb0C9WMLP\nqQzdhudT7NXdTvuU+rpCkDl+kiga1KnMiVXqiKNqhVyCc97OchtTIKa5d3UcKM/U\nW/GFjI+NATjzSuXseagotNMJqvfoIb4Vbwh4mOpKy+Rlj280DXuHq7WPZDVexmTe\nQBMAAAc4kSnWWpEp1loAAAAHc3NoLXJzYQAAAgEAzfDOfq90ndtYBlq0tDifwsDM\nON5ryXhXRK/geHsYGjSKDQ7ZnK1ywTx/qtjvTI/a96TdiHtQNCd3BG/+8mEbKquA\nIg/Gho1K9XItH+94ywYAklN0nYFdmEu449egjISV1sUzAmpC7YBmqxg+pSZyL3PV\nUlSaFtUjwzv/x98Ac9X//hGjgVeq9VsZb+4FjBwfxMaztW0B+LlvHb3qexvVvHpf\n9muUSvMK4Ov+jakrtTKG8QnnrRHYuZ4DcrH7zwk5QmOnY92oS4oZgPrH9Hm7HXiI\nqvPes3rUvXTXcdIJwBjD+yMfW4zElaneEyxqYvi6yvRYfdPUwF48MAUg8bLbrtMI\n0mjYVln7hySruyD2l3VrQwzxR8X6VkyFElISm9gvL9s513RPXAFSXTa8zXtAGj2s\nVsWKXK5WQAhOZekMqo2UK1Dt+qhdSOkJzHdLK9zskFBaPYREEre7oc62uwavaG9h\nwTcu9rHHbVOfGoZMyH3T9Myi/2kw+NBEgX71zDwq8wpBrMIReAStX0HzOLOZx3tC\nWbIMIEzfb0C9WMLPqQzdhudT7NXdTvuU+rpCkDl+kiga1KnMiVXqiKNqhVyCc97O\nchtTIKa5d3UcKM/UW/GFjI+NATjzSuXseagotNMJqvfoIb4Vbwh4mOpKy+Rlj280\nDXuHq7WPZDVexmTeQBMAAAADAQABAAACACdB6UszDSruXjhP4DSeuq24bPXGSIvO\nWexpDoRJCs4sB8j3dLouQjrd2oRp+CwDHD2q+uQChcZ7Y2/AHbx8kF4w9SsJENIj\naw+g5UM6Ni+VhFRgflFsELhwbt1YBG3k9F9Nliy2ru1xVaD17TM0Qf4Tua2JHRqP\nJNMZw+eI9iAewj7fg+irGpbM9+tjV0FfNxseubEzB3YveyQTSPiQ1MyqE1L5LPqg\nnAlGU28TuZY//INEXRqb1VGE8qlRjmvoGTczofwii+tidvwkUiujbOzwRjU4adKS\n7qzy8gLrhBpPXkSobFjaW7sf94p2JA2b1pfLvna2A89r51NMFvycGM5CN/eL01yh\nBhMUVpE47iMjXLkMsUW3x3b0rkHIw8rkcBbQQJwePGLyZeoPZkdJMjOgGBv/nzM3\nLRAbzNFcry815GL2Dzzt5Deyd12TS3+obn+QPXL2j2bDCw6WZwSe2tObKhAw+f9o\nlpow8t0n+0Dx0UHLbr/2BXMxzeyUon9tthCti9OTqLxu4ME/fZmHbXDGZwmXe4Zh\nMeTiQq4VdFJhi9b3gCCM5KSuiuqp1TmsUKX3bRHmshyP97tYqMxoHX9VDIbSyxCO\nFHbBRCiaP++HFSe9++XjrYv/dyMA5EXxOVhZ7p+aLl1X991Jz5vzIRxCJ9oxsfJn\nkznwIjPV0XYxAAABAQC/JynqNIunul2azU1B1v/j3Hcp60xGtaft5ery5rHREEjP\nxtwkPF2PAnKOmqVPWx/dWDeKS2F9sd8wkp5BzcqUMH5+iamK3RNBIjDsHQJnd0dU\nXYoWpIa73BD1bhaNym3eKcXtwp4zXZ7hsBwdrFnm/qj9z8fXBmI6zOF96eqZk1QM\nHhE4aY4fyxJqSYHrI17y0biHDbl/F4CCZAlfPKfMOS/bnEOQE6wPJYeLUqUNhckD\ni83Ww6jLFn94riEPsOlx15amxoCQZPimfAO20DbubdHH/95njL2m3T/mG38dydaN\nr2p5Rmuhgadbtrr8g5gd+DH+Sv2RgJnzUTl+CkYxAAABAQDk4IzIsXer9Bee8nuA\n0d+iidJGGsKwvbSO12+/gDZ+sVfpLkxHYSd7veORa1/eaW38ilYM1fmaIGXvfjjj\nHvh+NAk2cxI1KAsyvs474G75YQxTHcSy8q+nwhE0xEEr/asJXTQ2gcD9s+yvEh6x\nT8CpOUjWAiCR9scyksPQT0BL4VN4hkBOC+1nIHuMuUyFclHcGQad8OccyGGCbPXW\nWl5xJIAv/hH8qL0VfWw0lQtvylNWzMGsQNoEBC0S+hwj2xaGWb7GFd/XgH2N6JbS\nbFW85urAkwp4+7SyRR++14PJFvepmnkfUoWdg5QnDfM6kbEknVi19iTqlgEVqG8N\nm54LAAABAQDmWG6H5E3hDxOrzdS7WUb8yd3tIUOsURZ1F9U0333qBLFaYQbIgw0u\nvW2hn2eZUxSMyvQAdjLgEwf1q/wPCTe+sDeHQ+i7+F6LwFjPtlT1H5uKDapN60q1\nnHWLDtXyEN9P5M1dlMFsO5vdWhnqqPSg5mqKXFwB4dSEnDzMxXzKiDy/MT9CckRw\nplEbW+BlqooOEKxj5dNPWrxEId0ckFfzcTauAoPXW24y5vzaeUvKQDJGeXfqbUUs\nJgSsHsBKlfVMkt3YogXp++o7kQ4ZLoeb3LmOJhWo4oH0uL0mqbfXkvkS26yUOrw0\n7/OzLKm5B/MgMIdKOjXXQZFyni6vcxMZAAAAAAEC\n-----END OPENSSH PRIVATE KEY-----\n",
            "private_key_pem": "-----BEGIN RSA PRIVATE KEY-----\nMIIJKQIBAAKCAgEAzfDOfq90ndtYBlq0tDifwsDMON5ryXhXRK/geHsYGjSKDQ7Z\nnK1ywTx/qtjvTI/a96TdiHtQNCd3BG/+8mEbKquAIg/Gho1K9XItH+94ywYAklN0\nnYFdmEu449egjISV1sUzAmpC7YBmqxg+pSZyL3PVUlSaFtUjwzv/x98Ac9X//hGj\ngVeq9VsZb+4FjBwfxMaztW0B+LlvHb3qexvVvHpf9muUSvMK4Ov+jakrtTKG8Qnn\nrRHYuZ4DcrH7zwk5QmOnY92oS4oZgPrH9Hm7HXiIqvPes3rUvXTXcdIJwBjD+yMf\nW4zElaneEyxqYvi6yvRYfdPUwF48MAUg8bLbrtMI0mjYVln7hySruyD2l3VrQwzx\nR8X6VkyFElISm9gvL9s513RPXAFSXTa8zXtAGj2sVsWKXK5WQAhOZekMqo2UK1Dt\n+qhdSOkJzHdLK9zskFBaPYREEre7oc62uwavaG9hwTcu9rHHbVOfGoZMyH3T9Myi\n/2kw+NBEgX71zDwq8wpBrMIReAStX0HzOLOZx3tCWbIMIEzfb0C9WMLPqQzdhudT\n7NXdTvuU+rpCkDl+kiga1KnMiVXqiKNqhVyCc97OchtTIKa5d3UcKM/UW/GFjI+N\nATjzSuXseagotNMJqvfoIb4Vbwh4mOpKy+Rlj280DXuHq7WPZDVexmTeQBMCAwEA\nAQKCAgAnQelLMw0q7l44T+A0nrqtuGz1xkiLzlnsaQ6ESQrOLAfI93S6LkI63dqE\nafgsAxw9qvrkAoXGe2NvwB28fJBeMPUrCRDSI2sPoOVDOjYvlYRUYH5RbBC4cG7d\nWARt5PRfTZYstq7tcVWg9e0zNEH+E7mtiR0ajyTTGcPniPYgHsI+34PoqxqWzPfr\nY1dBXzcbHrmxMwd2L3skE0j4kNTMqhNS+Sz6oJwJRlNvE7mWP/yDRF0am9VRhPKp\nUY5r6Bk3M6H8IovrYnb8JFIro2zs8EY1OGnSku6s8vIC64QaT15EqGxY2lu7H/eK\ndiQNm9aXy752tgPPa+dTTBb8nBjOQjf3i9NcoQYTFFaROO4jI1y5DLFFt8d29K5B\nyMPK5HAW0ECcHjxi8mXqD2ZHSTIzoBgb/58zNy0QG8zRXK8vNeRi9g887eQ3sndd\nk0t/qG5/kD1y9o9mwwsOlmcEntrTmyoQMPn/aJaaMPLdJ/tA8dFBy26/9gVzMc3s\nlKJ/bbYQrYvTk6i8buDBP32Zh21wxmcJl3uGYTHk4kKuFXRSYYvW94AgjOSkrorq\nqdU5rFCl920R5rIcj/e7WKjMaB1/VQyG0ssQjhR2wUQomj/vhxUnvfvl462L/3cj\nAORF8TlYWe6fmi5dV/fdSc+b8yEcQifaMbHyZ5M58CIz1dF2MQKCAQEA5OCMyLF3\nq/QXnvJ7gNHfoonSRhrCsL20jtdvv4A2frFX6S5MR2Ene73jkWtf3mlt/IpWDNX5\nmiBl73444x74fjQJNnMSNSgLMr7OO+Bu+WEMUx3EsvKvp8IRNMRBK/2rCV00NoHA\n/bPsrxIesU/AqTlI1gIgkfbHMpLD0E9AS+FTeIZATgvtZyB7jLlMhXJR3BkGnfDn\nHMhhgmz11lpecSSAL/4R/Ki9FX1sNJULb8pTVszBrEDaBAQtEvocI9sWhlm+xhXf\n14B9jeiW0mxVvObqwJMKePu0skUfvteDyRb3qZp5H1KFnYOUJw3zOpGxJJ1YtfYk\n6pYBFahvDZueCwKCAQEA5lhuh+RN4Q8Tq83Uu1lG/Mnd7SFDrFEWdRfVNN996gSx\nWmEGyIMNLr1toZ9nmVMUjMr0AHYy4BMH9av8Dwk3vrA3h0Pou/hei8BYz7ZU9R+b\nig2qTetKtZx1iw7V8hDfT+TNXZTBbDub3VoZ6qj0oOZqilxcAeHUhJw8zMV8yog8\nvzE/QnJEcKZRG1vgZaqKDhCsY+XTT1q8RCHdHJBX83E2rgKD11tuMub82nlLykAy\nRnl36m1FLCYErB7ASpX1TJLd2KIF6fvqO5EOGS6Hm9y5jiYVqOKB9Li9Jqm315L5\nEtuslDq8NO/zsyypuQfzIDCHSjo110GRcp4ur3MTGQKCAQBqtjdtqzC8v4Xz2eKz\nYSb/xXqArSFw/kIdB11W0BSYZV8znR57eVTLYPGlb4a3UDizslwEiA9kSQ695v/n\nBR2e2ewhsu0eU5lFA6lsSWv0Ycc5SXvYY0Z61QTosUghlpgUOZyKfVzZ7PXBepVM\n3n5ZaBgJj9xXsdOWRM9/ZDP6LQiZ/R4mRXFez8pLBmojHfYExLZNFXDr/pFYGi1U\nz7WQ0w/hUHhacOIYDu5QZd17Nb49jiIOif4cOUY6vto37YJHCbjk6nX/KC1h6LvJ\nSDGBbbiuKOCNH+5T3965QAp1y3uVXCx06ijaE+sTenGZMSyCgcpGrIjxxxaiXnHI\nynGZAoIBAQCqWGeVU39Mmuu/OD7ENifLNjZK8TisrGLhQTjJGyZw8/t8jRiJHHGZ\nSTlUNyBUQR6HaGe+F6tUDn7qbb/AFt8ExCisfcoViH3S9/I12e9GP5O1KpnxeboM\nSKKcreIGW/fpi5lcRXAtbH+92K4l3cDbZMsRe3AHbEzPrQNBpCK/XLUf53mS2BJJ\nBJYil3WBefcSo735OrNkkgN8l1Z/kzeXrvfzA6UglFsQhcYkg2NLNOJ5P8cwtJJd\nLdhyuWMXRYLcmBg75sZc3ZHBb2pvsPtUho0q1HtcI/ZbVmt7tjNg1y4fhhlAnZcl\nxvYAYV06muhvu7Oxbw72G2VG0DhSQ9WxAoIBAQC/JynqNIunul2azU1B1v/j3Hcp\n60xGtaft5ery5rHREEjPxtwkPF2PAnKOmqVPWx/dWDeKS2F9sd8wkp5BzcqUMH5+\niamK3RNBIjDsHQJnd0dUXYoWpIa73BD1bhaNym3eKcXtwp4zXZ7hsBwdrFnm/qj9\nz8fXBmI6zOF96eqZk1QMHhE4aY4fyxJqSYHrI17y0biHDbl/F4CCZAlfPKfMOS/b\nnEOQE6wPJYeLUqUNhckDi83Ww6jLFn94riEPsOlx15amxoCQZPimfAO20DbubdHH\n/95njL2m3T/mG38dydaNr2p5Rmuhgadbtrr8g5gd+DH+Sv2RgJnzUTl+CkYx\n-----END RSA PRIVATE KEY-----\n",
            "private_key_pem_pkcs8": "-----BEGIN PRIVATE KEY-----\nMIIJQwIBADANBgkqhkiG9w0BAQEFAASCCS0wggkpAgEAAoICAQDN8M5+r3Sd21gG\nWrS0OJ/CwMw43mvJeFdEr+B4exgaNIoNDtmcrXLBPH+q2O9Mj9r3pN2Ie1A0J3cE\nb/7yYRsqq4AiD8aGjUr1ci0f73jLBgCSU3SdgV2YS7jj16CMhJXWxTMCakLtgGar\nGD6lJnIvc9VSVJoW1SPDO//H3wBz1f/+EaOBV6r1Wxlv7gWMHB/ExrO1bQH4uW8d\nvep7G9W8el/2a5RK8wrg6/6NqSu1MobxCeetEdi5ngNysfvPCTlCY6dj3ahLihmA\n+sf0ebsdeIiq896zetS9dNdx0gnAGMP7Ix9bjMSVqd4TLGpi+LrK9Fh909TAXjww\nBSDxstuu0wjSaNhWWfuHJKu7IPaXdWtDDPFHxfpWTIUSUhKb2C8v2znXdE9cAVJd\nNrzNe0AaPaxWxYpcrlZACE5l6QyqjZQrUO36qF1I6QnMd0sr3OyQUFo9hEQSt7uh\nzra7Bq9ob2HBNy72scdtU58ahkzIfdP0zKL/aTD40ESBfvXMPCrzCkGswhF4BK1f\nQfM4s5nHe0JZsgwgTN9vQL1Yws+pDN2G51Ps1d1O+5T6ukKQOX6SKBrUqcyJVeqI\no2qFXIJz3s5yG1Mgprl3dRwoz9Rb8YWMj40BOPNK5ex5qCi00wmq9+ghvhVvCHiY\n6krL5GWPbzQNe4ertY9kNV7GZN5AEwIDAQABAoICACdB6UszDSruXjhP4DSeuq24\nbPXGSIvOWexpDoRJCs4sB8j3dLouQjrd2oRp+CwDHD2q+uQChcZ7Y2/AHbx8kF4w\n9SsJENIjaw+g5UM6Ni+VhFRgflFsELhwbt1YBG3k9F9Nliy2ru1xVaD17TM0Qf4T\nua2JHRqPJNMZw+eI9iAewj7fg+irGpbM9+tjV0FfNxseubEzB3YveyQTSPiQ1Myq\nE1L5LPqgnAlGU28TuZY//INEXRqb1VGE8qlRjmvoGTczofwii+tidvwkUiujbOzw\nRjU4adKS7qzy8gLrhBpPXkSobFjaW7sf94p2JA2b1pfLvna2A89r51NMFvycGM5C\nN/eL01yhBhMUVpE47iMjXLkMsUW3x3b0rkHIw8rkcBbQQJwePGLyZeoPZkdJMjOg\nGBv/nzM3LRAbzNFcry815GL2Dzzt5Deyd12TS3+obn+QPXL2j2bDCw6WZwSe2tOb\nKhAw+f9olpow8t0n+0Dx0UHLbr/2BXMxzeyUon9tthCti9OTqLxu4ME/fZmHbXDG\nZwmXe4ZhMeTiQq4VdFJhi9b3gCCM5KSuiuqp1TmsUKX3bRHmshyP97tYqMxoHX9V\nDIbSyxCOFHbBRCiaP++HFSe9++XjrYv/dyMA5EXxOVhZ7p+aLl1X991Jz5vzIRxC\nJ9oxsfJnkznwIjPV0XYxAoIBAQDk4IzIsXer9Bee8nuA0d+iidJGGsKwvbSO12+/\ngDZ+sVfpLkxHYSd7veORa1/eaW38ilYM1fmaIGXvfjjjHvh+NAk2cxI1KAsyvs47\n4G75YQxTHcSy8q+nwhE0xEEr/asJXTQ2gcD9s+yvEh6xT8CpOUjWAiCR9scyksPQ\nT0BL4VN4hkBOC+1nIHuMuUyFclHcGQad8OccyGGCbPXWWl5xJIAv/hH8qL0VfWw0\nlQtvylNWzMGsQNoEBC0S+hwj2xaGWb7GFd/XgH2N6JbSbFW85urAkwp4+7SyRR++\n14PJFvepmnkfUoWdg5QnDfM6kbEknVi19iTqlgEVqG8Nm54LAoIBAQDmWG6H5E3h\nDxOrzdS7WUb8yd3tIUOsURZ1F9U0333qBLFaYQbIgw0uvW2hn2eZUxSMyvQAdjLg\nEwf1q/wPCTe+sDeHQ+i7+F6LwFjPtlT1H5uKDapN60q1nHWLDtXyEN9P5M1dlMFs\nO5vdWhnqqPSg5mqKXFwB4dSEnDzMxXzKiDy/MT9CckRwplEbW+BlqooOEKxj5dNP\nWrxEId0ckFfzcTauAoPXW24y5vzaeUvKQDJGeXfqbUUsJgSsHsBKlfVMkt3YogXp\n++o7kQ4ZLoeb3LmOJhWo4oH0uL0mqbfXkvkS26yUOrw07/OzLKm5B/MgMIdKOjXX\nQZFyni6vcxMZAoIBAGq2N22rMLy/hfPZ4rNhJv/FeoCtIXD+Qh0HXVbQFJhlXzOd\nHnt5VMtg8aVvhrdQOLOyXASID2RJDr3m/+cFHZ7Z7CGy7R5TmUUDqWxJa/RhxzlJ\ne9hjRnrVBOixSCGWmBQ5nIp9XNns9cF6lUzeflloGAmP3Fex05ZEz39kM/otCJn9\nHiZFcV7PyksGaiMd9gTEtk0VcOv+kVgaLVTPtZDTD+FQeFpw4hgO7lBl3Xs1vj2O\nIg6J/hw5Rjq+2jftgkcJuOTqdf8oLWHou8lIMYFtuK4o4I0f7lPf3rlACnXLe5Vc\nLHTqKNoT6xN6cZkxLIKBykasiPHHFqJeccjKcZkCggEBAKpYZ5VTf0ya6784PsQ2\nJ8s2NkrxOKysYuFBOMkbJnDz+3yNGIkccZlJOVQ3IFRBHodoZ74Xq1QOfuptv8AW\n3wTEKKx9yhWIfdL38jXZ70Y/k7UqmfF5ugxIopyt4gZb9+mLmVxFcC1sf73YriXd\nwNtkyxF7cAdsTM+tA0GkIr9ctR/neZLYEkkEliKXdYF59xKjvfk6s2SSA3yXVn+T\nN5eu9/MDpSCUWxCFxiSDY0s04nk/xzC0kl0t2HK5YxdFgtyYGDvmxlzdkcFvam+w\n+1SGjSrUe1wj9ltWa3u2M2DXLh+GGUCdlyXG9gBhXTqa6G+7s7FvDvYbZUbQOFJD\n1bECggEBAL8nKeo0i6e6XZrNTUHW/+PcdynrTEa1p+3l6vLmsdEQSM/G3CQ8XY8C\nco6apU9bH91YN4pLYX2x3zCSnkHNypQwfn6JqYrdE0EiMOwdAmd3R1Rdihakhrvc\nEPVuFo3Kbd4pxe3CnjNdnuGwHB2sWeb+qP3Px9cGYjrM4X3p6pmTVAweEThpjh/L\nEmpJgesjXvLRuIcNuX8XgIJkCV88p8w5L9ucQ5ATrA8lh4tSpQ2FyQOLzdbDqMsW\nf3iuIQ+w6XHXlqbGgJBk+KZ8A7bQNu5t0cf/3meMvabdP+Ybfx3J1o2vanlGa6GB\np1u2uvyDmB34Mf5K/ZGAmfNROX4KRjE=\n-----END PRIVATE KEY-----\n",
            "public_key_fingerprint_md5": "e4:c1:4d:2f:b6:67:c4:f4:bc:b9:d1:93:c9:92:22:41",
            "public_key_fingerprint_sha256": "SHA256:rRTw9SNCleEUURHx5lLbylG9U1PkaGNnBjf77iNiLFo",
            "public_key_openssh": "ssh-rsa AAAAB3NzaC1yc2EAAAADAQABAAACAQDN8M5+r3Sd21gGWrS0OJ/CwMw43mvJeFdEr+B4exgaNIoNDtmcrXLBPH+q2O9Mj9r3pN2Ie1A0J3cEb/7yYRsqq4AiD8aGjUr1ci0f73jLBgCSU3SdgV2YS7jj16CMhJXWxTMCakLtgGarGD6lJnIvc9VSVJoW1SPDO//H3wBz1f/+EaOBV6r1Wxlv7gWMHB/ExrO1bQH4uW8dvep7G9W8el/2a5RK8wrg6/6NqSu1MobxCeetEdi5ngNysfvPCTlCY6dj3ahLihmA+sf0ebsdeIiq896zetS9dNdx0gnAGMP7Ix9bjMSVqd4TLGpi+LrK9Fh909TAXjwwBSDxstuu0wjSaNhWWfuHJKu7IPaXdWtDDPFHxfpWTIUSUhKb2C8v2znXdE9cAVJdNrzNe0AaPaxWxYpcrlZACE5l6QyqjZQrUO36qF1I6QnMd0sr3OyQUFo9hEQSt7uhzra7Bq9ob2HBNy72scdtU58ahkzIfdP0zKL/aTD40ESBfvXMPCrzCkGswhF4BK1fQfM4s5nHe0JZsgwgTN9vQL1Yws+pDN2G51Ps1d1O+5T6ukKQOX6SKBrUqcyJVeqIo2qFXIJz3s5yG1Mgprl3dRwoz9Rb8YWMj40BOPNK5ex5qCi00wmq9+ghvhVvCHiY6krL5GWPbzQNe4ertY9kNV7GZN5AEw==\n",
            "public_key_pem": "-----BEGIN PUBLIC KEY-----\nMIICIjANBgkqhkiG9w0BAQEFAAOCAg8AMIICCgKCAgEAzfDOfq90ndtYBlq0tDif\nwsDMON5ryXhXRK/geHsYGjSKDQ7ZnK1ywTx/qtjvTI/a96TdiHtQNCd3BG/+8mEb\nKquAIg/Gho1K9XItH+94ywYAklN0nYFdmEu449egjISV1sUzAmpC7YBmqxg+pSZy\nL3PVUlSaFtUjwzv/x98Ac9X//hGjgVeq9VsZb+4FjBwfxMaztW0B+LlvHb3qexvV\nvHpf9muUSvMK4Ov+jakrtTKG8QnnrRHYuZ4DcrH7zwk5QmOnY92oS4oZgPrH9Hm7\nHXiIqvPes3rUvXTXcdIJwBjD+yMfW4zElaneEyxqYvi6yvRYfdPUwF48MAUg8bLb\nrtMI0mjYVln7hySruyD2l3VrQwzxR8X6VkyFElISm9gvL9s513RPXAFSXTa8zXtA\nGj2sVsWKXK5WQAhOZekMqo2UK1Dt+qhdSOkJzHdLK9zskFBaPYREEre7oc62uwav\naG9hwTcu9rHHbVOfGoZMyH3T9Myi/2kw+NBEgX71zDwq8wpBrMIReAStX0HzOLOZ\nx3tCWbIMIEzfb0C9WMLPqQzdhudT7NXdTvuU+rpCkDl+kiga1KnMiVXqiKNqhVyC\nc97OchtTIKa5d3UcKM/UW/GFjI+NATjzSuXseagotNMJqvfoIb4Vbwh4mOpKy+Rl\nj280DXuHq7WPZDVexmTeQBMCAwEAAQ==\n-----END PUBLIC KEY-----\n",
            "rsa_bits": 4096
          },
          "sensitive_attributes": []
        }
      ]
    }
  ],
  "check_results": null
}
